// !$*UTF8*$!
{
	archiveVersion = 1;
	classes = {
	};
	objectVersion = 50;
	objects = {

/* Begin PBXBuildFile section */
		108A0D6C236FB42100D687D1 /* AppDelegate.swift in Sources */ = {isa = PBXBuildFile; fileRef = 108A0D6B236FB42100D687D1 /* AppDelegate.swift */; };
		108A0D6E236FB42100D687D1 /* SceneDelegate.swift in Sources */ = {isa = PBXBuildFile; fileRef = 108A0D6D236FB42100D687D1 /* SceneDelegate.swift */; };
		108A0D70236FB42100D687D1 /* ContentView.swift in Sources */ = {isa = PBXBuildFile; fileRef = 108A0D6F236FB42100D687D1 /* ContentView.swift */; };
		108A0D72236FB42300D687D1 /* Assets.xcassets in Resources */ = {isa = PBXBuildFile; fileRef = 108A0D71236FB42300D687D1 /* Assets.xcassets */; };
		108A0D75236FB42300D687D1 /* Preview Assets.xcassets in Resources */ = {isa = PBXBuildFile; fileRef = 108A0D74236FB42300D687D1 /* Preview Assets.xcassets */; };
		108A0D78236FB42300D687D1 /* LaunchScreen.storyboard in Resources */ = {isa = PBXBuildFile; fileRef = 108A0D76236FB42300D687D1 /* LaunchScreen.storyboard */; };
		108A0D83236FB42300D687D1 /* FOAM_Demo_AppTests.swift in Sources */ = {isa = PBXBuildFile; fileRef = 108A0D82236FB42300D687D1 /* FOAM_Demo_AppTests.swift */; };
		108A0D8E236FB42400D687D1 /* FOAM_Demo_AppUITests.swift in Sources */ = {isa = PBXBuildFile; fileRef = 108A0D8D236FB42400D687D1 /* FOAM_Demo_AppUITests.swift */; };
		108A0FCF23705DF000D687D1 /* foam_core_AnonymousAxiom.swift in Sources */ = {isa = PBXBuildFile; fileRef = 108A0F6F23705DF000D687D1 /* foam_core_AnonymousAxiom.swift */; };
		108A0FD023705DF000D687D1 /* foam_core_internal_SubSlot.swift in Sources */ = {isa = PBXBuildFile; fileRef = 108A0F7023705DF000D687D1 /* foam_core_internal_SubSlot.swift */; };
		108A0FD123705DF000D687D1 /* foam_u2_view_TableCellFormatter.swift in Sources */ = {isa = PBXBuildFile; fileRef = 108A0F7123705DF000D687D1 /* foam_u2_view_TableCellFormatter.swift */; };
		108A0FD223705DF000D687D1 /* foam_layout_SectionAxiom.swift in Sources */ = {isa = PBXBuildFile; fileRef = 108A0F7223705DF000D687D1 /* foam_layout_SectionAxiom.swift */; };
		108A0FD323705DF000D687D1 /* foam_cross_platform_ListenerList.swift in Sources */ = {isa = PBXBuildFile; fileRef = 108A0F7323705DF000D687D1 /* foam_cross_platform_ListenerList.swift */; };
		108A0FD423705DF000D687D1 /* foam_core_AbstractEnum.swift in Sources */ = {isa = PBXBuildFile; fileRef = 108A0F7423705DF000D687D1 /* foam_core_AbstractEnum.swift */; };
		108A0FD523705DF000D687D1 /* foam_core_BooleanProperty.swift in Sources */ = {isa = PBXBuildFile; fileRef = 108A0F7523705DF000D687D1 /* foam_core_BooleanProperty.swift */; };
		108A0FD623705DF000D687D1 /* foam_swift_SwiftClass.swift in Sources */ = {isa = PBXBuildFile; fileRef = 108A0F7623705DF000D687D1 /* foam_swift_SwiftClass.swift */; };
		108A0FD723705DF000D687D1 /* foam_core_MapProperty.swift in Sources */ = {isa = PBXBuildFile; fileRef = 108A0F7723705DF000D687D1 /* foam_core_MapProperty.swift */; };
		108A0FD823705DF000D687D1 /* foam_mlang_order_Comparator.swift in Sources */ = {isa = PBXBuildFile; fileRef = 108A0F7823705DF000D687D1 /* foam_mlang_order_Comparator.swift */; };
		108A0FD923705DF000D687D1 /* foam_core_StringProperty.swift in Sources */ = {isa = PBXBuildFile; fileRef = 108A0F7923705DF000D687D1 /* foam_core_StringProperty.swift */; };
		108A0FDA23705DF000D687D1 /* foam_cross_platform_GenericFunction.swift in Sources */ = {isa = PBXBuildFile; fileRef = 108A0F7A23705DF000D687D1 /* foam_cross_platform_GenericFunction.swift */; };
		108A0FDB23705DF000D687D1 /* foam_parse_Grammar.swift in Sources */ = {isa = PBXBuildFile; fileRef = 108A0F7B23705DF000D687D1 /* foam_parse_Grammar.swift */; };
		108A0FDC23705DF000D687D1 /* foam_u2_view_Formatter.swift in Sources */ = {isa = PBXBuildFile; fileRef = 108A0F7C23705DF000D687D1 /* foam_u2_view_Formatter.swift */; };
		108A0FDD23705DF000D687D1 /* foam_swift_Argument.swift in Sources */ = {isa = PBXBuildFile; fileRef = 108A0F7D23705DF000D687D1 /* foam_swift_Argument.swift */; };
		108A0FDE23705DF000D687D1 /* foam_core_StringArrayProperty.swift in Sources */ = {isa = PBXBuildFile; fileRef = 108A0F7E23705DF000D687D1 /* foam_core_StringArrayProperty.swift */; };
		108A0FDF23705DF000D687D1 /* foam_swift_Outputter.swift in Sources */ = {isa = PBXBuildFile; fileRef = 108A0F7F23705DF000D687D1 /* foam_swift_Outputter.swift */; };
		108A0FE023705DF000D687D1 /* foam_core_PromiseProperty.swift in Sources */ = {isa = PBXBuildFile; fileRef = 108A0F8023705DF000D687D1 /* foam_core_PromiseProperty.swift */; };
		108A0FE123705DF000D687D1 /* foam_core_Static.swift in Sources */ = {isa = PBXBuildFile; fileRef = 108A0F8123705DF000D687D1 /* foam_core_Static.swift */; };
		108A0FE223705DF000D687D1 /* foam_dao_SQLStatement.swift in Sources */ = {isa = PBXBuildFile; fileRef = 108A0F8223705DF000D687D1 /* foam_dao_SQLStatement.swift */; };
		108A0FE323705DF000D687D1 /* foam_u2_view_FnFormatter.swift in Sources */ = {isa = PBXBuildFile; fileRef = 108A0F8323705DF000D687D1 /* foam_u2_view_FnFormatter.swift */; };
		108A0FE423705DF000D687D1 /* foam_core_AxiomArray.swift in Sources */ = {isa = PBXBuildFile; fileRef = 108A0F8423705DF000D687D1 /* foam_core_AxiomArray.swift */; };
		108A0FE523705DF000D687D1 /* foam_core_DateProperty.swift in Sources */ = {isa = PBXBuildFile; fileRef = 108A0F8523705DF000D687D1 /* foam_core_DateProperty.swift */; };
		108A0FE623705DF000D687D1 /* foam_core_ValidationPredicate.swift in Sources */ = {isa = PBXBuildFile; fileRef = 108A0F8623705DF000D687D1 /* foam_core_ValidationPredicate.swift */; };
		108A0FE723705DF000D687D1 /* foam_templates_TemplateOutput.swift in Sources */ = {isa = PBXBuildFile; fileRef = 108A0F8723705DF000D687D1 /* foam_templates_TemplateOutput.swift */; };
		108A0FE823705DF000D687D1 /* foam_core_internal_EnumValueAxiom.swift in Sources */ = {isa = PBXBuildFile; fileRef = 108A0F8823705DF000D687D1 /* foam_core_internal_EnumValueAxiom.swift */; };
		108A0FE923705DF000D687D1 /* foam_core_InnerClass.swift in Sources */ = {isa = PBXBuildFile; fileRef = 108A0F8923705DF000D687D1 /* foam_core_InnerClass.swift */; };
		108A0FEA23705DF000D687D1 /* foam_core_Listener.swift in Sources */ = {isa = PBXBuildFile; fileRef = 108A0F8A23705DF000D687D1 /* foam_core_Listener.swift */; };
		108A0FEB23705DF000D687D1 /* foam_lib_csv_CSVOutputter.swift in Sources */ = {isa = PBXBuildFile; fileRef = 108A0F8B23705DF000D687D1 /* foam_lib_csv_CSVOutputter.swift */; };
		108A0FEC23705DF000D687D1 /* foam_core_ProxySub.swift in Sources */ = {isa = PBXBuildFile; fileRef = 108A0F8C23705DF000D687D1 /* foam_core_ProxySub.swift */; };
		108A0FED23705DF000D687D1 /* foam_core_internal_PropertySlot.swift in Sources */ = {isa = PBXBuildFile; fileRef = 108A0F8D23705DF000D687D1 /* foam_core_internal_PropertySlot.swift */; };
		108A0FEE23705DF000D687D1 /* foam_lib_csv_ProxyCSVOutputter.swift in Sources */ = {isa = PBXBuildFile; fileRef = 108A0F8E23705DF000D687D1 /* foam_lib_csv_ProxyCSVOutputter.swift */; };
		108A0FEF23705DF000D687D1 /* foam_core_AbstractMethod.swift in Sources */ = {isa = PBXBuildFile; fileRef = 108A0F8F23705DF000D687D1 /* foam_core_AbstractMethod.swift */; };
		108A0FF023705DF000D687D1 /* foam_parse_StringPStream.swift in Sources */ = {isa = PBXBuildFile; fileRef = 108A0F9023705DF000D687D1 /* foam_parse_StringPStream.swift */; };
		108A0FF123705DF000D687D1 /* foam_swift_ProtocolArgument.swift in Sources */ = {isa = PBXBuildFile; fileRef = 108A0F9123705DF000D687D1 /* foam_swift_ProtocolArgument.swift */; };
		108A0FF223705DF000D687D1 /* foam_core_Topic.swift in Sources */ = {isa = PBXBuildFile; fileRef = 108A0F9223705DF000D687D1 /* foam_core_Topic.swift */; };
		108A0FF323705DF000D687D1 /* foam_core_internal_Errors.swift in Sources */ = {isa = PBXBuildFile; fileRef = 108A0F9323705DF000D687D1 /* foam_core_internal_Errors.swift */; };
		108A0FF423705DF000D687D1 /* foam_pattern_Singleton.swift in Sources */ = {isa = PBXBuildFile; fileRef = 108A0F9423705DF000D687D1 /* foam_pattern_Singleton.swift */; };
		108A0FF523705DF000D687D1 /* foam_core_Slot.swift in Sources */ = {isa = PBXBuildFile; fileRef = 108A0F9523705DF000D687D1 /* foam_core_Slot.swift */; };
		108A0FF623705DF000D687D1 /* foam_cross_platform_Context.swift in Sources */ = {isa = PBXBuildFile; fileRef = 108A0F9623705DF000D687D1 /* foam_cross_platform_Context.swift */; };
		108A0FF723705DF000D687D1 /* foam_core_Requires.swift in Sources */ = {isa = PBXBuildFile; fileRef = 108A0F9723705DF000D687D1 /* foam_core_Requires.swift */; };
		108A0FF823705DF000D687D1 /* foam_core_PromiseSlot.swift in Sources */ = {isa = PBXBuildFile; fileRef = 108A0F9823705DF000D687D1 /* foam_core_PromiseSlot.swift */; };
		108A0FF923705DF000D687D1 /* foam_core_SlotInterface.swift in Sources */ = {isa = PBXBuildFile; fileRef = 108A0F9923705DF000D687D1 /* foam_core_SlotInterface.swift */; };
		108A0FFA23705DF000D687D1 /* foam_templates_TemplateAxiom.swift in Sources */ = {isa = PBXBuildFile; fileRef = 108A0F9A23705DF000D687D1 /* foam_templates_TemplateAxiom.swift */; };
		108A0FFB23705DF000D687D1 /* foam_templates_TemplateUtil.swift in Sources */ = {isa = PBXBuildFile; fileRef = 108A0F9B23705DF000D687D1 /* foam_templates_TemplateUtil.swift */; };
		108A0FFC23705DF000D687D1 /* foam_core_ClassProperty.swift in Sources */ = {isa = PBXBuildFile; fileRef = 108A0F9C23705DF000D687D1 /* foam_core_ClassProperty.swift */; };
		108A0FFD23705DF000D687D1 /* foam_cross_platform_Promise.swift in Sources */ = {isa = PBXBuildFile; fileRef = 108A0F9D23705DF000D687D1 /* foam_cross_platform_Promise.swift */; };
		108A0FFE23705DF000D687D1 /* foam_u2_ViewSpec.swift in Sources */ = {isa = PBXBuildFile; fileRef = 108A0F9E23705DF000D687D1 /* foam_u2_ViewSpec.swift */; };
		108A0FFF23705DF000D687D1 /* foam_cross_platform_NullFunction.swift in Sources */ = {isa = PBXBuildFile; fileRef = 108A0F9F23705DF000D687D1 /* foam_cross_platform_NullFunction.swift */; };
		108A100023705DF000D687D1 /* foam_swift_SwiftTypeProperty.swift in Sources */ = {isa = PBXBuildFile; fileRef = 108A0FA023705DF000D687D1 /* foam_swift_SwiftTypeProperty.swift */; };
		108A100123705DF000D687D1 /* foam_core_Method.swift in Sources */ = {isa = PBXBuildFile; fileRef = 108A0FA123705DF000D687D1 /* foam_core_Method.swift */; };
		108A100223705DF000D687D1 /* foam_core_Enum.swift in Sources */ = {isa = PBXBuildFile; fileRef = 108A0FA223705DF000D687D1 /* foam_core_Enum.swift */; };
		108A100323705DF100D687D1 /* foam_core_LongProperty.swift in Sources */ = {isa = PBXBuildFile; fileRef = 108A0FA323705DF000D687D1 /* foam_core_LongProperty.swift */; };
		108A100423705DF100D687D1 /* foam_parse_ParserProperty.swift in Sources */ = {isa = PBXBuildFile; fileRef = 108A0FA423705DF000D687D1 /* foam_parse_ParserProperty.swift */; };
		108A100523705DF100D687D1 /* foam_core_Model.swift in Sources */ = {isa = PBXBuildFile; fileRef = 108A0FA523705DF000D687D1 /* foam_core_Model.swift */; };
		108A100623705DF100D687D1 /* foam_cross_platform_FoamClass.swift in Sources */ = {isa = PBXBuildFile; fileRef = 108A0FA623705DF000D687D1 /* foam_cross_platform_FoamClass.swift */; };
		108A100723705DF100D687D1 /* foam_cross_platform_AbstractFObject.swift in Sources */ = {isa = PBXBuildFile; fileRef = 108A0FA723705DF000D687D1 /* foam_cross_platform_AbstractFObject.swift */; };
		108A100823705DF100D687D1 /* foam_core_Proxy.swift in Sources */ = {isa = PBXBuildFile; fileRef = 108A0FA823705DF000D687D1 /* foam_core_Proxy.swift */; };
		108A100923705DF100D687D1 /* demo_Tests.swift in Sources */ = {isa = PBXBuildFile; fileRef = 108A0FA923705DF000D687D1 /* demo_Tests.swift */; };
		108A100A23705DF100D687D1 /* foam_core_IntProperty.swift in Sources */ = {isa = PBXBuildFile; fileRef = 108A0FAA23705DF000D687D1 /* foam_core_IntProperty.swift */; };
		108A100B23705DF100D687D1 /* foam_core_Property.swift in Sources */ = {isa = PBXBuildFile; fileRef = 108A0FAB23705DF000D687D1 /* foam_core_Property.swift */; };
		108A100C23705DF100D687D1 /* foam_core_ArrayProperty.swift in Sources */ = {isa = PBXBuildFile; fileRef = 108A0FAC23705DF000D687D1 /* foam_core_ArrayProperty.swift */; };
		108A100D23705DF100D687D1 /* foam_core_EventProxy.swift in Sources */ = {isa = PBXBuildFile; fileRef = 108A0FAD23705DF000D687D1 /* foam_core_EventProxy.swift */; };
		108A100E23705DF100D687D1 /* foam_cross_platform_FObject.swift in Sources */ = {isa = PBXBuildFile; fileRef = 108A0FAE23705DF000D687D1 /* foam_cross_platform_FObject.swift */; };
		108A100F23705DF100D687D1 /* foam_core_Simple.swift in Sources */ = {isa = PBXBuildFile; fileRef = 108A0FAF23705DF000D687D1 /* foam_core_Simple.swift */; };
		108A101023705DF100D687D1 /* foam_parse_ParserWithAction.swift in Sources */ = {isa = PBXBuildFile; fileRef = 108A0FB023705DF000D687D1 /* foam_parse_ParserWithAction.swift */; };
		108A101123705DF100D687D1 /* foam_core_ProxiedMethod.swift in Sources */ = {isa = PBXBuildFile; fileRef = 108A0FB123705DF000D687D1 /* foam_core_ProxiedMethod.swift */; };
		108A101223705DF100D687D1 /* foam_cross_platform_Lib.swift in Sources */ = {isa = PBXBuildFile; fileRef = 108A0FB223705DF000D687D1 /* foam_cross_platform_Lib.swift */; };
		108A101323705DF100D687D1 /* foam_core_FObjectProperty.swift in Sources */ = {isa = PBXBuildFile; fileRef = 108A0FB323705DF000D687D1 /* foam_core_FObjectProperty.swift */; };
		108A101423705DF100D687D1 /* foam_core_Argument.swift in Sources */ = {isa = PBXBuildFile; fileRef = 108A0FB423705DF000D687D1 /* foam_core_Argument.swift */; };
		108A101523705DF100D687D1 /* foam_cross_platform_Listener.swift in Sources */ = {isa = PBXBuildFile; fileRef = 108A0FB523705DF000D687D1 /* foam_cross_platform_Listener.swift */; };
		108A101623705DF100D687D1 /* foam_mlang_predicate_Predicate.swift in Sources */ = {isa = PBXBuildFile; fileRef = 108A0FB623705DF000D687D1 /* foam_mlang_predicate_Predicate.swift */; };
		108A101723705DF100D687D1 /* foam_core_Constant.swift in Sources */ = {isa = PBXBuildFile; fileRef = 108A0FB723705DF000D687D1 /* foam_core_Constant.swift */; };
		108A101823705DF100D687D1 /* foam_cross_platform_AsyncFunction.swift in Sources */ = {isa = PBXBuildFile; fileRef = 108A0FB823705DF000D687D1 /* foam_cross_platform_AsyncFunction.swift */; };
		108A101923705DF100D687D1 /* foam_swift_ProtocolField.swift in Sources */ = {isa = PBXBuildFile; fileRef = 108A0FB923705DF000D687D1 /* foam_swift_ProtocolField.swift */; };
		108A101A23705DF100D687D1 /* foam_java_JavaImplements.swift in Sources */ = {isa = PBXBuildFile; fileRef = 108A0FBA23705DF000D687D1 /* foam_java_JavaImplements.swift */; };
		108A101B23705DF100D687D1 /* foam_lib_csv_PrefixedCSVOutputter.swift in Sources */ = {isa = PBXBuildFile; fileRef = 108A0FBB23705DF000D687D1 /* foam_lib_csv_PrefixedCSVOutputter.swift */; };
		108A101C23705DF100D687D1 /* foam_u2_TableColumns.swift in Sources */ = {isa = PBXBuildFile; fileRef = 108A0FBC23705DF000D687D1 /* foam_u2_TableColumns.swift */; };
		108A101D23705DF100D687D1 /* foam_core_ExpressionSlot.swift in Sources */ = {isa = PBXBuildFile; fileRef = 108A0FBD23705DF000D687D1 /* foam_core_ExpressionSlot.swift */; };
		108A101E23705DF100D687D1 /* foam_core_SimpleSlot.swift in Sources */ = {isa = PBXBuildFile; fileRef = 108A0FBE23705DF000D687D1 /* foam_core_SimpleSlot.swift */; };
		108A101F23705DF100D687D1 /* foam_core_Implements.swift in Sources */ = {isa = PBXBuildFile; fileRef = 108A0FBF23705DF000D687D1 /* foam_core_Implements.swift */; };
		108A102023705DF100D687D1 /* foam_core_FObjectArray.swift in Sources */ = {isa = PBXBuildFile; fileRef = 108A0FC023705DF000D687D1 /* foam_core_FObjectArray.swift */; };
		108A102123705DF100D687D1 /* foam_core_FunctionProperty.swift in Sources */ = {isa = PBXBuildFile; fileRef = 108A0FC123705DF000D687D1 /* foam_core_FunctionProperty.swift */; };
		108A102223705DF100D687D1 /* foam_u2_Visibility.swift in Sources */ = {isa = PBXBuildFile; fileRef = 108A0FC223705DF000D687D1 /* foam_u2_Visibility.swift */; };
		108A102323705DF100D687D1 /* foam_parse_PSymbol.swift in Sources */ = {isa = PBXBuildFile; fileRef = 108A0FC323705DF000D687D1 /* foam_parse_PSymbol.swift */; };
		108A102423705DF100D687D1 /* foam_pattern_Faceted.swift in Sources */ = {isa = PBXBuildFile; fileRef = 108A0FC423705DF000D687D1 /* foam_pattern_Faceted.swift */; };
		108A102523705DF100D687D1 /* foam_swift_Field.swift in Sources */ = {isa = PBXBuildFile; fileRef = 108A0FC523705DF000D687D1 /* foam_swift_Field.swift */; };
		108A102623705DF100D687D1 /* foam_parse_ParserDecorator.swift in Sources */ = {isa = PBXBuildFile; fileRef = 108A0FC623705DF000D687D1 /* foam_parse_ParserDecorator.swift */; };
		108A102723705DF100D687D1 /* foam_core_internal_InterfaceMethod.swift in Sources */ = {isa = PBXBuildFile; fileRef = 108A0FC723705DF000D687D1 /* foam_core_internal_InterfaceMethod.swift */; };
		108A102823705DF100D687D1 /* foam_cross_platform_ProxyFunction.swift in Sources */ = {isa = PBXBuildFile; fileRef = 108A0FC823705DF000D687D1 /* foam_cross_platform_ProxyFunction.swift */; };
		108A102923705DF100D687D1 /* foam_swift_ProtocolMethod.swift in Sources */ = {isa = PBXBuildFile; fileRef = 108A0FC923705DF000D687D1 /* foam_swift_ProtocolMethod.swift */; };
		108A102A23705DF100D687D1 /* foam_parse_ImperativeGrammar.swift in Sources */ = {isa = PBXBuildFile; fileRef = 108A0FCA23705DF000D687D1 /* foam_parse_ImperativeGrammar.swift */; };
		108A102B23705DF100D687D1 /* foam_core_AbstractInterface.swift in Sources */ = {isa = PBXBuildFile; fileRef = 108A0FCB23705DF000D687D1 /* foam_core_AbstractInterface.swift */; };
		108A102C23705DF100D687D1 /* foam_core_Detachable.swift in Sources */ = {isa = PBXBuildFile; fileRef = 108A0FCC23705DF000D687D1 /* foam_core_Detachable.swift */; };
		108A102D23705DF100D687D1 /* foam_swift_Method.swift in Sources */ = {isa = PBXBuildFile; fileRef = 108A0FCD23705DF000D687D1 /* foam_swift_Method.swift */; };
		108A102E23705DF100D687D1 /* foam_pattern_Multiton.swift in Sources */ = {isa = PBXBuildFile; fileRef = 108A0FCE23705DF000D687D1 /* foam_pattern_Multiton.swift */; };
/* End PBXBuildFile section */

/* Begin PBXContainerItemProxy section */
		108A0D7F236FB42300D687D1 /* PBXContainerItemProxy */ = {
			isa = PBXContainerItemProxy;
			containerPortal = 108A0D60236FB42100D687D1 /* Project object */;
			proxyType = 1;
			remoteGlobalIDString = 108A0D67236FB42100D687D1;
			remoteInfo = "FOAM Demo App";
		};
		108A0D8A236FB42400D687D1 /* PBXContainerItemProxy */ = {
			isa = PBXContainerItemProxy;
			containerPortal = 108A0D60236FB42100D687D1 /* Project object */;
			proxyType = 1;
			remoteGlobalIDString = 108A0D67236FB42100D687D1;
			remoteInfo = "FOAM Demo App";
		};
/* End PBXContainerItemProxy section */

/* Begin PBXFileReference section */
		108A0D68236FB42100D687D1 /* FOAM Demo App.app */ = {isa = PBXFileReference; explicitFileType = wrapper.application; includeInIndex = 0; path = "FOAM Demo App.app"; sourceTree = BUILT_PRODUCTS_DIR; };
		108A0D6B236FB42100D687D1 /* AppDelegate.swift */ = {isa = PBXFileReference; lastKnownFileType = sourcecode.swift; path = AppDelegate.swift; sourceTree = "<group>"; };
		108A0D6D236FB42100D687D1 /* SceneDelegate.swift */ = {isa = PBXFileReference; lastKnownFileType = sourcecode.swift; path = SceneDelegate.swift; sourceTree = "<group>"; };
		108A0D6F236FB42100D687D1 /* ContentView.swift */ = {isa = PBXFileReference; lastKnownFileType = sourcecode.swift; path = ContentView.swift; sourceTree = "<group>"; };
		108A0D71236FB42300D687D1 /* Assets.xcassets */ = {isa = PBXFileReference; lastKnownFileType = folder.assetcatalog; path = Assets.xcassets; sourceTree = "<group>"; };
		108A0D74236FB42300D687D1 /* Preview Assets.xcassets */ = {isa = PBXFileReference; lastKnownFileType = folder.assetcatalog; path = "Preview Assets.xcassets"; sourceTree = "<group>"; };
		108A0D77236FB42300D687D1 /* Base */ = {isa = PBXFileReference; lastKnownFileType = file.storyboard; name = Base; path = Base.lproj/LaunchScreen.storyboard; sourceTree = "<group>"; };
		108A0D79236FB42300D687D1 /* Info.plist */ = {isa = PBXFileReference; lastKnownFileType = text.plist.xml; path = Info.plist; sourceTree = "<group>"; };
		108A0D7E236FB42300D687D1 /* FOAM Demo AppTests.xctest */ = {isa = PBXFileReference; explicitFileType = wrapper.cfbundle; includeInIndex = 0; path = "FOAM Demo AppTests.xctest"; sourceTree = BUILT_PRODUCTS_DIR; };
		108A0D82236FB42300D687D1 /* FOAM_Demo_AppTests.swift */ = {isa = PBXFileReference; lastKnownFileType = sourcecode.swift; path = FOAM_Demo_AppTests.swift; sourceTree = "<group>"; };
		108A0D84236FB42400D687D1 /* Info.plist */ = {isa = PBXFileReference; lastKnownFileType = text.plist.xml; path = Info.plist; sourceTree = "<group>"; };
		108A0D89236FB42400D687D1 /* FOAM Demo AppUITests.xctest */ = {isa = PBXFileReference; explicitFileType = wrapper.cfbundle; includeInIndex = 0; path = "FOAM Demo AppUITests.xctest"; sourceTree = BUILT_PRODUCTS_DIR; };
		108A0D8D236FB42400D687D1 /* FOAM_Demo_AppUITests.swift */ = {isa = PBXFileReference; lastKnownFileType = sourcecode.swift; path = FOAM_Demo_AppUITests.swift; sourceTree = "<group>"; };
		108A0D8F236FB42400D687D1 /* Info.plist */ = {isa = PBXFileReference; lastKnownFileType = text.plist.xml; path = Info.plist; sourceTree = "<group>"; };
		108A0F6F23705DF000D687D1 /* foam_core_AnonymousAxiom.swift */ = {isa = PBXFileReference; fileEncoding = 4; lastKnownFileType = sourcecode.swift; path = foam_core_AnonymousAxiom.swift; sourceTree = "<group>"; };
		108A0F7023705DF000D687D1 /* foam_core_internal_SubSlot.swift */ = {isa = PBXFileReference; fileEncoding = 4; lastKnownFileType = sourcecode.swift; path = foam_core_internal_SubSlot.swift; sourceTree = "<group>"; };
		108A0F7123705DF000D687D1 /* foam_u2_view_TableCellFormatter.swift */ = {isa = PBXFileReference; fileEncoding = 4; lastKnownFileType = sourcecode.swift; path = foam_u2_view_TableCellFormatter.swift; sourceTree = "<group>"; };
		108A0F7223705DF000D687D1 /* foam_layout_SectionAxiom.swift */ = {isa = PBXFileReference; fileEncoding = 4; lastKnownFileType = sourcecode.swift; path = foam_layout_SectionAxiom.swift; sourceTree = "<group>"; };
		108A0F7323705DF000D687D1 /* foam_cross_platform_ListenerList.swift */ = {isa = PBXFileReference; fileEncoding = 4; lastKnownFileType = sourcecode.swift; path = foam_cross_platform_ListenerList.swift; sourceTree = "<group>"; };
		108A0F7423705DF000D687D1 /* foam_core_AbstractEnum.swift */ = {isa = PBXFileReference; fileEncoding = 4; lastKnownFileType = sourcecode.swift; path = foam_core_AbstractEnum.swift; sourceTree = "<group>"; };
		108A0F7523705DF000D687D1 /* foam_core_BooleanProperty.swift */ = {isa = PBXFileReference; fileEncoding = 4; lastKnownFileType = sourcecode.swift; path = foam_core_BooleanProperty.swift; sourceTree = "<group>"; };
		108A0F7623705DF000D687D1 /* foam_swift_SwiftClass.swift */ = {isa = PBXFileReference; fileEncoding = 4; lastKnownFileType = sourcecode.swift; path = foam_swift_SwiftClass.swift; sourceTree = "<group>"; };
		108A0F7723705DF000D687D1 /* foam_core_MapProperty.swift */ = {isa = PBXFileReference; fileEncoding = 4; lastKnownFileType = sourcecode.swift; path = foam_core_MapProperty.swift; sourceTree = "<group>"; };
		108A0F7823705DF000D687D1 /* foam_mlang_order_Comparator.swift */ = {isa = PBXFileReference; fileEncoding = 4; lastKnownFileType = sourcecode.swift; path = foam_mlang_order_Comparator.swift; sourceTree = "<group>"; };
		108A0F7923705DF000D687D1 /* foam_core_StringProperty.swift */ = {isa = PBXFileReference; fileEncoding = 4; lastKnownFileType = sourcecode.swift; path = foam_core_StringProperty.swift; sourceTree = "<group>"; };
		108A0F7A23705DF000D687D1 /* foam_cross_platform_GenericFunction.swift */ = {isa = PBXFileReference; fileEncoding = 4; lastKnownFileType = sourcecode.swift; path = foam_cross_platform_GenericFunction.swift; sourceTree = "<group>"; };
		108A0F7B23705DF000D687D1 /* foam_parse_Grammar.swift */ = {isa = PBXFileReference; fileEncoding = 4; lastKnownFileType = sourcecode.swift; path = foam_parse_Grammar.swift; sourceTree = "<group>"; };
		108A0F7C23705DF000D687D1 /* foam_u2_view_Formatter.swift */ = {isa = PBXFileReference; fileEncoding = 4; lastKnownFileType = sourcecode.swift; path = foam_u2_view_Formatter.swift; sourceTree = "<group>"; };
		108A0F7D23705DF000D687D1 /* foam_swift_Argument.swift */ = {isa = PBXFileReference; fileEncoding = 4; lastKnownFileType = sourcecode.swift; path = foam_swift_Argument.swift; sourceTree = "<group>"; };
		108A0F7E23705DF000D687D1 /* foam_core_StringArrayProperty.swift */ = {isa = PBXFileReference; fileEncoding = 4; lastKnownFileType = sourcecode.swift; path = foam_core_StringArrayProperty.swift; sourceTree = "<group>"; };
		108A0F7F23705DF000D687D1 /* foam_swift_Outputter.swift */ = {isa = PBXFileReference; fileEncoding = 4; lastKnownFileType = sourcecode.swift; path = foam_swift_Outputter.swift; sourceTree = "<group>"; };
		108A0F8023705DF000D687D1 /* foam_core_PromiseProperty.swift */ = {isa = PBXFileReference; fileEncoding = 4; lastKnownFileType = sourcecode.swift; path = foam_core_PromiseProperty.swift; sourceTree = "<group>"; };
		108A0F8123705DF000D687D1 /* foam_core_Static.swift */ = {isa = PBXFileReference; fileEncoding = 4; lastKnownFileType = sourcecode.swift; path = foam_core_Static.swift; sourceTree = "<group>"; };
		108A0F8223705DF000D687D1 /* foam_dao_SQLStatement.swift */ = {isa = PBXFileReference; fileEncoding = 4; lastKnownFileType = sourcecode.swift; path = foam_dao_SQLStatement.swift; sourceTree = "<group>"; };
		108A0F8323705DF000D687D1 /* foam_u2_view_FnFormatter.swift */ = {isa = PBXFileReference; fileEncoding = 4; lastKnownFileType = sourcecode.swift; path = foam_u2_view_FnFormatter.swift; sourceTree = "<group>"; };
		108A0F8423705DF000D687D1 /* foam_core_AxiomArray.swift */ = {isa = PBXFileReference; fileEncoding = 4; lastKnownFileType = sourcecode.swift; path = foam_core_AxiomArray.swift; sourceTree = "<group>"; };
		108A0F8523705DF000D687D1 /* foam_core_DateProperty.swift */ = {isa = PBXFileReference; fileEncoding = 4; lastKnownFileType = sourcecode.swift; path = foam_core_DateProperty.swift; sourceTree = "<group>"; };
		108A0F8623705DF000D687D1 /* foam_core_ValidationPredicate.swift */ = {isa = PBXFileReference; fileEncoding = 4; lastKnownFileType = sourcecode.swift; path = foam_core_ValidationPredicate.swift; sourceTree = "<group>"; };
		108A0F8723705DF000D687D1 /* foam_templates_TemplateOutput.swift */ = {isa = PBXFileReference; fileEncoding = 4; lastKnownFileType = sourcecode.swift; path = foam_templates_TemplateOutput.swift; sourceTree = "<group>"; };
		108A0F8823705DF000D687D1 /* foam_core_internal_EnumValueAxiom.swift */ = {isa = PBXFileReference; fileEncoding = 4; lastKnownFileType = sourcecode.swift; path = foam_core_internal_EnumValueAxiom.swift; sourceTree = "<group>"; };
		108A0F8923705DF000D687D1 /* foam_core_InnerClass.swift */ = {isa = PBXFileReference; fileEncoding = 4; lastKnownFileType = sourcecode.swift; path = foam_core_InnerClass.swift; sourceTree = "<group>"; };
		108A0F8A23705DF000D687D1 /* foam_core_Listener.swift */ = {isa = PBXFileReference; fileEncoding = 4; lastKnownFileType = sourcecode.swift; path = foam_core_Listener.swift; sourceTree = "<group>"; };
		108A0F8B23705DF000D687D1 /* foam_lib_csv_CSVOutputter.swift */ = {isa = PBXFileReference; fileEncoding = 4; lastKnownFileType = sourcecode.swift; path = foam_lib_csv_CSVOutputter.swift; sourceTree = "<group>"; };
		108A0F8C23705DF000D687D1 /* foam_core_ProxySub.swift */ = {isa = PBXFileReference; fileEncoding = 4; lastKnownFileType = sourcecode.swift; path = foam_core_ProxySub.swift; sourceTree = "<group>"; };
		108A0F8D23705DF000D687D1 /* foam_core_internal_PropertySlot.swift */ = {isa = PBXFileReference; fileEncoding = 4; lastKnownFileType = sourcecode.swift; path = foam_core_internal_PropertySlot.swift; sourceTree = "<group>"; };
		108A0F8E23705DF000D687D1 /* foam_lib_csv_ProxyCSVOutputter.swift */ = {isa = PBXFileReference; fileEncoding = 4; lastKnownFileType = sourcecode.swift; path = foam_lib_csv_ProxyCSVOutputter.swift; sourceTree = "<group>"; };
		108A0F8F23705DF000D687D1 /* foam_core_AbstractMethod.swift */ = {isa = PBXFileReference; fileEncoding = 4; lastKnownFileType = sourcecode.swift; path = foam_core_AbstractMethod.swift; sourceTree = "<group>"; };
		108A0F9023705DF000D687D1 /* foam_parse_StringPStream.swift */ = {isa = PBXFileReference; fileEncoding = 4; lastKnownFileType = sourcecode.swift; path = foam_parse_StringPStream.swift; sourceTree = "<group>"; };
		108A0F9123705DF000D687D1 /* foam_swift_ProtocolArgument.swift */ = {isa = PBXFileReference; fileEncoding = 4; lastKnownFileType = sourcecode.swift; path = foam_swift_ProtocolArgument.swift; sourceTree = "<group>"; };
		108A0F9223705DF000D687D1 /* foam_core_Topic.swift */ = {isa = PBXFileReference; fileEncoding = 4; lastKnownFileType = sourcecode.swift; path = foam_core_Topic.swift; sourceTree = "<group>"; };
		108A0F9323705DF000D687D1 /* foam_core_internal_Errors.swift */ = {isa = PBXFileReference; fileEncoding = 4; lastKnownFileType = sourcecode.swift; path = foam_core_internal_Errors.swift; sourceTree = "<group>"; };
		108A0F9423705DF000D687D1 /* foam_pattern_Singleton.swift */ = {isa = PBXFileReference; fileEncoding = 4; lastKnownFileType = sourcecode.swift; path = foam_pattern_Singleton.swift; sourceTree = "<group>"; };
		108A0F9523705DF000D687D1 /* foam_core_Slot.swift */ = {isa = PBXFileReference; fileEncoding = 4; lastKnownFileType = sourcecode.swift; path = foam_core_Slot.swift; sourceTree = "<group>"; };
		108A0F9623705DF000D687D1 /* foam_cross_platform_Context.swift */ = {isa = PBXFileReference; fileEncoding = 4; lastKnownFileType = sourcecode.swift; path = foam_cross_platform_Context.swift; sourceTree = "<group>"; };
		108A0F9723705DF000D687D1 /* foam_core_Requires.swift */ = {isa = PBXFileReference; fileEncoding = 4; lastKnownFileType = sourcecode.swift; path = foam_core_Requires.swift; sourceTree = "<group>"; };
		108A0F9823705DF000D687D1 /* foam_core_PromiseSlot.swift */ = {isa = PBXFileReference; fileEncoding = 4; lastKnownFileType = sourcecode.swift; path = foam_core_PromiseSlot.swift; sourceTree = "<group>"; };
		108A0F9923705DF000D687D1 /* foam_core_SlotInterface.swift */ = {isa = PBXFileReference; fileEncoding = 4; lastKnownFileType = sourcecode.swift; path = foam_core_SlotInterface.swift; sourceTree = "<group>"; };
		108A0F9A23705DF000D687D1 /* foam_templates_TemplateAxiom.swift */ = {isa = PBXFileReference; fileEncoding = 4; lastKnownFileType = sourcecode.swift; path = foam_templates_TemplateAxiom.swift; sourceTree = "<group>"; };
		108A0F9B23705DF000D687D1 /* foam_templates_TemplateUtil.swift */ = {isa = PBXFileReference; fileEncoding = 4; lastKnownFileType = sourcecode.swift; path = foam_templates_TemplateUtil.swift; sourceTree = "<group>"; };
		108A0F9C23705DF000D687D1 /* foam_core_ClassProperty.swift */ = {isa = PBXFileReference; fileEncoding = 4; lastKnownFileType = sourcecode.swift; path = foam_core_ClassProperty.swift; sourceTree = "<group>"; };
		108A0F9D23705DF000D687D1 /* foam_cross_platform_Promise.swift */ = {isa = PBXFileReference; fileEncoding = 4; lastKnownFileType = sourcecode.swift; path = foam_cross_platform_Promise.swift; sourceTree = "<group>"; };
		108A0F9E23705DF000D687D1 /* foam_u2_ViewSpec.swift */ = {isa = PBXFileReference; fileEncoding = 4; lastKnownFileType = sourcecode.swift; path = foam_u2_ViewSpec.swift; sourceTree = "<group>"; };
		108A0F9F23705DF000D687D1 /* foam_cross_platform_NullFunction.swift */ = {isa = PBXFileReference; fileEncoding = 4; lastKnownFileType = sourcecode.swift; path = foam_cross_platform_NullFunction.swift; sourceTree = "<group>"; };
		108A0FA023705DF000D687D1 /* foam_swift_SwiftTypeProperty.swift */ = {isa = PBXFileReference; fileEncoding = 4; lastKnownFileType = sourcecode.swift; path = foam_swift_SwiftTypeProperty.swift; sourceTree = "<group>"; };
		108A0FA123705DF000D687D1 /* foam_core_Method.swift */ = {isa = PBXFileReference; fileEncoding = 4; lastKnownFileType = sourcecode.swift; path = foam_core_Method.swift; sourceTree = "<group>"; };
		108A0FA223705DF000D687D1 /* foam_core_Enum.swift */ = {isa = PBXFileReference; fileEncoding = 4; lastKnownFileType = sourcecode.swift; path = foam_core_Enum.swift; sourceTree = "<group>"; };
		108A0FA323705DF000D687D1 /* foam_core_LongProperty.swift */ = {isa = PBXFileReference; fileEncoding = 4; lastKnownFileType = sourcecode.swift; path = foam_core_LongProperty.swift; sourceTree = "<group>"; };
		108A0FA423705DF000D687D1 /* foam_parse_ParserProperty.swift */ = {isa = PBXFileReference; fileEncoding = 4; lastKnownFileType = sourcecode.swift; path = foam_parse_ParserProperty.swift; sourceTree = "<group>"; };
		108A0FA523705DF000D687D1 /* foam_core_Model.swift */ = {isa = PBXFileReference; fileEncoding = 4; lastKnownFileType = sourcecode.swift; path = foam_core_Model.swift; sourceTree = "<group>"; };
		108A0FA623705DF000D687D1 /* foam_cross_platform_FoamClass.swift */ = {isa = PBXFileReference; fileEncoding = 4; lastKnownFileType = sourcecode.swift; path = foam_cross_platform_FoamClass.swift; sourceTree = "<group>"; };
		108A0FA723705DF000D687D1 /* foam_cross_platform_AbstractFObject.swift */ = {isa = PBXFileReference; fileEncoding = 4; lastKnownFileType = sourcecode.swift; path = foam_cross_platform_AbstractFObject.swift; sourceTree = "<group>"; };
		108A0FA823705DF000D687D1 /* foam_core_Proxy.swift */ = {isa = PBXFileReference; fileEncoding = 4; lastKnownFileType = sourcecode.swift; path = foam_core_Proxy.swift; sourceTree = "<group>"; };
		108A0FA923705DF000D687D1 /* demo_Tests.swift */ = {isa = PBXFileReference; fileEncoding = 4; lastKnownFileType = sourcecode.swift; path = demo_Tests.swift; sourceTree = "<group>"; };
		108A0FAA23705DF000D687D1 /* foam_core_IntProperty.swift */ = {isa = PBXFileReference; fileEncoding = 4; lastKnownFileType = sourcecode.swift; path = foam_core_IntProperty.swift; sourceTree = "<group>"; };
		108A0FAB23705DF000D687D1 /* foam_core_Property.swift */ = {isa = PBXFileReference; fileEncoding = 4; lastKnownFileType = sourcecode.swift; path = foam_core_Property.swift; sourceTree = "<group>"; };
		108A0FAC23705DF000D687D1 /* foam_core_ArrayProperty.swift */ = {isa = PBXFileReference; fileEncoding = 4; lastKnownFileType = sourcecode.swift; path = foam_core_ArrayProperty.swift; sourceTree = "<group>"; };
		108A0FAD23705DF000D687D1 /* foam_core_EventProxy.swift */ = {isa = PBXFileReference; fileEncoding = 4; lastKnownFileType = sourcecode.swift; path = foam_core_EventProxy.swift; sourceTree = "<group>"; };
		108A0FAE23705DF000D687D1 /* foam_cross_platform_FObject.swift */ = {isa = PBXFileReference; fileEncoding = 4; lastKnownFileType = sourcecode.swift; path = foam_cross_platform_FObject.swift; sourceTree = "<group>"; };
		108A0FAF23705DF000D687D1 /* foam_core_Simple.swift */ = {isa = PBXFileReference; fileEncoding = 4; lastKnownFileType = sourcecode.swift; path = foam_core_Simple.swift; sourceTree = "<group>"; };
		108A0FB023705DF000D687D1 /* foam_parse_ParserWithAction.swift */ = {isa = PBXFileReference; fileEncoding = 4; lastKnownFileType = sourcecode.swift; path = foam_parse_ParserWithAction.swift; sourceTree = "<group>"; };
		108A0FB123705DF000D687D1 /* foam_core_ProxiedMethod.swift */ = {isa = PBXFileReference; fileEncoding = 4; lastKnownFileType = sourcecode.swift; path = foam_core_ProxiedMethod.swift; sourceTree = "<group>"; };
		108A0FB223705DF000D687D1 /* foam_cross_platform_Lib.swift */ = {isa = PBXFileReference; fileEncoding = 4; lastKnownFileType = sourcecode.swift; path = foam_cross_platform_Lib.swift; sourceTree = "<group>"; };
		108A0FB323705DF000D687D1 /* foam_core_FObjectProperty.swift */ = {isa = PBXFileReference; fileEncoding = 4; lastKnownFileType = sourcecode.swift; path = foam_core_FObjectProperty.swift; sourceTree = "<group>"; };
		108A0FB423705DF000D687D1 /* foam_core_Argument.swift */ = {isa = PBXFileReference; fileEncoding = 4; lastKnownFileType = sourcecode.swift; path = foam_core_Argument.swift; sourceTree = "<group>"; };
		108A0FB523705DF000D687D1 /* foam_cross_platform_Listener.swift */ = {isa = PBXFileReference; fileEncoding = 4; lastKnownFileType = sourcecode.swift; path = foam_cross_platform_Listener.swift; sourceTree = "<group>"; };
		108A0FB623705DF000D687D1 /* foam_mlang_predicate_Predicate.swift */ = {isa = PBXFileReference; fileEncoding = 4; lastKnownFileType = sourcecode.swift; path = foam_mlang_predicate_Predicate.swift; sourceTree = "<group>"; };
		108A0FB723705DF000D687D1 /* foam_core_Constant.swift */ = {isa = PBXFileReference; fileEncoding = 4; lastKnownFileType = sourcecode.swift; path = foam_core_Constant.swift; sourceTree = "<group>"; };
		108A0FB823705DF000D687D1 /* foam_cross_platform_AsyncFunction.swift */ = {isa = PBXFileReference; fileEncoding = 4; lastKnownFileType = sourcecode.swift; path = foam_cross_platform_AsyncFunction.swift; sourceTree = "<group>"; };
		108A0FB923705DF000D687D1 /* foam_swift_ProtocolField.swift */ = {isa = PBXFileReference; fileEncoding = 4; lastKnownFileType = sourcecode.swift; path = foam_swift_ProtocolField.swift; sourceTree = "<group>"; };
		108A0FBA23705DF000D687D1 /* foam_java_JavaImplements.swift */ = {isa = PBXFileReference; fileEncoding = 4; lastKnownFileType = sourcecode.swift; path = foam_java_JavaImplements.swift; sourceTree = "<group>"; };
		108A0FBB23705DF000D687D1 /* foam_lib_csv_PrefixedCSVOutputter.swift */ = {isa = PBXFileReference; fileEncoding = 4; lastKnownFileType = sourcecode.swift; path = foam_lib_csv_PrefixedCSVOutputter.swift; sourceTree = "<group>"; };
		108A0FBC23705DF000D687D1 /* foam_u2_TableColumns.swift */ = {isa = PBXFileReference; fileEncoding = 4; lastKnownFileType = sourcecode.swift; path = foam_u2_TableColumns.swift; sourceTree = "<group>"; };
		108A0FBD23705DF000D687D1 /* foam_core_ExpressionSlot.swift */ = {isa = PBXFileReference; fileEncoding = 4; lastKnownFileType = sourcecode.swift; path = foam_core_ExpressionSlot.swift; sourceTree = "<group>"; };
		108A0FBE23705DF000D687D1 /* foam_core_SimpleSlot.swift */ = {isa = PBXFileReference; fileEncoding = 4; lastKnownFileType = sourcecode.swift; path = foam_core_SimpleSlot.swift; sourceTree = "<group>"; };
		108A0FBF23705DF000D687D1 /* foam_core_Implements.swift */ = {isa = PBXFileReference; fileEncoding = 4; lastKnownFileType = sourcecode.swift; path = foam_core_Implements.swift; sourceTree = "<group>"; };
		108A0FC023705DF000D687D1 /* foam_core_FObjectArray.swift */ = {isa = PBXFileReference; fileEncoding = 4; lastKnownFileType = sourcecode.swift; path = foam_core_FObjectArray.swift; sourceTree = "<group>"; };
		108A0FC123705DF000D687D1 /* foam_core_FunctionProperty.swift */ = {isa = PBXFileReference; fileEncoding = 4; lastKnownFileType = sourcecode.swift; path = foam_core_FunctionProperty.swift; sourceTree = "<group>"; };
		108A0FC223705DF000D687D1 /* foam_u2_Visibility.swift */ = {isa = PBXFileReference; fileEncoding = 4; lastKnownFileType = sourcecode.swift; path = foam_u2_Visibility.swift; sourceTree = "<group>"; };
		108A0FC323705DF000D687D1 /* foam_parse_PSymbol.swift */ = {isa = PBXFileReference; fileEncoding = 4; lastKnownFileType = sourcecode.swift; path = foam_parse_PSymbol.swift; sourceTree = "<group>"; };
		108A0FC423705DF000D687D1 /* foam_pattern_Faceted.swift */ = {isa = PBXFileReference; fileEncoding = 4; lastKnownFileType = sourcecode.swift; path = foam_pattern_Faceted.swift; sourceTree = "<group>"; };
		108A0FC523705DF000D687D1 /* foam_swift_Field.swift */ = {isa = PBXFileReference; fileEncoding = 4; lastKnownFileType = sourcecode.swift; path = foam_swift_Field.swift; sourceTree = "<group>"; };
		108A0FC623705DF000D687D1 /* foam_parse_ParserDecorator.swift */ = {isa = PBXFileReference; fileEncoding = 4; lastKnownFileType = sourcecode.swift; path = foam_parse_ParserDecorator.swift; sourceTree = "<group>"; };
		108A0FC723705DF000D687D1 /* foam_core_internal_InterfaceMethod.swift */ = {isa = PBXFileReference; fileEncoding = 4; lastKnownFileType = sourcecode.swift; path = foam_core_internal_InterfaceMethod.swift; sourceTree = "<group>"; };
		108A0FC823705DF000D687D1 /* foam_cross_platform_ProxyFunction.swift */ = {isa = PBXFileReference; fileEncoding = 4; lastKnownFileType = sourcecode.swift; path = foam_cross_platform_ProxyFunction.swift; sourceTree = "<group>"; };
		108A0FC923705DF000D687D1 /* foam_swift_ProtocolMethod.swift */ = {isa = PBXFileReference; fileEncoding = 4; lastKnownFileType = sourcecode.swift; path = foam_swift_ProtocolMethod.swift; sourceTree = "<group>"; };
		108A0FCA23705DF000D687D1 /* foam_parse_ImperativeGrammar.swift */ = {isa = PBXFileReference; fileEncoding = 4; lastKnownFileType = sourcecode.swift; path = foam_parse_ImperativeGrammar.swift; sourceTree = "<group>"; };
		108A0FCB23705DF000D687D1 /* foam_core_AbstractInterface.swift */ = {isa = PBXFileReference; fileEncoding = 4; lastKnownFileType = sourcecode.swift; path = foam_core_AbstractInterface.swift; sourceTree = "<group>"; };
		108A0FCC23705DF000D687D1 /* foam_core_Detachable.swift */ = {isa = PBXFileReference; fileEncoding = 4; lastKnownFileType = sourcecode.swift; path = foam_core_Detachable.swift; sourceTree = "<group>"; };
		108A0FCD23705DF000D687D1 /* foam_swift_Method.swift */ = {isa = PBXFileReference; fileEncoding = 4; lastKnownFileType = sourcecode.swift; path = foam_swift_Method.swift; sourceTree = "<group>"; };
		108A0FCE23705DF000D687D1 /* foam_pattern_Multiton.swift */ = {isa = PBXFileReference; fileEncoding = 4; lastKnownFileType = sourcecode.swift; path = foam_pattern_Multiton.swift; sourceTree = "<group>"; };
/* End PBXFileReference section */

/* Begin PBXFrameworksBuildPhase section */
		108A0D65236FB42100D687D1 /* Frameworks */ = {
			isa = PBXFrameworksBuildPhase;
			buildActionMask = 2147483647;
			files = (
			);
			runOnlyForDeploymentPostprocessing = 0;
		};
		108A0D7B236FB42300D687D1 /* Frameworks */ = {
			isa = PBXFrameworksBuildPhase;
			buildActionMask = 2147483647;
			files = (
			);
			runOnlyForDeploymentPostprocessing = 0;
		};
		108A0D86236FB42400D687D1 /* Frameworks */ = {
			isa = PBXFrameworksBuildPhase;
			buildActionMask = 2147483647;
			files = (
			);
			runOnlyForDeploymentPostprocessing = 0;
		};
/* End PBXFrameworksBuildPhase section */

/* Begin PBXGroup section */
		108A0D5F236FB42100D687D1 = {
			isa = PBXGroup;
			children = (
				108A0F6E23705DF000D687D1 /* foam_gen */,
				108A0D6A236FB42100D687D1 /* FOAM Demo App */,
				108A0D81236FB42300D687D1 /* FOAM Demo AppTests */,
				108A0D8C236FB42400D687D1 /* FOAM Demo AppUITests */,
				108A0D69236FB42100D687D1 /* Products */,
			);
			sourceTree = "<group>";
		};
		108A0D69236FB42100D687D1 /* Products */ = {
			isa = PBXGroup;
			children = (
				108A0D68236FB42100D687D1 /* FOAM Demo App.app */,
				108A0D7E236FB42300D687D1 /* FOAM Demo AppTests.xctest */,
				108A0D89236FB42400D687D1 /* FOAM Demo AppUITests.xctest */,
			);
			name = Products;
			sourceTree = "<group>";
		};
		108A0D6A236FB42100D687D1 /* FOAM Demo App */ = {
			isa = PBXGroup;
			children = (
				108A0D6B236FB42100D687D1 /* AppDelegate.swift */,
				108A0D6D236FB42100D687D1 /* SceneDelegate.swift */,
				108A0D6F236FB42100D687D1 /* ContentView.swift */,
				108A0D71236FB42300D687D1 /* Assets.xcassets */,
				108A0D76236FB42300D687D1 /* LaunchScreen.storyboard */,
				108A0D79236FB42300D687D1 /* Info.plist */,
				108A0D73236FB42300D687D1 /* Preview Content */,
			);
			path = "FOAM Demo App";
			sourceTree = "<group>";
		};
		108A0D73236FB42300D687D1 /* Preview Content */ = {
			isa = PBXGroup;
			children = (
				108A0D74236FB42300D687D1 /* Preview Assets.xcassets */,
			);
			path = "Preview Content";
			sourceTree = "<group>";
		};
		108A0D81236FB42300D687D1 /* FOAM Demo AppTests */ = {
			isa = PBXGroup;
			children = (
				108A0D82236FB42300D687D1 /* FOAM_Demo_AppTests.swift */,
				108A0D84236FB42400D687D1 /* Info.plist */,
			);
			path = "FOAM Demo AppTests";
			sourceTree = "<group>";
		};
		108A0D8C236FB42400D687D1 /* FOAM Demo AppUITests */ = {
			isa = PBXGroup;
			children = (
				108A0D8D236FB42400D687D1 /* FOAM_Demo_AppUITests.swift */,
				108A0D8F236FB42400D687D1 /* Info.plist */,
			);
			path = "FOAM Demo AppUITests";
			sourceTree = "<group>";
		};
		108A0F6E23705DF000D687D1 /* foam_gen */ = {
			isa = PBXGroup;
			children = (
				108A0F6F23705DF000D687D1 /* foam_core_AnonymousAxiom.swift */,
				108A0F7023705DF000D687D1 /* foam_core_internal_SubSlot.swift */,
				108A0F7123705DF000D687D1 /* foam_u2_view_TableCellFormatter.swift */,
				108A0F7223705DF000D687D1 /* foam_layout_SectionAxiom.swift */,
				108A0F7323705DF000D687D1 /* foam_cross_platform_ListenerList.swift */,
				108A0F7423705DF000D687D1 /* foam_core_AbstractEnum.swift */,
				108A0F7523705DF000D687D1 /* foam_core_BooleanProperty.swift */,
				108A0F7623705DF000D687D1 /* foam_swift_SwiftClass.swift */,
				108A0F7723705DF000D687D1 /* foam_core_MapProperty.swift */,
				108A0F7823705DF000D687D1 /* foam_mlang_order_Comparator.swift */,
				108A0F7923705DF000D687D1 /* foam_core_StringProperty.swift */,
				108A0F7A23705DF000D687D1 /* foam_cross_platform_GenericFunction.swift */,
				108A0F7B23705DF000D687D1 /* foam_parse_Grammar.swift */,
				108A0F7C23705DF000D687D1 /* foam_u2_view_Formatter.swift */,
				108A0F7D23705DF000D687D1 /* foam_swift_Argument.swift */,
				108A0F7E23705DF000D687D1 /* foam_core_StringArrayProperty.swift */,
				108A0F7F23705DF000D687D1 /* foam_swift_Outputter.swift */,
				108A0F8023705DF000D687D1 /* foam_core_PromiseProperty.swift */,
				108A0F8123705DF000D687D1 /* foam_core_Static.swift */,
				108A0F8223705DF000D687D1 /* foam_dao_SQLStatement.swift */,
				108A0F8323705DF000D687D1 /* foam_u2_view_FnFormatter.swift */,
				108A0F8423705DF000D687D1 /* foam_core_AxiomArray.swift */,
				108A0F8523705DF000D687D1 /* foam_core_DateProperty.swift */,
				108A0F8623705DF000D687D1 /* foam_core_ValidationPredicate.swift */,
				108A0F8723705DF000D687D1 /* foam_templates_TemplateOutput.swift */,
				108A0F8823705DF000D687D1 /* foam_core_internal_EnumValueAxiom.swift */,
				108A0F8923705DF000D687D1 /* foam_core_InnerClass.swift */,
				108A0F8A23705DF000D687D1 /* foam_core_Listener.swift */,
				108A0F8B23705DF000D687D1 /* foam_lib_csv_CSVOutputter.swift */,
				108A0F8C23705DF000D687D1 /* foam_core_ProxySub.swift */,
				108A0F8D23705DF000D687D1 /* foam_core_internal_PropertySlot.swift */,
				108A0F8E23705DF000D687D1 /* foam_lib_csv_ProxyCSVOutputter.swift */,
				108A0F8F23705DF000D687D1 /* foam_core_AbstractMethod.swift */,
				108A0F9023705DF000D687D1 /* foam_parse_StringPStream.swift */,
				108A0F9123705DF000D687D1 /* foam_swift_ProtocolArgument.swift */,
				108A0F9223705DF000D687D1 /* foam_core_Topic.swift */,
				108A0F9323705DF000D687D1 /* foam_core_internal_Errors.swift */,
				108A0F9423705DF000D687D1 /* foam_pattern_Singleton.swift */,
				108A0F9523705DF000D687D1 /* foam_core_Slot.swift */,
				108A0F9623705DF000D687D1 /* foam_cross_platform_Context.swift */,
				108A0F9723705DF000D687D1 /* foam_core_Requires.swift */,
				108A0F9823705DF000D687D1 /* foam_core_PromiseSlot.swift */,
				108A0F9923705DF000D687D1 /* foam_core_SlotInterface.swift */,
				108A0F9A23705DF000D687D1 /* foam_templates_TemplateAxiom.swift */,
				108A0F9B23705DF000D687D1 /* foam_templates_TemplateUtil.swift */,
				108A0F9C23705DF000D687D1 /* foam_core_ClassProperty.swift */,
				108A0F9D23705DF000D687D1 /* foam_cross_platform_Promise.swift */,
				108A0F9E23705DF000D687D1 /* foam_u2_ViewSpec.swift */,
				108A0F9F23705DF000D687D1 /* foam_cross_platform_NullFunction.swift */,
				108A0FA023705DF000D687D1 /* foam_swift_SwiftTypeProperty.swift */,
				108A0FA123705DF000D687D1 /* foam_core_Method.swift */,
				108A0FA223705DF000D687D1 /* foam_core_Enum.swift */,
				108A0FA323705DF000D687D1 /* foam_core_LongProperty.swift */,
				108A0FA423705DF000D687D1 /* foam_parse_ParserProperty.swift */,
				108A0FA523705DF000D687D1 /* foam_core_Model.swift */,
				108A0FA623705DF000D687D1 /* foam_cross_platform_FoamClass.swift */,
				108A0FA723705DF000D687D1 /* foam_cross_platform_AbstractFObject.swift */,
				108A0FA823705DF000D687D1 /* foam_core_Proxy.swift */,
				108A0FA923705DF000D687D1 /* demo_Tests.swift */,
				108A0FAA23705DF000D687D1 /* foam_core_IntProperty.swift */,
				108A0FAB23705DF000D687D1 /* foam_core_Property.swift */,
				108A0FAC23705DF000D687D1 /* foam_core_ArrayProperty.swift */,
				108A0FAD23705DF000D687D1 /* foam_core_EventProxy.swift */,
				108A0FAE23705DF000D687D1 /* foam_cross_platform_FObject.swift */,
				108A0FAF23705DF000D687D1 /* foam_core_Simple.swift */,
				108A0FB023705DF000D687D1 /* foam_parse_ParserWithAction.swift */,
				108A0FB123705DF000D687D1 /* foam_core_ProxiedMethod.swift */,
				108A0FB223705DF000D687D1 /* foam_cross_platform_Lib.swift */,
				108A0FB323705DF000D687D1 /* foam_core_FObjectProperty.swift */,
				108A0FB423705DF000D687D1 /* foam_core_Argument.swift */,
				108A0FB523705DF000D687D1 /* foam_cross_platform_Listener.swift */,
				108A0FB623705DF000D687D1 /* foam_mlang_predicate_Predicate.swift */,
				108A0FB723705DF000D687D1 /* foam_core_Constant.swift */,
				108A0FB823705DF000D687D1 /* foam_cross_platform_AsyncFunction.swift */,
				108A0FB923705DF000D687D1 /* foam_swift_ProtocolField.swift */,
				108A0FBA23705DF000D687D1 /* foam_java_JavaImplements.swift */,
				108A0FBB23705DF000D687D1 /* foam_lib_csv_PrefixedCSVOutputter.swift */,
				108A0FBC23705DF000D687D1 /* foam_u2_TableColumns.swift */,
				108A0FBD23705DF000D687D1 /* foam_core_ExpressionSlot.swift */,
				108A0FBE23705DF000D687D1 /* foam_core_SimpleSlot.swift */,
				108A0FBF23705DF000D687D1 /* foam_core_Implements.swift */,
				108A0FC023705DF000D687D1 /* foam_core_FObjectArray.swift */,
				108A0FC123705DF000D687D1 /* foam_core_FunctionProperty.swift */,
				108A0FC223705DF000D687D1 /* foam_u2_Visibility.swift */,
				108A0FC323705DF000D687D1 /* foam_parse_PSymbol.swift */,
				108A0FC423705DF000D687D1 /* foam_pattern_Faceted.swift */,
				108A0FC523705DF000D687D1 /* foam_swift_Field.swift */,
				108A0FC623705DF000D687D1 /* foam_parse_ParserDecorator.swift */,
				108A0FC723705DF000D687D1 /* foam_core_internal_InterfaceMethod.swift */,
				108A0FC823705DF000D687D1 /* foam_cross_platform_ProxyFunction.swift */,
				108A0FC923705DF000D687D1 /* foam_swift_ProtocolMethod.swift */,
				108A0FCA23705DF000D687D1 /* foam_parse_ImperativeGrammar.swift */,
				108A0FCB23705DF000D687D1 /* foam_core_AbstractInterface.swift */,
				108A0FCC23705DF000D687D1 /* foam_core_Detachable.swift */,
				108A0FCD23705DF000D687D1 /* foam_swift_Method.swift */,
				108A0FCE23705DF000D687D1 /* foam_pattern_Multiton.swift */,
			);
			name = foam_gen;
			path = ../foam_gen;
			sourceTree = "<group>";
		};
/* End PBXGroup section */

/* Begin PBXNativeTarget section */
		108A0D67236FB42100D687D1 /* FOAM Demo App */ = {
			isa = PBXNativeTarget;
			buildConfigurationList = 108A0D92236FB42400D687D1 /* Build configuration list for PBXNativeTarget "FOAM Demo App" */;
			buildPhases = (
				108A0D64236FB42100D687D1 /* Sources */,
				108A0D65236FB42100D687D1 /* Frameworks */,
				108A0D66236FB42100D687D1 /* Resources */,
			);
			buildRules = (
			);
			dependencies = (
			);
			name = "FOAM Demo App";
			productName = "FOAM Demo App";
			productReference = 108A0D68236FB42100D687D1 /* FOAM Demo App.app */;
			productType = "com.apple.product-type.application";
		};
		108A0D7D236FB42300D687D1 /* FOAM Demo AppTests */ = {
			isa = PBXNativeTarget;
			buildConfigurationList = 108A0D95236FB42400D687D1 /* Build configuration list for PBXNativeTarget "FOAM Demo AppTests" */;
			buildPhases = (
				108A0D7A236FB42300D687D1 /* Sources */,
				108A0D7B236FB42300D687D1 /* Frameworks */,
				108A0D7C236FB42300D687D1 /* Resources */,
			);
			buildRules = (
			);
			dependencies = (
				108A0D80236FB42300D687D1 /* PBXTargetDependency */,
			);
			name = "FOAM Demo AppTests";
			productName = "FOAM Demo AppTests";
			productReference = 108A0D7E236FB42300D687D1 /* FOAM Demo AppTests.xctest */;
			productType = "com.apple.product-type.bundle.unit-test";
		};
		108A0D88236FB42400D687D1 /* FOAM Demo AppUITests */ = {
			isa = PBXNativeTarget;
			buildConfigurationList = 108A0D98236FB42400D687D1 /* Build configuration list for PBXNativeTarget "FOAM Demo AppUITests" */;
			buildPhases = (
				108A0D85236FB42400D687D1 /* Sources */,
				108A0D86236FB42400D687D1 /* Frameworks */,
				108A0D87236FB42400D687D1 /* Resources */,
			);
			buildRules = (
			);
			dependencies = (
				108A0D8B236FB42400D687D1 /* PBXTargetDependency */,
			);
			name = "FOAM Demo AppUITests";
			productName = "FOAM Demo AppUITests";
			productReference = 108A0D89236FB42400D687D1 /* FOAM Demo AppUITests.xctest */;
			productType = "com.apple.product-type.bundle.ui-testing";
		};
/* End PBXNativeTarget section */

/* Begin PBXProject section */
		108A0D60236FB42100D687D1 /* Project object */ = {
			isa = PBXProject;
			attributes = {
				LastSwiftUpdateCheck = 1120;
				LastUpgradeCheck = 1120;
				TargetAttributes = {
					108A0D67236FB42100D687D1 = {
						CreatedOnToolsVersion = 11.2;
					};
					108A0D7D236FB42300D687D1 = {
						CreatedOnToolsVersion = 11.2;
						TestTargetID = 108A0D67236FB42100D687D1;
					};
					108A0D88236FB42400D687D1 = {
						CreatedOnToolsVersion = 11.2;
						TestTargetID = 108A0D67236FB42100D687D1;
					};
				};
			};
			buildConfigurationList = 108A0D63236FB42100D687D1 /* Build configuration list for PBXProject "FOAM Demo App" */;
			compatibilityVersion = "Xcode 9.3";
			developmentRegion = en;
			hasScannedForEncodings = 0;
			knownRegions = (
				en,
				Base,
			);
			mainGroup = 108A0D5F236FB42100D687D1;
			productRefGroup = 108A0D69236FB42100D687D1 /* Products */;
			projectDirPath = "";
			projectRoot = "";
			targets = (
				108A0D67236FB42100D687D1 /* FOAM Demo App */,
				108A0D7D236FB42300D687D1 /* FOAM Demo AppTests */,
				108A0D88236FB42400D687D1 /* FOAM Demo AppUITests */,
			);
		};
/* End PBXProject section */

/* Begin PBXResourcesBuildPhase section */
		108A0D66236FB42100D687D1 /* Resources */ = {
			isa = PBXResourcesBuildPhase;
			buildActionMask = 2147483647;
			files = (
				108A0D78236FB42300D687D1 /* LaunchScreen.storyboard in Resources */,
				108A0D75236FB42300D687D1 /* Preview Assets.xcassets in Resources */,
				108A0D72236FB42300D687D1 /* Assets.xcassets in Resources */,
			);
			runOnlyForDeploymentPostprocessing = 0;
		};
		108A0D7C236FB42300D687D1 /* Resources */ = {
			isa = PBXResourcesBuildPhase;
			buildActionMask = 2147483647;
			files = (
			);
			runOnlyForDeploymentPostprocessing = 0;
		};
		108A0D87236FB42400D687D1 /* Resources */ = {
			isa = PBXResourcesBuildPhase;
			buildActionMask = 2147483647;
			files = (
			);
			runOnlyForDeploymentPostprocessing = 0;
		};
/* End PBXResourcesBuildPhase section */

/* Begin PBXSourcesBuildPhase section */
		108A0D64236FB42100D687D1 /* Sources */ = {
			isa = PBXSourcesBuildPhase;
			buildActionMask = 2147483647;
			files = (
				108A0FEF23705DF000D687D1 /* foam_core_AbstractMethod.swift in Sources */,
				108A0FF523705DF000D687D1 /* foam_core_Slot.swift in Sources */,
				108A0FFB23705DF000D687D1 /* foam_templates_TemplateUtil.swift in Sources */,
				108A100823705DF100D687D1 /* foam_core_Proxy.swift in Sources */,
				108A100E23705DF100D687D1 /* foam_cross_platform_FObject.swift in Sources */,
				108A0FDE23705DF000D687D1 /* foam_core_StringArrayProperty.swift in Sources */,
				108A100123705DF000D687D1 /* foam_core_Method.swift in Sources */,
				108A100423705DF100D687D1 /* foam_parse_ParserProperty.swift in Sources */,
				108A0FE123705DF000D687D1 /* foam_core_Static.swift in Sources */,
				108A0FE823705DF000D687D1 /* foam_core_internal_EnumValueAxiom.swift in Sources */,
				108A0D6C236FB42100D687D1 /* AppDelegate.swift in Sources */,
				108A0FF623705DF000D687D1 /* foam_cross_platform_Context.swift in Sources */,
				108A0FFE23705DF000D687D1 /* foam_u2_ViewSpec.swift in Sources */,
				108A0D6E236FB42100D687D1 /* SceneDelegate.swift in Sources */,
				108A100723705DF100D687D1 /* foam_cross_platform_AbstractFObject.swift in Sources */,
				108A0FEB23705DF000D687D1 /* foam_lib_csv_CSVOutputter.swift in Sources */,
				108A100A23705DF100D687D1 /* foam_core_IntProperty.swift in Sources */,
				108A101623705DF100D687D1 /* foam_mlang_predicate_Predicate.swift in Sources */,
				108A101223705DF100D687D1 /* foam_cross_platform_Lib.swift in Sources */,
				108A0FF823705DF000D687D1 /* foam_core_PromiseSlot.swift in Sources */,
				108A102123705DF100D687D1 /* foam_core_FunctionProperty.swift in Sources */,
				108A101B23705DF100D687D1 /* foam_lib_csv_PrefixedCSVOutputter.swift in Sources */,
				108A0FF723705DF000D687D1 /* foam_core_Requires.swift in Sources */,
				108A0FE623705DF000D687D1 /* foam_core_ValidationPredicate.swift in Sources */,
				108A101D23705DF100D687D1 /* foam_core_ExpressionSlot.swift in Sources */,
				108A0FE223705DF000D687D1 /* foam_dao_SQLStatement.swift in Sources */,
				108A101323705DF100D687D1 /* foam_core_FObjectProperty.swift in Sources */,
				108A102823705DF100D687D1 /* foam_cross_platform_ProxyFunction.swift in Sources */,
				108A101023705DF100D687D1 /* foam_parse_ParserWithAction.swift in Sources */,
				108A101123705DF100D687D1 /* foam_core_ProxiedMethod.swift in Sources */,
				108A0FF223705DF000D687D1 /* foam_core_Topic.swift in Sources */,
				108A100C23705DF100D687D1 /* foam_core_ArrayProperty.swift in Sources */,
				108A0FD323705DF000D687D1 /* foam_cross_platform_ListenerList.swift in Sources */,
				108A102B23705DF100D687D1 /* foam_core_AbstractInterface.swift in Sources */,
				108A102923705DF100D687D1 /* foam_swift_ProtocolMethod.swift in Sources */,
				108A101E23705DF100D687D1 /* foam_core_SimpleSlot.swift in Sources */,
				108A0FE723705DF000D687D1 /* foam_templates_TemplateOutput.swift in Sources */,
				108A100F23705DF100D687D1 /* foam_core_Simple.swift in Sources */,
				108A102523705DF100D687D1 /* foam_swift_Field.swift in Sources */,
				108A0FCF23705DF000D687D1 /* foam_core_AnonymousAxiom.swift in Sources */,
				108A0FD023705DF000D687D1 /* foam_core_internal_SubSlot.swift in Sources */,
				108A0FD123705DF000D687D1 /* foam_u2_view_TableCellFormatter.swift in Sources */,
				108A100323705DF100D687D1 /* foam_core_LongProperty.swift in Sources */,
				108A0FDF23705DF000D687D1 /* foam_swift_Outputter.swift in Sources */,
				108A100023705DF000D687D1 /* foam_swift_SwiftTypeProperty.swift in Sources */,
				108A0FE923705DF000D687D1 /* foam_core_InnerClass.swift in Sources */,
				108A0FDB23705DF000D687D1 /* foam_parse_Grammar.swift in Sources */,
				108A102623705DF100D687D1 /* foam_parse_ParserDecorator.swift in Sources */,
				108A101723705DF100D687D1 /* foam_core_Constant.swift in Sources */,
				108A0FE423705DF000D687D1 /* foam_core_AxiomArray.swift in Sources */,
				108A0FD423705DF000D687D1 /* foam_core_AbstractEnum.swift in Sources */,
				108A101523705DF100D687D1 /* foam_cross_platform_Listener.swift in Sources */,
				108A101A23705DF100D687D1 /* foam_java_JavaImplements.swift in Sources */,
				108A102C23705DF100D687D1 /* foam_core_Detachable.swift in Sources */,
				108A0FDC23705DF000D687D1 /* foam_u2_view_Formatter.swift in Sources */,
				108A100D23705DF100D687D1 /* foam_core_EventProxy.swift in Sources */,
				108A102023705DF100D687D1 /* foam_core_FObjectArray.swift in Sources */,
				108A101F23705DF100D687D1 /* foam_core_Implements.swift in Sources */,
				108A100B23705DF100D687D1 /* foam_core_Property.swift in Sources */,
				108A0FF323705DF000D687D1 /* foam_core_internal_Errors.swift in Sources */,
				108A0FEA23705DF000D687D1 /* foam_core_Listener.swift in Sources */,
				108A0FDD23705DF000D687D1 /* foam_swift_Argument.swift in Sources */,
				108A0FD723705DF000D687D1 /* foam_core_MapProperty.swift in Sources */,
				108A102E23705DF100D687D1 /* foam_pattern_Multiton.swift in Sources */,
				108A0FF423705DF000D687D1 /* foam_pattern_Singleton.swift in Sources */,
				108A100923705DF100D687D1 /* demo_Tests.swift in Sources */,
				108A0FE523705DF000D687D1 /* foam_core_DateProperty.swift in Sources */,
				108A100623705DF100D687D1 /* foam_cross_platform_FoamClass.swift in Sources */,
				108A100523705DF100D687D1 /* foam_core_Model.swift in Sources */,
				108A0FF023705DF000D687D1 /* foam_parse_StringPStream.swift in Sources */,
				108A0FEC23705DF000D687D1 /* foam_core_ProxySub.swift in Sources */,
				108A0FE023705DF000D687D1 /* foam_core_PromiseProperty.swift in Sources */,
				108A101C23705DF100D687D1 /* foam_u2_TableColumns.swift in Sources */,
				108A0FED23705DF000D687D1 /* foam_core_internal_PropertySlot.swift in Sources */,
				108A0FD623705DF000D687D1 /* foam_swift_SwiftClass.swift in Sources */,
				108A101423705DF100D687D1 /* foam_core_Argument.swift in Sources */,
				108A102323705DF100D687D1 /* foam_parse_PSymbol.swift in Sources */,
				108A0FD523705DF000D687D1 /* foam_core_BooleanProperty.swift in Sources */,
				108A0FF923705DF000D687D1 /* foam_core_SlotInterface.swift in Sources */,
				108A0FFA23705DF000D687D1 /* foam_templates_TemplateAxiom.swift in Sources */,
				108A0FD823705DF000D687D1 /* foam_mlang_order_Comparator.swift in Sources */,
				108A101923705DF100D687D1 /* foam_swift_ProtocolField.swift in Sources */,
				108A0FEE23705DF000D687D1 /* foam_lib_csv_ProxyCSVOutputter.swift in Sources */,
				108A0FFD23705DF000D687D1 /* foam_cross_platform_Promise.swift in Sources */,
				108A102723705DF100D687D1 /* foam_core_internal_InterfaceMethod.swift in Sources */,
				108A0FE323705DF000D687D1 /* foam_u2_view_FnFormatter.swift in Sources */,
				108A102D23705DF100D687D1 /* foam_swift_Method.swift in Sources */,
				108A0FFC23705DF000D687D1 /* foam_core_ClassProperty.swift in Sources */,
				108A0FF123705DF000D687D1 /* foam_swift_ProtocolArgument.swift in Sources */,
				108A0D70236FB42100D687D1 /* ContentView.swift in Sources */,
				108A102423705DF100D687D1 /* foam_pattern_Faceted.swift in Sources */,
				108A0FDA23705DF000D687D1 /* foam_cross_platform_GenericFunction.swift in Sources */,
				108A0FFF23705DF000D687D1 /* foam_cross_platform_NullFunction.swift in Sources */,
				108A0FD223705DF000D687D1 /* foam_layout_SectionAxiom.swift in Sources */,
				108A101823705DF100D687D1 /* foam_cross_platform_AsyncFunction.swift in Sources */,
				108A100223705DF000D687D1 /* foam_core_Enum.swift in Sources */,
				108A102A23705DF100D687D1 /* foam_parse_ImperativeGrammar.swift in Sources */,
				108A102223705DF100D687D1 /* foam_u2_Visibility.swift in Sources */,
				108A0FD923705DF000D687D1 /* foam_core_StringProperty.swift in Sources */,
			);
			runOnlyForDeploymentPostprocessing = 0;
		};
		108A0D7A236FB42300D687D1 /* Sources */ = {
			isa = PBXSourcesBuildPhase;
			buildActionMask = 2147483647;
			files = (
				108A0D83236FB42300D687D1 /* FOAM_Demo_AppTests.swift in Sources */,
			);
			runOnlyForDeploymentPostprocessing = 0;
		};
		108A0D85236FB42400D687D1 /* Sources */ = {
			isa = PBXSourcesBuildPhase;
			buildActionMask = 2147483647;
			files = (
				108A0D8E236FB42400D687D1 /* FOAM_Demo_AppUITests.swift in Sources */,
			);
			runOnlyForDeploymentPostprocessing = 0;
		};
/* End PBXSourcesBuildPhase section */

/* Begin PBXTargetDependency section */
		108A0D80236FB42300D687D1 /* PBXTargetDependency */ = {
			isa = PBXTargetDependency;
			target = 108A0D67236FB42100D687D1 /* FOAM Demo App */;
			targetProxy = 108A0D7F236FB42300D687D1 /* PBXContainerItemProxy */;
		};
		108A0D8B236FB42400D687D1 /* PBXTargetDependency */ = {
			isa = PBXTargetDependency;
			target = 108A0D67236FB42100D687D1 /* FOAM Demo App */;
			targetProxy = 108A0D8A236FB42400D687D1 /* PBXContainerItemProxy */;
		};
/* End PBXTargetDependency section */

/* Begin PBXVariantGroup section */
		108A0D76236FB42300D687D1 /* LaunchScreen.storyboard */ = {
			isa = PBXVariantGroup;
			children = (
				108A0D77236FB42300D687D1 /* Base */,
			);
			name = LaunchScreen.storyboard;
			sourceTree = "<group>";
		};
/* End PBXVariantGroup section */

/* Begin XCBuildConfiguration section */
		108A0D90236FB42400D687D1 /* Debug */ = {
			isa = XCBuildConfiguration;
			buildSettings = {
				ALWAYS_SEARCH_USER_PATHS = NO;
				CLANG_ANALYZER_NONNULL = YES;
				CLANG_ANALYZER_NUMBER_OBJECT_CONVERSION = YES_AGGRESSIVE;
				CLANG_CXX_LANGUAGE_STANDARD = "gnu++14";
				CLANG_CXX_LIBRARY = "libc++";
				CLANG_ENABLE_MODULES = YES;
				CLANG_ENABLE_OBJC_ARC = YES;
				CLANG_ENABLE_OBJC_WEAK = YES;
				CLANG_WARN_BLOCK_CAPTURE_AUTORELEASING = YES;
				CLANG_WARN_BOOL_CONVERSION = YES;
				CLANG_WARN_COMMA = YES;
				CLANG_WARN_CONSTANT_CONVERSION = YES;
				CLANG_WARN_DEPRECATED_OBJC_IMPLEMENTATIONS = YES;
				CLANG_WARN_DIRECT_OBJC_ISA_USAGE = YES_ERROR;
				CLANG_WARN_DOCUMENTATION_COMMENTS = YES;
				CLANG_WARN_EMPTY_BODY = YES;
				CLANG_WARN_ENUM_CONVERSION = YES;
				CLANG_WARN_INFINITE_RECURSION = YES;
				CLANG_WARN_INT_CONVERSION = YES;
				CLANG_WARN_NON_LITERAL_NULL_CONVERSION = YES;
				CLANG_WARN_OBJC_IMPLICIT_RETAIN_SELF = YES;
				CLANG_WARN_OBJC_LITERAL_CONVERSION = YES;
				CLANG_WARN_OBJC_ROOT_CLASS = YES_ERROR;
				CLANG_WARN_RANGE_LOOP_ANALYSIS = YES;
				CLANG_WARN_STRICT_PROTOTYPES = YES;
				CLANG_WARN_SUSPICIOUS_MOVE = YES;
				CLANG_WARN_UNGUARDED_AVAILABILITY = YES_AGGRESSIVE;
				CLANG_WARN_UNREACHABLE_CODE = YES;
				CLANG_WARN__DUPLICATE_METHOD_MATCH = YES;
				COPY_PHASE_STRIP = NO;
				DEBUG_INFORMATION_FORMAT = dwarf;
				ENABLE_STRICT_OBJC_MSGSEND = YES;
				ENABLE_TESTABILITY = YES;
				GCC_C_LANGUAGE_STANDARD = gnu11;
				GCC_DYNAMIC_NO_PIC = NO;
				GCC_NO_COMMON_BLOCKS = YES;
				GCC_OPTIMIZATION_LEVEL = 0;
				GCC_PREPROCESSOR_DEFINITIONS = (
					"DEBUG=1",
					"$(inherited)",
				);
				GCC_WARN_64_TO_32_BIT_CONVERSION = YES;
				GCC_WARN_ABOUT_RETURN_TYPE = YES_ERROR;
				GCC_WARN_UNDECLARED_SELECTOR = YES;
				GCC_WARN_UNINITIALIZED_AUTOS = YES_AGGRESSIVE;
				GCC_WARN_UNUSED_FUNCTION = YES;
				GCC_WARN_UNUSED_VARIABLE = YES;
				IPHONEOS_DEPLOYMENT_TARGET = 13.2;
				MTL_ENABLE_DEBUG_INFO = INCLUDE_SOURCE;
				MTL_FAST_MATH = YES;
				ONLY_ACTIVE_ARCH = YES;
				SDKROOT = iphoneos;
				SWIFT_ACTIVE_COMPILATION_CONDITIONS = DEBUG;
				SWIFT_OPTIMIZATION_LEVEL = "-Onone";
			};
			name = Debug;
		};
		108A0D91236FB42400D687D1 /* Release */ = {
			isa = XCBuildConfiguration;
			buildSettings = {
				ALWAYS_SEARCH_USER_PATHS = NO;
				CLANG_ANALYZER_NONNULL = YES;
				CLANG_ANALYZER_NUMBER_OBJECT_CONVERSION = YES_AGGRESSIVE;
				CLANG_CXX_LANGUAGE_STANDARD = "gnu++14";
				CLANG_CXX_LIBRARY = "libc++";
				CLANG_ENABLE_MODULES = YES;
				CLANG_ENABLE_OBJC_ARC = YES;
				CLANG_ENABLE_OBJC_WEAK = YES;
				CLANG_WARN_BLOCK_CAPTURE_AUTORELEASING = YES;
				CLANG_WARN_BOOL_CONVERSION = YES;
				CLANG_WARN_COMMA = YES;
				CLANG_WARN_CONSTANT_CONVERSION = YES;
				CLANG_WARN_DEPRECATED_OBJC_IMPLEMENTATIONS = YES;
				CLANG_WARN_DIRECT_OBJC_ISA_USAGE = YES_ERROR;
				CLANG_WARN_DOCUMENTATION_COMMENTS = YES;
				CLANG_WARN_EMPTY_BODY = YES;
				CLANG_WARN_ENUM_CONVERSION = YES;
				CLANG_WARN_INFINITE_RECURSION = YES;
				CLANG_WARN_INT_CONVERSION = YES;
				CLANG_WARN_NON_LITERAL_NULL_CONVERSION = YES;
				CLANG_WARN_OBJC_IMPLICIT_RETAIN_SELF = YES;
				CLANG_WARN_OBJC_LITERAL_CONVERSION = YES;
				CLANG_WARN_OBJC_ROOT_CLASS = YES_ERROR;
				CLANG_WARN_RANGE_LOOP_ANALYSIS = YES;
				CLANG_WARN_STRICT_PROTOTYPES = YES;
				CLANG_WARN_SUSPICIOUS_MOVE = YES;
				CLANG_WARN_UNGUARDED_AVAILABILITY = YES_AGGRESSIVE;
				CLANG_WARN_UNREACHABLE_CODE = YES;
				CLANG_WARN__DUPLICATE_METHOD_MATCH = YES;
				COPY_PHASE_STRIP = NO;
				DEBUG_INFORMATION_FORMAT = "dwarf-with-dsym";
				ENABLE_NS_ASSERTIONS = NO;
				ENABLE_STRICT_OBJC_MSGSEND = YES;
				GCC_C_LANGUAGE_STANDARD = gnu11;
				GCC_NO_COMMON_BLOCKS = YES;
				GCC_WARN_64_TO_32_BIT_CONVERSION = YES;
				GCC_WARN_ABOUT_RETURN_TYPE = YES_ERROR;
				GCC_WARN_UNDECLARED_SELECTOR = YES;
				GCC_WARN_UNINITIALIZED_AUTOS = YES_AGGRESSIVE;
				GCC_WARN_UNUSED_FUNCTION = YES;
				GCC_WARN_UNUSED_VARIABLE = YES;
				IPHONEOS_DEPLOYMENT_TARGET = 13.2;
				MTL_ENABLE_DEBUG_INFO = NO;
				MTL_FAST_MATH = YES;
				SDKROOT = iphoneos;
				SWIFT_COMPILATION_MODE = wholemodule;
				SWIFT_OPTIMIZATION_LEVEL = "-O";
				VALIDATE_PRODUCT = YES;
			};
			name = Release;
		};
		108A0D93236FB42400D687D1 /* Debug */ = {
			isa = XCBuildConfiguration;
			buildSettings = {
				ASSETCATALOG_COMPILER_APPICON_NAME = AppIcon;
				CODE_SIGN_STYLE = Automatic;
				DEVELOPMENT_ASSET_PATHS = "\"FOAM Demo App/Preview Content\"";
				ENABLE_PREVIEWS = YES;
				INFOPLIST_FILE = "FOAM Demo App/Info.plist";
				LD_RUNPATH_SEARCH_PATHS = (
					"$(inherited)",
					"@executable_path/Frameworks",
				);
				PRODUCT_BUNDLE_IDENTIFIER = "demos.cross-platform.swift.FOAM-Demo-App";
				PRODUCT_NAME = "$(TARGET_NAME)";
				SWIFT_VERSION = 5.0;
				TARGETED_DEVICE_FAMILY = "1,2";
			};
			name = Debug;
		};
		108A0D94236FB42400D687D1 /* Release */ = {
			isa = XCBuildConfiguration;
			buildSettings = {
				ASSETCATALOG_COMPILER_APPICON_NAME = AppIcon;
				CODE_SIGN_STYLE = Automatic;
				DEVELOPMENT_ASSET_PATHS = "\"FOAM Demo App/Preview Content\"";
				ENABLE_PREVIEWS = YES;
				INFOPLIST_FILE = "FOAM Demo App/Info.plist";
				LD_RUNPATH_SEARCH_PATHS = (
					"$(inherited)",
					"@executable_path/Frameworks",
				);
				PRODUCT_BUNDLE_IDENTIFIER = "demos.cross-platform.swift.FOAM-Demo-App";
				PRODUCT_NAME = "$(TARGET_NAME)";
				SWIFT_VERSION = 5.0;
				TARGETED_DEVICE_FAMILY = "1,2";
			};
			name = Release;
		};
		108A0D96236FB42400D687D1 /* Debug */ = {
			isa = XCBuildConfiguration;
			buildSettings = {
				ALWAYS_EMBED_SWIFT_STANDARD_LIBRARIES = YES;
				BUNDLE_LOADER = "$(TEST_HOST)";
				CODE_SIGN_STYLE = Automatic;
				INFOPLIST_FILE = "FOAM Demo AppTests/Info.plist";
				IPHONEOS_DEPLOYMENT_TARGET = 13.2;
				LD_RUNPATH_SEARCH_PATHS = (
					"$(inherited)",
					"@executable_path/Frameworks",
					"@loader_path/Frameworks",
				);
				PRODUCT_BUNDLE_IDENTIFIER = "demos.cross-platform.swift.FOAM-Demo-AppTests";
				PRODUCT_NAME = "$(TARGET_NAME)";
				SWIFT_VERSION = 5.0;
				TARGETED_DEVICE_FAMILY = "1,2";
				TEST_HOST = "$(BUILT_PRODUCTS_DIR)/FOAM Demo App.app/FOAM Demo App";
			};
			name = Debug;
		};
		108A0D97236FB42400D687D1 /* Release */ = {
			isa = XCBuildConfiguration;
			buildSettings = {
				ALWAYS_EMBED_SWIFT_STANDARD_LIBRARIES = YES;
				BUNDLE_LOADER = "$(TEST_HOST)";
				CODE_SIGN_STYLE = Automatic;
				INFOPLIST_FILE = "FOAM Demo AppTests/Info.plist";
				IPHONEOS_DEPLOYMENT_TARGET = 13.2;
				LD_RUNPATH_SEARCH_PATHS = (
					"$(inherited)",
					"@executable_path/Frameworks",
					"@loader_path/Frameworks",
				);
				PRODUCT_BUNDLE_IDENTIFIER = "demos.cross-platform.swift.FOAM-Demo-AppTests";
				PRODUCT_NAME = "$(TARGET_NAME)";
				SWIFT_VERSION = 5.0;
				TARGETED_DEVICE_FAMILY = "1,2";
				TEST_HOST = "$(BUILT_PRODUCTS_DIR)/FOAM Demo App.app/FOAM Demo App";
			};
			name = Release;
		};
		108A0D99236FB42400D687D1 /* Debug */ = {
			isa = XCBuildConfiguration;
			buildSettings = {
				ALWAYS_EMBED_SWIFT_STANDARD_LIBRARIES = YES;
				CODE_SIGN_STYLE = Automatic;
				INFOPLIST_FILE = "FOAM Demo AppUITests/Info.plist";
				LD_RUNPATH_SEARCH_PATHS = (
					"$(inherited)",
					"@executable_path/Frameworks",
					"@loader_path/Frameworks",
				);
				PRODUCT_BUNDLE_IDENTIFIER = "demos.cross-platform.swift.FOAM-Demo-AppUITests";
				PRODUCT_NAME = "$(TARGET_NAME)";
				SWIFT_VERSION = 5.0;
				TARGETED_DEVICE_FAMILY = "1,2";
				TEST_TARGET_NAME = "FOAM Demo App";
			};
			name = Debug;
		};
		108A0D9A236FB42400D687D1 /* Release */ = {
			isa = XCBuildConfiguration;
			buildSettings = {
				ALWAYS_EMBED_SWIFT_STANDARD_LIBRARIES = YES;
				CODE_SIGN_STYLE = Automatic;
				INFOPLIST_FILE = "FOAM Demo AppUITests/Info.plist";
				LD_RUNPATH_SEARCH_PATHS = (
					"$(inherited)",
					"@executable_path/Frameworks",
					"@loader_path/Frameworks",
				);
				PRODUCT_BUNDLE_IDENTIFIER = "demos.cross-platform.swift.FOAM-Demo-AppUITests";
				PRODUCT_NAME = "$(TARGET_NAME)";
				SWIFT_VERSION = 5.0;
				TARGETED_DEVICE_FAMILY = "1,2";
				TEST_TARGET_NAME = "FOAM Demo App";
			};
			name = Release;
		};
/* End XCBuildConfiguration section */

/* Begin XCConfigurationList section */
		108A0D63236FB42100D687D1 /* Build configuration list for PBXProject "FOAM Demo App" */ = {
			isa = XCConfigurationList;
			buildConfigurations = (
				108A0D90236FB42400D687D1 /* Debug */,
				108A0D91236FB42400D687D1 /* Release */,
			);
			defaultConfigurationIsVisible = 0;
			defaultConfigurationName = Release;
		};
		108A0D92236FB42400D687D1 /* Build configuration list for PBXNativeTarget "FOAM Demo App" */ = {
			isa = XCConfigurationList;
			buildConfigurations = (
				108A0D93236FB42400D687D1 /* Debug */,
				108A0D94236FB42400D687D1 /* Release */,
			);
			defaultConfigurationIsVisible = 0;
			defaultConfigurationName = Release;
		};
		108A0D95236FB42400D687D1 /* Build configuration list for PBXNativeTarget "FOAM Demo AppTests" */ = {
			isa = XCConfigurationList;
			buildConfigurations = (
				108A0D96236FB42400D687D1 /* Debug */,
				108A0D97236FB42400D687D1 /* Release */,
			);
			defaultConfigurationIsVisible = 0;
			defaultConfigurationName = Release;
		};
		108A0D98236FB42400D687D1 /* Build configuration list for PBXNativeTarget "FOAM Demo AppUITests" */ = {
			isa = XCConfigurationList;
			buildConfigurations = (
				108A0D99236FB42400D687D1 /* Debug */,
				108A0D9A236FB42400D687D1 /* Release */,
			);
			defaultConfigurationIsVisible = 0;
			defaultConfigurationName = Release;
		};
/* End XCConfigurationList section */
	};
	rootObject = 108A0D60236FB42100D687D1 /* Project object */;
}
