// !$*UTF8*$!
{
	archiveVersion = 1;
	classes = {
	};
	objectVersion = 50;
	objects = {

/* Begin PBXBuildFile section */
		108A0D6C236FB42100D687D1 /* AppDelegate.swift in Sources */ = {isa = PBXBuildFile; fileRef = 108A0D6B236FB42100D687D1 /* AppDelegate.swift */; };
		108A0D6E236FB42100D687D1 /* SceneDelegate.swift in Sources */ = {isa = PBXBuildFile; fileRef = 108A0D6D236FB42100D687D1 /* SceneDelegate.swift */; };
		108A0D70236FB42100D687D1 /* ContentView.swift in Sources */ = {isa = PBXBuildFile; fileRef = 108A0D6F236FB42100D687D1 /* ContentView.swift */; };
		108A0D72236FB42300D687D1 /* Assets.xcassets in Resources */ = {isa = PBXBuildFile; fileRef = 108A0D71236FB42300D687D1 /* Assets.xcassets */; };
		108A0D75236FB42300D687D1 /* Preview Assets.xcassets in Resources */ = {isa = PBXBuildFile; fileRef = 108A0D74236FB42300D687D1 /* Preview Assets.xcassets */; };
		108A0D78236FB42300D687D1 /* LaunchScreen.storyboard in Resources */ = {isa = PBXBuildFile; fileRef = 108A0D76236FB42300D687D1 /* LaunchScreen.storyboard */; };
		108A0D83236FB42300D687D1 /* FOAM_Demo_AppTests.swift in Sources */ = {isa = PBXBuildFile; fileRef = 108A0D82236FB42300D687D1 /* FOAM_Demo_AppTests.swift */; };
		108A0D8E236FB42400D687D1 /* FOAM_Demo_AppUITests.swift in Sources */ = {isa = PBXBuildFile; fileRef = 108A0D8D236FB42400D687D1 /* FOAM_Demo_AppUITests.swift */; };
		10EAC422237E708000FD7C98 /* test_demo_PersonTests.swift in Sources */ = {isa = PBXBuildFile; fileRef = 10EAC421237E708000FD7C98 /* test_demo_PersonTests.swift */; };
		10EAC42C237F24A600FD7C98 /* test_demo_ReactionTests.swift in Sources */ = {isa = PBXBuildFile; fileRef = 10EAC42B237F24A600FD7C98 /* test_demo_ReactionTests.swift */; };
		10EAC4A9237F251400FD7C98 /* foam_core_AnonymousAxiom.swift in Sources */ = {isa = PBXBuildFile; fileRef = 10EAC42E237F251400FD7C98 /* foam_core_AnonymousAxiom.swift */; };
		10EAC4AA237F251400FD7C98 /* foam_cross_platform_ContextClass.swift in Sources */ = {isa = PBXBuildFile; fileRef = 10EAC42F237F251400FD7C98 /* foam_cross_platform_ContextClass.swift */; };
		10EAC4AB237F251400FD7C98 /* foam_cross_platform_type_NullType.swift in Sources */ = {isa = PBXBuildFile; fileRef = 10EAC430237F251400FD7C98 /* foam_cross_platform_type_NullType.swift */; };
		10EAC4AC237F251400FD7C98 /* foam_core_internal_SubSlot.swift in Sources */ = {isa = PBXBuildFile; fileRef = 10EAC431237F251400FD7C98 /* foam_core_internal_SubSlot.swift */; };
		10EAC4AD237F251400FD7C98 /* foam_cross_platform_type_BooleanType.swift in Sources */ = {isa = PBXBuildFile; fileRef = 10EAC432237F251400FD7C98 /* foam_cross_platform_type_BooleanType.swift */; };
		10EAC4AE237F251400FD7C98 /* foam_u2_view_TableCellFormatter.swift in Sources */ = {isa = PBXBuildFile; fileRef = 10EAC433237F251400FD7C98 /* foam_u2_view_TableCellFormatter.swift */; };
		10EAC4AF237F251400FD7C98 /* foam_layout_SectionAxiom.swift in Sources */ = {isa = PBXBuildFile; fileRef = 10EAC434237F251400FD7C98 /* foam_layout_SectionAxiom.swift */; };
		10EAC4B0237F251400FD7C98 /* foam_cross_platform_ListenerList.swift in Sources */ = {isa = PBXBuildFile; fileRef = 10EAC435237F251400FD7C98 /* foam_cross_platform_ListenerList.swift */; };
		10EAC4B1237F251400FD7C98 /* foam_core_AbstractEnum.swift in Sources */ = {isa = PBXBuildFile; fileRef = 10EAC436237F251400FD7C98 /* foam_core_AbstractEnum.swift */; };
		10EAC4B2237F251400FD7C98 /* foam_cross_platform_TopicClass.swift in Sources */ = {isa = PBXBuildFile; fileRef = 10EAC437237F251400FD7C98 /* foam_cross_platform_TopicClass.swift */; };
		10EAC4B3237F251400FD7C98 /* foam_core_BooleanProperty.swift in Sources */ = {isa = PBXBuildFile; fileRef = 10EAC438237F251400FD7C98 /* foam_core_BooleanProperty.swift */; };
		10EAC4B4237F251400FD7C98 /* foam_cross_platform_Topic.swift in Sources */ = {isa = PBXBuildFile; fileRef = 10EAC439237F251400FD7C98 /* foam_cross_platform_Topic.swift */; };
		10EAC4B5237F251400FD7C98 /* demo_Reaction.swift in Sources */ = {isa = PBXBuildFile; fileRef = 10EAC43A237F251400FD7C98 /* demo_Reaction.swift */; };
		10EAC4B6237F251400FD7C98 /* foam_core_MapProperty.swift in Sources */ = {isa = PBXBuildFile; fileRef = 10EAC43B237F251400FD7C98 /* foam_core_MapProperty.swift */; };
		10EAC4B7237F251400FD7C98 /* foam_mlang_order_Comparator.swift in Sources */ = {isa = PBXBuildFile; fileRef = 10EAC43C237F251400FD7C98 /* foam_mlang_order_Comparator.swift */; };
		10EAC4B8237F251400FD7C98 /* foam_core_StringProperty.swift in Sources */ = {isa = PBXBuildFile; fileRef = 10EAC43D237F251400FD7C98 /* foam_core_StringProperty.swift */; };
		10EAC4B9237F251400FD7C98 /* foam_cross_platform_code_generation_refines_TestAxiom.swift in Sources */ = {isa = PBXBuildFile; fileRef = 10EAC43E237F251400FD7C98 /* foam_cross_platform_code_generation_refines_TestAxiom.swift */; };
		10EAC4BA237F251400FD7C98 /* foam_cross_platform_GenericFunction.swift in Sources */ = {isa = PBXBuildFile; fileRef = 10EAC43F237F251400FD7C98 /* foam_cross_platform_GenericFunction.swift */; };
		10EAC4BB237F251400FD7C98 /* foam_cross_platform_type_FObjectType.swift in Sources */ = {isa = PBXBuildFile; fileRef = 10EAC440237F251400FD7C98 /* foam_cross_platform_type_FObjectType.swift */; };
		10EAC4BC237F251400FD7C98 /* foam_cross_platform_type_Type.swift in Sources */ = {isa = PBXBuildFile; fileRef = 10EAC441237F251400FD7C98 /* foam_cross_platform_type_Type.swift */; };
		10EAC4BD237F251400FD7C98 /* foam_parse_Grammar.swift in Sources */ = {isa = PBXBuildFile; fileRef = 10EAC442237F251400FD7C98 /* foam_parse_Grammar.swift */; };
		10EAC4BE237F251400FD7C98 /* foam_u2_view_Formatter.swift in Sources */ = {isa = PBXBuildFile; fileRef = 10EAC443237F251400FD7C98 /* foam_u2_view_Formatter.swift */; };
		10EAC4BF237F251400FD7C98 /* foam_swift_Argument.swift in Sources */ = {isa = PBXBuildFile; fileRef = 10EAC444237F251400FD7C98 /* foam_swift_Argument.swift */; };
		10EAC4C0237F251400FD7C98 /* foam_core_StringArrayProperty.swift in Sources */ = {isa = PBXBuildFile; fileRef = 10EAC445237F251400FD7C98 /* foam_core_StringArrayProperty.swift */; };
		10EAC4C1237F251400FD7C98 /* foam_core_PromiseProperty.swift in Sources */ = {isa = PBXBuildFile; fileRef = 10EAC446237F251400FD7C98 /* foam_core_PromiseProperty.swift */; };
		10EAC4C2237F251400FD7C98 /* foam_cross_platform_FObjectClass.swift in Sources */ = {isa = PBXBuildFile; fileRef = 10EAC447237F251400FD7C98 /* foam_cross_platform_FObjectClass.swift */; };
		10EAC4C3237F251400FD7C98 /* foam_mlang_predicate_PredicateClass.swift in Sources */ = {isa = PBXBuildFile; fileRef = 10EAC448237F251400FD7C98 /* foam_mlang_predicate_PredicateClass.swift */; };
		10EAC4C4237F251400FD7C98 /* foam_core_Reaction.swift in Sources */ = {isa = PBXBuildFile; fileRef = 10EAC449237F251400FD7C98 /* foam_core_Reaction.swift */; };
		10EAC4C5237F251400FD7C98 /* foam_core_Static.swift in Sources */ = {isa = PBXBuildFile; fileRef = 10EAC44A237F251400FD7C98 /* foam_core_Static.swift */; };
		10EAC4C6237F251400FD7C98 /* foam_dao_SQLStatement.swift in Sources */ = {isa = PBXBuildFile; fileRef = 10EAC44B237F251400FD7C98 /* foam_dao_SQLStatement.swift */; };
		10EAC4C7237F251400FD7C98 /* foam_u2_view_FnFormatter.swift in Sources */ = {isa = PBXBuildFile; fileRef = 10EAC44C237F251400FD7C98 /* foam_u2_view_FnFormatter.swift */; };
		10EAC4C8237F251400FD7C98 /* foam_core_AxiomArray.swift in Sources */ = {isa = PBXBuildFile; fileRef = 10EAC44D237F251400FD7C98 /* foam_core_AxiomArray.swift */; };
		10EAC4C9237F251400FD7C98 /* foam_core_DateProperty.swift in Sources */ = {isa = PBXBuildFile; fileRef = 10EAC44E237F251400FD7C98 /* foam_core_DateProperty.swift */; };
		10EAC4CA237F251400FD7C98 /* foam_core_ValidationPredicate.swift in Sources */ = {isa = PBXBuildFile; fileRef = 10EAC44F237F251400FD7C98 /* foam_core_ValidationPredicate.swift */; };
		10EAC4CB237F251400FD7C98 /* foam_core_AbstractInterfaceClass.swift in Sources */ = {isa = PBXBuildFile; fileRef = 10EAC450237F251400FD7C98 /* foam_core_AbstractInterfaceClass.swift */; };
		10EAC4CC237F251400FD7C98 /* foam_cross_platform_SubTopic.swift in Sources */ = {isa = PBXBuildFile; fileRef = 10EAC451237F251400FD7C98 /* foam_cross_platform_SubTopic.swift */; };
		10EAC4CD237F251400FD7C98 /* foam_cross_platform_ListenerClass.swift in Sources */ = {isa = PBXBuildFile; fileRef = 10EAC452237F251400FD7C98 /* foam_cross_platform_ListenerClass.swift */; };
		10EAC4CE237F251400FD7C98 /* foam_templates_TemplateOutput.swift in Sources */ = {isa = PBXBuildFile; fileRef = 10EAC453237F251400FD7C98 /* foam_templates_TemplateOutput.swift */; };
		10EAC4CF237F251400FD7C98 /* foam_core_internal_EnumValueAxiom.swift in Sources */ = {isa = PBXBuildFile; fileRef = 10EAC454237F251400FD7C98 /* foam_core_internal_EnumValueAxiom.swift */; };
		10EAC4D0237F251400FD7C98 /* foam_core_InnerClass.swift in Sources */ = {isa = PBXBuildFile; fileRef = 10EAC455237F251400FD7C98 /* foam_core_InnerClass.swift */; };
		10EAC4D1237F251400FD7C98 /* foam_core_Listener.swift in Sources */ = {isa = PBXBuildFile; fileRef = 10EAC456237F251400FD7C98 /* foam_core_Listener.swift */; };
		10EAC4D2237F251400FD7C98 /* foam_lib_csv_CSVOutputter.swift in Sources */ = {isa = PBXBuildFile; fileRef = 10EAC457237F251400FD7C98 /* foam_lib_csv_CSVOutputter.swift */; };
		10EAC4D3237F251400FD7C98 /* foam_core_ProxySub.swift in Sources */ = {isa = PBXBuildFile; fileRef = 10EAC458237F251400FD7C98 /* foam_core_ProxySub.swift */; };
		10EAC4D4237F251400FD7C98 /* foam_cross_platform_GenericFunctionClass.swift in Sources */ = {isa = PBXBuildFile; fileRef = 10EAC459237F251400FD7C98 /* foam_cross_platform_GenericFunctionClass.swift */; };
		10EAC4D5237F251400FD7C98 /* foam_core_internal_PropertySlot.swift in Sources */ = {isa = PBXBuildFile; fileRef = 10EAC45A237F251400FD7C98 /* foam_core_internal_PropertySlot.swift */; };
		10EAC4D6237F251400FD7C98 /* foam_dao_SQLStatementClass.swift in Sources */ = {isa = PBXBuildFile; fileRef = 10EAC45B237F251400FD7C98 /* foam_dao_SQLStatementClass.swift */; };
		10EAC4D7237F251400FD7C98 /* foam_lib_csv_ProxyCSVOutputter.swift in Sources */ = {isa = PBXBuildFile; fileRef = 10EAC45C237F251400FD7C98 /* foam_lib_csv_ProxyCSVOutputter.swift */; };
		10EAC4D8237F251400FD7C98 /* foam_core_AbstractMethod.swift in Sources */ = {isa = PBXBuildFile; fileRef = 10EAC45D237F251400FD7C98 /* foam_core_AbstractMethod.swift */; };
		10EAC4D9237F251400FD7C98 /* foam_parse_StringPStream.swift in Sources */ = {isa = PBXBuildFile; fileRef = 10EAC45E237F251400FD7C98 /* foam_parse_StringPStream.swift */; };
		10EAC4DA237F251400FD7C98 /* foam_cross_platform_type_UnknownType.swift in Sources */ = {isa = PBXBuildFile; fileRef = 10EAC45F237F251400FD7C98 /* foam_cross_platform_type_UnknownType.swift */; };
		10EAC4DB237F251400FD7C98 /* foam_core_Topic.swift in Sources */ = {isa = PBXBuildFile; fileRef = 10EAC460237F251400FD7C98 /* foam_core_Topic.swift */; };
		10EAC4DC237F251400FD7C98 /* foam_core_internal_Errors.swift in Sources */ = {isa = PBXBuildFile; fileRef = 10EAC461237F251400FD7C98 /* foam_core_internal_Errors.swift */; };
		10EAC4DD237F251400FD7C98 /* foam_pattern_Singleton.swift in Sources */ = {isa = PBXBuildFile; fileRef = 10EAC462237F251400FD7C98 /* foam_pattern_Singleton.swift */; };
		10EAC4DE237F251400FD7C98 /* foam_core_Slot.swift in Sources */ = {isa = PBXBuildFile; fileRef = 10EAC463237F251400FD7C98 /* foam_core_Slot.swift */; };
		10EAC4DF237F251400FD7C98 /* foam_cross_platform_Context.swift in Sources */ = {isa = PBXBuildFile; fileRef = 10EAC464237F251400FD7C98 /* foam_cross_platform_Context.swift */; };
		10EAC4E0237F251400FD7C98 /* demo_Person.swift in Sources */ = {isa = PBXBuildFile; fileRef = 10EAC465237F251400FD7C98 /* demo_Person.swift */; };
		10EAC4E1237F251400FD7C98 /* foam_core_Requires.swift in Sources */ = {isa = PBXBuildFile; fileRef = 10EAC466237F251400FD7C98 /* foam_core_Requires.swift */; };
		10EAC4E2237F251400FD7C98 /* foam_core_PromiseSlot.swift in Sources */ = {isa = PBXBuildFile; fileRef = 10EAC467237F251400FD7C98 /* foam_core_PromiseSlot.swift */; };
		10EAC4E3237F251400FD7C98 /* foam_core_DetachableClass.swift in Sources */ = {isa = PBXBuildFile; fileRef = 10EAC468237F251400FD7C98 /* foam_core_DetachableClass.swift */; };
		10EAC4E4237F251400FD7C98 /* foam_core_SlotInterface.swift in Sources */ = {isa = PBXBuildFile; fileRef = 10EAC469237F251400FD7C98 /* foam_core_SlotInterface.swift */; };
		10EAC4E5237F251400FD7C98 /* foam_templates_TemplateAxiom.swift in Sources */ = {isa = PBXBuildFile; fileRef = 10EAC46A237F251400FD7C98 /* foam_templates_TemplateAxiom.swift */; };
		10EAC4E6237F251400FD7C98 /* foam_templates_TemplateUtil.swift in Sources */ = {isa = PBXBuildFile; fileRef = 10EAC46B237F251400FD7C98 /* foam_templates_TemplateUtil.swift */; };
		10EAC4E7237F251400FD7C98 /* foam_core_ClassProperty.swift in Sources */ = {isa = PBXBuildFile; fileRef = 10EAC46C237F251400FD7C98 /* foam_core_ClassProperty.swift */; };
		10EAC4E8237F251400FD7C98 /* foam_cross_platform_type_ArrayType.swift in Sources */ = {isa = PBXBuildFile; fileRef = 10EAC46D237F251400FD7C98 /* foam_cross_platform_type_ArrayType.swift */; };
		10EAC4E9237F251400FD7C98 /* foam_cross_platform_Promise.swift in Sources */ = {isa = PBXBuildFile; fileRef = 10EAC46E237F251400FD7C98 /* foam_cross_platform_Promise.swift */; };
		10EAC4EA237F251400FD7C98 /* foam_u2_ViewSpec.swift in Sources */ = {isa = PBXBuildFile; fileRef = 10EAC46F237F251400FD7C98 /* foam_u2_ViewSpec.swift */; };
		10EAC4EB237F251400FD7C98 /* foam_cross_platform_NullFunction.swift in Sources */ = {isa = PBXBuildFile; fileRef = 10EAC470237F251400FD7C98 /* foam_cross_platform_NullFunction.swift */; };
		10EAC4EC237F251400FD7C98 /* foam_cross_platform_type_TypeClass.swift in Sources */ = {isa = PBXBuildFile; fileRef = 10EAC471237F251400FD7C98 /* foam_cross_platform_type_TypeClass.swift */; };
		10EAC4ED237F251400FD7C98 /* foam_swift_SwiftTypeProperty.swift in Sources */ = {isa = PBXBuildFile; fileRef = 10EAC472237F251400FD7C98 /* foam_swift_SwiftTypeProperty.swift */; };
		10EAC4EE237F251400FD7C98 /* foam_core_Method.swift in Sources */ = {isa = PBXBuildFile; fileRef = 10EAC473237F251400FD7C98 /* foam_core_Method.swift */; };
		10EAC4EF237F251400FD7C98 /* foam_u2_view_FormatterClass.swift in Sources */ = {isa = PBXBuildFile; fileRef = 10EAC474237F251400FD7C98 /* foam_u2_view_FormatterClass.swift */; };
		10EAC4F0237F251400FD7C98 /* foam_swift_AnonymousGenericFunction.swift in Sources */ = {isa = PBXBuildFile; fileRef = 10EAC475237F251400FD7C98 /* foam_swift_AnonymousGenericFunction.swift */; };
		10EAC4F1237F251400FD7C98 /* foam_core_Enum.swift in Sources */ = {isa = PBXBuildFile; fileRef = 10EAC476237F251400FD7C98 /* foam_core_Enum.swift */; };
		10EAC4F2237F251400FD7C98 /* foam_core_LongProperty.swift in Sources */ = {isa = PBXBuildFile; fileRef = 10EAC477237F251400FD7C98 /* foam_core_LongProperty.swift */; };
		10EAC4F3237F251400FD7C98 /* foam_parse_ParserProperty.swift in Sources */ = {isa = PBXBuildFile; fileRef = 10EAC478237F251400FD7C98 /* foam_parse_ParserProperty.swift */; };
		10EAC4F4237F251400FD7C98 /* foam_core_Model.swift in Sources */ = {isa = PBXBuildFile; fileRef = 10EAC479237F251400FD7C98 /* foam_core_Model.swift */; };
		10EAC4F5237F251400FD7C98 /* foam_cross_platform_FoamClass.swift in Sources */ = {isa = PBXBuildFile; fileRef = 10EAC47A237F251400FD7C98 /* foam_cross_platform_FoamClass.swift */; };
		10EAC4F6237F251400FD7C98 /* foam_cross_platform_AbstractFObject.swift in Sources */ = {isa = PBXBuildFile; fileRef = 10EAC47B237F251400FD7C98 /* foam_cross_platform_AbstractFObject.swift */; };
		10EAC4F7237F251400FD7C98 /* foam_core_SlotInterfaceClass.swift in Sources */ = {isa = PBXBuildFile; fileRef = 10EAC47C237F251400FD7C98 /* foam_core_SlotInterfaceClass.swift */; };
		10EAC4F8237F251400FD7C98 /* foam_core_Proxy.swift in Sources */ = {isa = PBXBuildFile; fileRef = 10EAC47D237F251400FD7C98 /* foam_core_Proxy.swift */; };
		10EAC4F9237F251400FD7C98 /* demo_Tests.swift in Sources */ = {isa = PBXBuildFile; fileRef = 10EAC47E237F251400FD7C98 /* demo_Tests.swift */; };
		10EAC4FA237F251400FD7C98 /* foam_core_IntProperty.swift in Sources */ = {isa = PBXBuildFile; fileRef = 10EAC47F237F251400FD7C98 /* foam_core_IntProperty.swift */; };
		10EAC4FB237F251400FD7C98 /* foam_swift_AnonymousListener.swift in Sources */ = {isa = PBXBuildFile; fileRef = 10EAC480237F251400FD7C98 /* foam_swift_AnonymousListener.swift */; };
		10EAC4FC237F251400FD7C98 /* foam_core_Property.swift in Sources */ = {isa = PBXBuildFile; fileRef = 10EAC481237F251400FD7C98 /* foam_core_Property.swift */; };
		10EAC4FD237F251400FD7C98 /* foam_core_AnonymousDetachable.swift in Sources */ = {isa = PBXBuildFile; fileRef = 10EAC482237F251400FD7C98 /* foam_core_AnonymousDetachable.swift */; };
		10EAC4FE237F251400FD7C98 /* foam_core_ArrayProperty.swift in Sources */ = {isa = PBXBuildFile; fileRef = 10EAC483237F251400FD7C98 /* foam_core_ArrayProperty.swift */; };
		10EAC4FF237F251400FD7C98 /* foam_core_EventProxy.swift in Sources */ = {isa = PBXBuildFile; fileRef = 10EAC484237F251400FD7C98 /* foam_core_EventProxy.swift */; };
		10EAC500237F251400FD7C98 /* foam_cross_platform_FObject.swift in Sources */ = {isa = PBXBuildFile; fileRef = 10EAC485237F251400FD7C98 /* foam_cross_platform_FObject.swift */; };
		10EAC501237F251400FD7C98 /* foam_core_Simple.swift in Sources */ = {isa = PBXBuildFile; fileRef = 10EAC486237F251400FD7C98 /* foam_core_Simple.swift */; };
		10EAC502237F251400FD7C98 /* foam_parse_ParserWithAction.swift in Sources */ = {isa = PBXBuildFile; fileRef = 10EAC487237F251400FD7C98 /* foam_parse_ParserWithAction.swift */; };
		10EAC503237F251400FD7C98 /* foam_lib_csv_CSVOutputterClass.swift in Sources */ = {isa = PBXBuildFile; fileRef = 10EAC488237F251400FD7C98 /* foam_lib_csv_CSVOutputterClass.swift */; };
		10EAC504237F251400FD7C98 /* foam_core_ProxiedMethod.swift in Sources */ = {isa = PBXBuildFile; fileRef = 10EAC489237F251400FD7C98 /* foam_core_ProxiedMethod.swift */; };
		10EAC505237F251400FD7C98 /* foam_cross_platform_Lib.swift in Sources */ = {isa = PBXBuildFile; fileRef = 10EAC48A237F251400FD7C98 /* foam_cross_platform_Lib.swift */; };
		10EAC506237F251400FD7C98 /* foam_core_FObjectProperty.swift in Sources */ = {isa = PBXBuildFile; fileRef = 10EAC48B237F251400FD7C98 /* foam_core_FObjectProperty.swift */; };
		10EAC507237F251400FD7C98 /* foam_core_Argument.swift in Sources */ = {isa = PBXBuildFile; fileRef = 10EAC48C237F251400FD7C98 /* foam_core_Argument.swift */; };
		10EAC508237F251400FD7C98 /* foam_mlang_order_ComparatorClass.swift in Sources */ = {isa = PBXBuildFile; fileRef = 10EAC48D237F251400FD7C98 /* foam_mlang_order_ComparatorClass.swift */; };
		10EAC509237F251400FD7C98 /* foam_cross_platform_Listener.swift in Sources */ = {isa = PBXBuildFile; fileRef = 10EAC48E237F251400FD7C98 /* foam_cross_platform_Listener.swift */; };
		10EAC50A237F251400FD7C98 /* foam_mlang_predicate_Predicate.swift in Sources */ = {isa = PBXBuildFile; fileRef = 10EAC48F237F251400FD7C98 /* foam_mlang_predicate_Predicate.swift */; };
		10EAC50B237F251400FD7C98 /* foam_core_Constant.swift in Sources */ = {isa = PBXBuildFile; fileRef = 10EAC490237F251400FD7C98 /* foam_core_Constant.swift */; };
		10EAC50C237F251400FD7C98 /* foam_cross_platform_AsyncFunction.swift in Sources */ = {isa = PBXBuildFile; fileRef = 10EAC491237F251400FD7C98 /* foam_cross_platform_AsyncFunction.swift */; };
		10EAC50D237F251400FD7C98 /* foam_cross_platform_type_MapType.swift in Sources */ = {isa = PBXBuildFile; fileRef = 10EAC492237F251400FD7C98 /* foam_cross_platform_type_MapType.swift */; };
		10EAC50E237F251400FD7C98 /* foam_java_JavaImplements.swift in Sources */ = {isa = PBXBuildFile; fileRef = 10EAC493237F251400FD7C98 /* foam_java_JavaImplements.swift */; };
		10EAC50F237F251400FD7C98 /* foam_cross_platform_type_DateType.swift in Sources */ = {isa = PBXBuildFile; fileRef = 10EAC494237F251400FD7C98 /* foam_cross_platform_type_DateType.swift */; };
		10EAC510237F251400FD7C98 /* foam_lib_csv_PrefixedCSVOutputter.swift in Sources */ = {isa = PBXBuildFile; fileRef = 10EAC495237F251400FD7C98 /* foam_lib_csv_PrefixedCSVOutputter.swift */; };
		10EAC511237F251400FD7C98 /* foam_u2_TableColumns.swift in Sources */ = {isa = PBXBuildFile; fileRef = 10EAC496237F251400FD7C98 /* foam_u2_TableColumns.swift */; };
		10EAC512237F251400FD7C98 /* foam_core_ExpressionSlot.swift in Sources */ = {isa = PBXBuildFile; fileRef = 10EAC497237F251400FD7C98 /* foam_core_ExpressionSlot.swift */; };
		10EAC513237F251400FD7C98 /* foam_core_SimpleSlot.swift in Sources */ = {isa = PBXBuildFile; fileRef = 10EAC498237F251400FD7C98 /* foam_core_SimpleSlot.swift */; };
		10EAC514237F251400FD7C98 /* foam_core_Implements.swift in Sources */ = {isa = PBXBuildFile; fileRef = 10EAC499237F251400FD7C98 /* foam_core_Implements.swift */; };
		10EAC515237F251400FD7C98 /* foam_core_FObjectArray.swift in Sources */ = {isa = PBXBuildFile; fileRef = 10EAC49A237F251400FD7C98 /* foam_core_FObjectArray.swift */; };
		10EAC516237F251400FD7C98 /* foam_core_FunctionProperty.swift in Sources */ = {isa = PBXBuildFile; fileRef = 10EAC49B237F251400FD7C98 /* foam_core_FunctionProperty.swift */; };
		10EAC517237F251400FD7C98 /* foam_cross_platform_type_StringType.swift in Sources */ = {isa = PBXBuildFile; fileRef = 10EAC49C237F251400FD7C98 /* foam_cross_platform_type_StringType.swift */; };
		10EAC518237F251400FD7C98 /* foam_u2_Visibility.swift in Sources */ = {isa = PBXBuildFile; fileRef = 10EAC49D237F251400FD7C98 /* foam_u2_Visibility.swift */; };
		10EAC519237F251400FD7C98 /* foam_parse_PSymbol.swift in Sources */ = {isa = PBXBuildFile; fileRef = 10EAC49E237F251400FD7C98 /* foam_parse_PSymbol.swift */; };
		10EAC51A237F251400FD7C98 /* foam_pattern_Faceted.swift in Sources */ = {isa = PBXBuildFile; fileRef = 10EAC49F237F251400FD7C98 /* foam_pattern_Faceted.swift */; };
		10EAC51B237F251400FD7C98 /* foam_parse_ParserDecorator.swift in Sources */ = {isa = PBXBuildFile; fileRef = 10EAC4A0237F251400FD7C98 /* foam_parse_ParserDecorator.swift */; };
		10EAC51C237F251400FD7C98 /* foam_core_internal_InterfaceMethod.swift in Sources */ = {isa = PBXBuildFile; fileRef = 10EAC4A1237F251400FD7C98 /* foam_core_internal_InterfaceMethod.swift */; };
		10EAC51D237F251400FD7C98 /* foam_cross_platform_ProxyFunction.swift in Sources */ = {isa = PBXBuildFile; fileRef = 10EAC4A2237F251400FD7C98 /* foam_cross_platform_ProxyFunction.swift */; };
		10EAC51E237F251400FD7C98 /* foam_parse_ImperativeGrammar.swift in Sources */ = {isa = PBXBuildFile; fileRef = 10EAC4A3237F251400FD7C98 /* foam_parse_ImperativeGrammar.swift */; };
		10EAC51F237F251400FD7C98 /* foam_core_AbstractInterface.swift in Sources */ = {isa = PBXBuildFile; fileRef = 10EAC4A4237F251400FD7C98 /* foam_core_AbstractInterface.swift */; };
		10EAC520237F251400FD7C98 /* foam_core_Detachable.swift in Sources */ = {isa = PBXBuildFile; fileRef = 10EAC4A5237F251400FD7C98 /* foam_core_Detachable.swift */; };
		10EAC521237F251400FD7C98 /* foam_pattern_Multiton.swift in Sources */ = {isa = PBXBuildFile; fileRef = 10EAC4A6237F251400FD7C98 /* foam_pattern_Multiton.swift */; };
		10EAC522237F251400FD7C98 /* foam_cross_platform_type_Util.swift in Sources */ = {isa = PBXBuildFile; fileRef = 10EAC4A7237F251400FD7C98 /* foam_cross_platform_type_Util.swift */; };
		10EAC523237F251400FD7C98 /* foam_cross_platform_type_NumberType.swift in Sources */ = {isa = PBXBuildFile; fileRef = 10EAC4A8237F251400FD7C98 /* foam_cross_platform_type_NumberType.swift */; };
/* End PBXBuildFile section */

/* Begin PBXContainerItemProxy section */
		108A0D7F236FB42300D687D1 /* PBXContainerItemProxy */ = {
			isa = PBXContainerItemProxy;
			containerPortal = 108A0D60236FB42100D687D1 /* Project object */;
			proxyType = 1;
			remoteGlobalIDString = 108A0D67236FB42100D687D1;
			remoteInfo = "FOAM Demo App";
		};
		108A0D8A236FB42400D687D1 /* PBXContainerItemProxy */ = {
			isa = PBXContainerItemProxy;
			containerPortal = 108A0D60236FB42100D687D1 /* Project object */;
			proxyType = 1;
			remoteGlobalIDString = 108A0D67236FB42100D687D1;
			remoteInfo = "FOAM Demo App";
		};
/* End PBXContainerItemProxy section */

/* Begin PBXFileReference section */
		108A0D68236FB42100D687D1 /* FOAM Demo App.app */ = {isa = PBXFileReference; explicitFileType = wrapper.application; includeInIndex = 0; path = "FOAM Demo App.app"; sourceTree = BUILT_PRODUCTS_DIR; };
		108A0D6B236FB42100D687D1 /* AppDelegate.swift */ = {isa = PBXFileReference; lastKnownFileType = sourcecode.swift; path = AppDelegate.swift; sourceTree = "<group>"; };
		108A0D6D236FB42100D687D1 /* SceneDelegate.swift */ = {isa = PBXFileReference; lastKnownFileType = sourcecode.swift; path = SceneDelegate.swift; sourceTree = "<group>"; };
		108A0D6F236FB42100D687D1 /* ContentView.swift */ = {isa = PBXFileReference; lastKnownFileType = sourcecode.swift; path = ContentView.swift; sourceTree = "<group>"; };
		108A0D71236FB42300D687D1 /* Assets.xcassets */ = {isa = PBXFileReference; lastKnownFileType = folder.assetcatalog; path = Assets.xcassets; sourceTree = "<group>"; };
		108A0D74236FB42300D687D1 /* Preview Assets.xcassets */ = {isa = PBXFileReference; lastKnownFileType = folder.assetcatalog; path = "Preview Assets.xcassets"; sourceTree = "<group>"; };
		108A0D77236FB42300D687D1 /* Base */ = {isa = PBXFileReference; lastKnownFileType = file.storyboard; name = Base; path = Base.lproj/LaunchScreen.storyboard; sourceTree = "<group>"; };
		108A0D79236FB42300D687D1 /* Info.plist */ = {isa = PBXFileReference; lastKnownFileType = text.plist.xml; path = Info.plist; sourceTree = "<group>"; };
		108A0D7E236FB42300D687D1 /* FOAM Demo AppTests.xctest */ = {isa = PBXFileReference; explicitFileType = wrapper.cfbundle; includeInIndex = 0; path = "FOAM Demo AppTests.xctest"; sourceTree = BUILT_PRODUCTS_DIR; };
		108A0D82236FB42300D687D1 /* FOAM_Demo_AppTests.swift */ = {isa = PBXFileReference; lastKnownFileType = sourcecode.swift; path = FOAM_Demo_AppTests.swift; sourceTree = "<group>"; };
		108A0D84236FB42400D687D1 /* Info.plist */ = {isa = PBXFileReference; lastKnownFileType = text.plist.xml; path = Info.plist; sourceTree = "<group>"; };
		108A0D89236FB42400D687D1 /* FOAM Demo AppUITests.xctest */ = {isa = PBXFileReference; explicitFileType = wrapper.cfbundle; includeInIndex = 0; path = "FOAM Demo AppUITests.xctest"; sourceTree = BUILT_PRODUCTS_DIR; };
		108A0D8D236FB42400D687D1 /* FOAM_Demo_AppUITests.swift */ = {isa = PBXFileReference; lastKnownFileType = sourcecode.swift; path = FOAM_Demo_AppUITests.swift; sourceTree = "<group>"; };
		108A0D8F236FB42400D687D1 /* Info.plist */ = {isa = PBXFileReference; lastKnownFileType = text.plist.xml; path = Info.plist; sourceTree = "<group>"; };
		10EAC421237E708000FD7C98 /* test_demo_PersonTests.swift */ = {isa = PBXFileReference; fileEncoding = 4; lastKnownFileType = sourcecode.swift; path = test_demo_PersonTests.swift; sourceTree = "<group>"; };
		10EAC42B237F24A600FD7C98 /* test_demo_ReactionTests.swift */ = {isa = PBXFileReference; fileEncoding = 4; lastKnownFileType = sourcecode.swift; path = test_demo_ReactionTests.swift; sourceTree = "<group>"; };
		10EAC42E237F251400FD7C98 /* foam_core_AnonymousAxiom.swift */ = {isa = PBXFileReference; fileEncoding = 4; lastKnownFileType = sourcecode.swift; path = foam_core_AnonymousAxiom.swift; sourceTree = "<group>"; };
		10EAC42F237F251400FD7C98 /* foam_cross_platform_ContextClass.swift */ = {isa = PBXFileReference; fileEncoding = 4; lastKnownFileType = sourcecode.swift; path = foam_cross_platform_ContextClass.swift; sourceTree = "<group>"; };
		10EAC430237F251400FD7C98 /* foam_cross_platform_type_NullType.swift */ = {isa = PBXFileReference; fileEncoding = 4; lastKnownFileType = sourcecode.swift; path = foam_cross_platform_type_NullType.swift; sourceTree = "<group>"; };
		10EAC431237F251400FD7C98 /* foam_core_internal_SubSlot.swift */ = {isa = PBXFileReference; fileEncoding = 4; lastKnownFileType = sourcecode.swift; path = foam_core_internal_SubSlot.swift; sourceTree = "<group>"; };
		10EAC432237F251400FD7C98 /* foam_cross_platform_type_BooleanType.swift */ = {isa = PBXFileReference; fileEncoding = 4; lastKnownFileType = sourcecode.swift; path = foam_cross_platform_type_BooleanType.swift; sourceTree = "<group>"; };
		10EAC433237F251400FD7C98 /* foam_u2_view_TableCellFormatter.swift */ = {isa = PBXFileReference; fileEncoding = 4; lastKnownFileType = sourcecode.swift; path = foam_u2_view_TableCellFormatter.swift; sourceTree = "<group>"; };
		10EAC434237F251400FD7C98 /* foam_layout_SectionAxiom.swift */ = {isa = PBXFileReference; fileEncoding = 4; lastKnownFileType = sourcecode.swift; path = foam_layout_SectionAxiom.swift; sourceTree = "<group>"; };
		10EAC435237F251400FD7C98 /* foam_cross_platform_ListenerList.swift */ = {isa = PBXFileReference; fileEncoding = 4; lastKnownFileType = sourcecode.swift; path = foam_cross_platform_ListenerList.swift; sourceTree = "<group>"; };
		10EAC436237F251400FD7C98 /* foam_core_AbstractEnum.swift */ = {isa = PBXFileReference; fileEncoding = 4; lastKnownFileType = sourcecode.swift; path = foam_core_AbstractEnum.swift; sourceTree = "<group>"; };
		10EAC437237F251400FD7C98 /* foam_cross_platform_TopicClass.swift */ = {isa = PBXFileReference; fileEncoding = 4; lastKnownFileType = sourcecode.swift; path = foam_cross_platform_TopicClass.swift; sourceTree = "<group>"; };
		10EAC438237F251400FD7C98 /* foam_core_BooleanProperty.swift */ = {isa = PBXFileReference; fileEncoding = 4; lastKnownFileType = sourcecode.swift; path = foam_core_BooleanProperty.swift; sourceTree = "<group>"; };
		10EAC439237F251400FD7C98 /* foam_cross_platform_Topic.swift */ = {isa = PBXFileReference; fileEncoding = 4; lastKnownFileType = sourcecode.swift; path = foam_cross_platform_Topic.swift; sourceTree = "<group>"; };
		10EAC43A237F251400FD7C98 /* demo_Reaction.swift */ = {isa = PBXFileReference; fileEncoding = 4; lastKnownFileType = sourcecode.swift; path = demo_Reaction.swift; sourceTree = "<group>"; };
		10EAC43B237F251400FD7C98 /* foam_core_MapProperty.swift */ = {isa = PBXFileReference; fileEncoding = 4; lastKnownFileType = sourcecode.swift; path = foam_core_MapProperty.swift; sourceTree = "<group>"; };
		10EAC43C237F251400FD7C98 /* foam_mlang_order_Comparator.swift */ = {isa = PBXFileReference; fileEncoding = 4; lastKnownFileType = sourcecode.swift; path = foam_mlang_order_Comparator.swift; sourceTree = "<group>"; };
		10EAC43D237F251400FD7C98 /* foam_core_StringProperty.swift */ = {isa = PBXFileReference; fileEncoding = 4; lastKnownFileType = sourcecode.swift; path = foam_core_StringProperty.swift; sourceTree = "<group>"; };
		10EAC43E237F251400FD7C98 /* foam_cross_platform_code_generation_refines_TestAxiom.swift */ = {isa = PBXFileReference; fileEncoding = 4; lastKnownFileType = sourcecode.swift; path = foam_cross_platform_code_generation_refines_TestAxiom.swift; sourceTree = "<group>"; };
		10EAC43F237F251400FD7C98 /* foam_cross_platform_GenericFunction.swift */ = {isa = PBXFileReference; fileEncoding = 4; lastKnownFileType = sourcecode.swift; path = foam_cross_platform_GenericFunction.swift; sourceTree = "<group>"; };
		10EAC440237F251400FD7C98 /* foam_cross_platform_type_FObjectType.swift */ = {isa = PBXFileReference; fileEncoding = 4; lastKnownFileType = sourcecode.swift; path = foam_cross_platform_type_FObjectType.swift; sourceTree = "<group>"; };
		10EAC441237F251400FD7C98 /* foam_cross_platform_type_Type.swift */ = {isa = PBXFileReference; fileEncoding = 4; lastKnownFileType = sourcecode.swift; path = foam_cross_platform_type_Type.swift; sourceTree = "<group>"; };
		10EAC442237F251400FD7C98 /* foam_parse_Grammar.swift */ = {isa = PBXFileReference; fileEncoding = 4; lastKnownFileType = sourcecode.swift; path = foam_parse_Grammar.swift; sourceTree = "<group>"; };
		10EAC443237F251400FD7C98 /* foam_u2_view_Formatter.swift */ = {isa = PBXFileReference; fileEncoding = 4; lastKnownFileType = sourcecode.swift; path = foam_u2_view_Formatter.swift; sourceTree = "<group>"; };
		10EAC444237F251400FD7C98 /* foam_swift_Argument.swift */ = {isa = PBXFileReference; fileEncoding = 4; lastKnownFileType = sourcecode.swift; path = foam_swift_Argument.swift; sourceTree = "<group>"; };
		10EAC445237F251400FD7C98 /* foam_core_StringArrayProperty.swift */ = {isa = PBXFileReference; fileEncoding = 4; lastKnownFileType = sourcecode.swift; path = foam_core_StringArrayProperty.swift; sourceTree = "<group>"; };
		10EAC446237F251400FD7C98 /* foam_core_PromiseProperty.swift */ = {isa = PBXFileReference; fileEncoding = 4; lastKnownFileType = sourcecode.swift; path = foam_core_PromiseProperty.swift; sourceTree = "<group>"; };
		10EAC447237F251400FD7C98 /* foam_cross_platform_FObjectClass.swift */ = {isa = PBXFileReference; fileEncoding = 4; lastKnownFileType = sourcecode.swift; path = foam_cross_platform_FObjectClass.swift; sourceTree = "<group>"; };
		10EAC448237F251400FD7C98 /* foam_mlang_predicate_PredicateClass.swift */ = {isa = PBXFileReference; fileEncoding = 4; lastKnownFileType = sourcecode.swift; path = foam_mlang_predicate_PredicateClass.swift; sourceTree = "<group>"; };
		10EAC449237F251400FD7C98 /* foam_core_Reaction.swift */ = {isa = PBXFileReference; fileEncoding = 4; lastKnownFileType = sourcecode.swift; path = foam_core_Reaction.swift; sourceTree = "<group>"; };
		10EAC44A237F251400FD7C98 /* foam_core_Static.swift */ = {isa = PBXFileReference; fileEncoding = 4; lastKnownFileType = sourcecode.swift; path = foam_core_Static.swift; sourceTree = "<group>"; };
		10EAC44B237F251400FD7C98 /* foam_dao_SQLStatement.swift */ = {isa = PBXFileReference; fileEncoding = 4; lastKnownFileType = sourcecode.swift; path = foam_dao_SQLStatement.swift; sourceTree = "<group>"; };
		10EAC44C237F251400FD7C98 /* foam_u2_view_FnFormatter.swift */ = {isa = PBXFileReference; fileEncoding = 4; lastKnownFileType = sourcecode.swift; path = foam_u2_view_FnFormatter.swift; sourceTree = "<group>"; };
		10EAC44D237F251400FD7C98 /* foam_core_AxiomArray.swift */ = {isa = PBXFileReference; fileEncoding = 4; lastKnownFileType = sourcecode.swift; path = foam_core_AxiomArray.swift; sourceTree = "<group>"; };
		10EAC44E237F251400FD7C98 /* foam_core_DateProperty.swift */ = {isa = PBXFileReference; fileEncoding = 4; lastKnownFileType = sourcecode.swift; path = foam_core_DateProperty.swift; sourceTree = "<group>"; };
		10EAC44F237F251400FD7C98 /* foam_core_ValidationPredicate.swift */ = {isa = PBXFileReference; fileEncoding = 4; lastKnownFileType = sourcecode.swift; path = foam_core_ValidationPredicate.swift; sourceTree = "<group>"; };
		10EAC450237F251400FD7C98 /* foam_core_AbstractInterfaceClass.swift */ = {isa = PBXFileReference; fileEncoding = 4; lastKnownFileType = sourcecode.swift; path = foam_core_AbstractInterfaceClass.swift; sourceTree = "<group>"; };
		10EAC451237F251400FD7C98 /* foam_cross_platform_SubTopic.swift */ = {isa = PBXFileReference; fileEncoding = 4; lastKnownFileType = sourcecode.swift; path = foam_cross_platform_SubTopic.swift; sourceTree = "<group>"; };
		10EAC452237F251400FD7C98 /* foam_cross_platform_ListenerClass.swift */ = {isa = PBXFileReference; fileEncoding = 4; lastKnownFileType = sourcecode.swift; path = foam_cross_platform_ListenerClass.swift; sourceTree = "<group>"; };
		10EAC453237F251400FD7C98 /* foam_templates_TemplateOutput.swift */ = {isa = PBXFileReference; fileEncoding = 4; lastKnownFileType = sourcecode.swift; path = foam_templates_TemplateOutput.swift; sourceTree = "<group>"; };
		10EAC454237F251400FD7C98 /* foam_core_internal_EnumValueAxiom.swift */ = {isa = PBXFileReference; fileEncoding = 4; lastKnownFileType = sourcecode.swift; path = foam_core_internal_EnumValueAxiom.swift; sourceTree = "<group>"; };
		10EAC455237F251400FD7C98 /* foam_core_InnerClass.swift */ = {isa = PBXFileReference; fileEncoding = 4; lastKnownFileType = sourcecode.swift; path = foam_core_InnerClass.swift; sourceTree = "<group>"; };
		10EAC456237F251400FD7C98 /* foam_core_Listener.swift */ = {isa = PBXFileReference; fileEncoding = 4; lastKnownFileType = sourcecode.swift; path = foam_core_Listener.swift; sourceTree = "<group>"; };
		10EAC457237F251400FD7C98 /* foam_lib_csv_CSVOutputter.swift */ = {isa = PBXFileReference; fileEncoding = 4; lastKnownFileType = sourcecode.swift; path = foam_lib_csv_CSVOutputter.swift; sourceTree = "<group>"; };
		10EAC458237F251400FD7C98 /* foam_core_ProxySub.swift */ = {isa = PBXFileReference; fileEncoding = 4; lastKnownFileType = sourcecode.swift; path = foam_core_ProxySub.swift; sourceTree = "<group>"; };
		10EAC459237F251400FD7C98 /* foam_cross_platform_GenericFunctionClass.swift */ = {isa = PBXFileReference; fileEncoding = 4; lastKnownFileType = sourcecode.swift; path = foam_cross_platform_GenericFunctionClass.swift; sourceTree = "<group>"; };
		10EAC45A237F251400FD7C98 /* foam_core_internal_PropertySlot.swift */ = {isa = PBXFileReference; fileEncoding = 4; lastKnownFileType = sourcecode.swift; path = foam_core_internal_PropertySlot.swift; sourceTree = "<group>"; };
		10EAC45B237F251400FD7C98 /* foam_dao_SQLStatementClass.swift */ = {isa = PBXFileReference; fileEncoding = 4; lastKnownFileType = sourcecode.swift; path = foam_dao_SQLStatementClass.swift; sourceTree = "<group>"; };
		10EAC45C237F251400FD7C98 /* foam_lib_csv_ProxyCSVOutputter.swift */ = {isa = PBXFileReference; fileEncoding = 4; lastKnownFileType = sourcecode.swift; path = foam_lib_csv_ProxyCSVOutputter.swift; sourceTree = "<group>"; };
		10EAC45D237F251400FD7C98 /* foam_core_AbstractMethod.swift */ = {isa = PBXFileReference; fileEncoding = 4; lastKnownFileType = sourcecode.swift; path = foam_core_AbstractMethod.swift; sourceTree = "<group>"; };
		10EAC45E237F251400FD7C98 /* foam_parse_StringPStream.swift */ = {isa = PBXFileReference; fileEncoding = 4; lastKnownFileType = sourcecode.swift; path = foam_parse_StringPStream.swift; sourceTree = "<group>"; };
		10EAC45F237F251400FD7C98 /* foam_cross_platform_type_UnknownType.swift */ = {isa = PBXFileReference; fileEncoding = 4; lastKnownFileType = sourcecode.swift; path = foam_cross_platform_type_UnknownType.swift; sourceTree = "<group>"; };
		10EAC460237F251400FD7C98 /* foam_core_Topic.swift */ = {isa = PBXFileReference; fileEncoding = 4; lastKnownFileType = sourcecode.swift; path = foam_core_Topic.swift; sourceTree = "<group>"; };
		10EAC461237F251400FD7C98 /* foam_core_internal_Errors.swift */ = {isa = PBXFileReference; fileEncoding = 4; lastKnownFileType = sourcecode.swift; path = foam_core_internal_Errors.swift; sourceTree = "<group>"; };
		10EAC462237F251400FD7C98 /* foam_pattern_Singleton.swift */ = {isa = PBXFileReference; fileEncoding = 4; lastKnownFileType = sourcecode.swift; path = foam_pattern_Singleton.swift; sourceTree = "<group>"; };
		10EAC463237F251400FD7C98 /* foam_core_Slot.swift */ = {isa = PBXFileReference; fileEncoding = 4; lastKnownFileType = sourcecode.swift; path = foam_core_Slot.swift; sourceTree = "<group>"; };
		10EAC464237F251400FD7C98 /* foam_cross_platform_Context.swift */ = {isa = PBXFileReference; fileEncoding = 4; lastKnownFileType = sourcecode.swift; path = foam_cross_platform_Context.swift; sourceTree = "<group>"; };
		10EAC465237F251400FD7C98 /* demo_Person.swift */ = {isa = PBXFileReference; fileEncoding = 4; lastKnownFileType = sourcecode.swift; path = demo_Person.swift; sourceTree = "<group>"; };
		10EAC466237F251400FD7C98 /* foam_core_Requires.swift */ = {isa = PBXFileReference; fileEncoding = 4; lastKnownFileType = sourcecode.swift; path = foam_core_Requires.swift; sourceTree = "<group>"; };
		10EAC467237F251400FD7C98 /* foam_core_PromiseSlot.swift */ = {isa = PBXFileReference; fileEncoding = 4; lastKnownFileType = sourcecode.swift; path = foam_core_PromiseSlot.swift; sourceTree = "<group>"; };
		10EAC468237F251400FD7C98 /* foam_core_DetachableClass.swift */ = {isa = PBXFileReference; fileEncoding = 4; lastKnownFileType = sourcecode.swift; path = foam_core_DetachableClass.swift; sourceTree = "<group>"; };
		10EAC469237F251400FD7C98 /* foam_core_SlotInterface.swift */ = {isa = PBXFileReference; fileEncoding = 4; lastKnownFileType = sourcecode.swift; path = foam_core_SlotInterface.swift; sourceTree = "<group>"; };
		10EAC46A237F251400FD7C98 /* foam_templates_TemplateAxiom.swift */ = {isa = PBXFileReference; fileEncoding = 4; lastKnownFileType = sourcecode.swift; path = foam_templates_TemplateAxiom.swift; sourceTree = "<group>"; };
		10EAC46B237F251400FD7C98 /* foam_templates_TemplateUtil.swift */ = {isa = PBXFileReference; fileEncoding = 4; lastKnownFileType = sourcecode.swift; path = foam_templates_TemplateUtil.swift; sourceTree = "<group>"; };
		10EAC46C237F251400FD7C98 /* foam_core_ClassProperty.swift */ = {isa = PBXFileReference; fileEncoding = 4; lastKnownFileType = sourcecode.swift; path = foam_core_ClassProperty.swift; sourceTree = "<group>"; };
		10EAC46D237F251400FD7C98 /* foam_cross_platform_type_ArrayType.swift */ = {isa = PBXFileReference; fileEncoding = 4; lastKnownFileType = sourcecode.swift; path = foam_cross_platform_type_ArrayType.swift; sourceTree = "<group>"; };
		10EAC46E237F251400FD7C98 /* foam_cross_platform_Promise.swift */ = {isa = PBXFileReference; fileEncoding = 4; lastKnownFileType = sourcecode.swift; path = foam_cross_platform_Promise.swift; sourceTree = "<group>"; };
		10EAC46F237F251400FD7C98 /* foam_u2_ViewSpec.swift */ = {isa = PBXFileReference; fileEncoding = 4; lastKnownFileType = sourcecode.swift; path = foam_u2_ViewSpec.swift; sourceTree = "<group>"; };
		10EAC470237F251400FD7C98 /* foam_cross_platform_NullFunction.swift */ = {isa = PBXFileReference; fileEncoding = 4; lastKnownFileType = sourcecode.swift; path = foam_cross_platform_NullFunction.swift; sourceTree = "<group>"; };
		10EAC471237F251400FD7C98 /* foam_cross_platform_type_TypeClass.swift */ = {isa = PBXFileReference; fileEncoding = 4; lastKnownFileType = sourcecode.swift; path = foam_cross_platform_type_TypeClass.swift; sourceTree = "<group>"; };
		10EAC472237F251400FD7C98 /* foam_swift_SwiftTypeProperty.swift */ = {isa = PBXFileReference; fileEncoding = 4; lastKnownFileType = sourcecode.swift; path = foam_swift_SwiftTypeProperty.swift; sourceTree = "<group>"; };
		10EAC473237F251400FD7C98 /* foam_core_Method.swift */ = {isa = PBXFileReference; fileEncoding = 4; lastKnownFileType = sourcecode.swift; path = foam_core_Method.swift; sourceTree = "<group>"; };
		10EAC474237F251400FD7C98 /* foam_u2_view_FormatterClass.swift */ = {isa = PBXFileReference; fileEncoding = 4; lastKnownFileType = sourcecode.swift; path = foam_u2_view_FormatterClass.swift; sourceTree = "<group>"; };
		10EAC475237F251400FD7C98 /* foam_swift_AnonymousGenericFunction.swift */ = {isa = PBXFileReference; fileEncoding = 4; lastKnownFileType = sourcecode.swift; path = foam_swift_AnonymousGenericFunction.swift; sourceTree = "<group>"; };
		10EAC476237F251400FD7C98 /* foam_core_Enum.swift */ = {isa = PBXFileReference; fileEncoding = 4; lastKnownFileType = sourcecode.swift; path = foam_core_Enum.swift; sourceTree = "<group>"; };
		10EAC477237F251400FD7C98 /* foam_core_LongProperty.swift */ = {isa = PBXFileReference; fileEncoding = 4; lastKnownFileType = sourcecode.swift; path = foam_core_LongProperty.swift; sourceTree = "<group>"; };
		10EAC478237F251400FD7C98 /* foam_parse_ParserProperty.swift */ = {isa = PBXFileReference; fileEncoding = 4; lastKnownFileType = sourcecode.swift; path = foam_parse_ParserProperty.swift; sourceTree = "<group>"; };
		10EAC479237F251400FD7C98 /* foam_core_Model.swift */ = {isa = PBXFileReference; fileEncoding = 4; lastKnownFileType = sourcecode.swift; path = foam_core_Model.swift; sourceTree = "<group>"; };
		10EAC47A237F251400FD7C98 /* foam_cross_platform_FoamClass.swift */ = {isa = PBXFileReference; fileEncoding = 4; lastKnownFileType = sourcecode.swift; path = foam_cross_platform_FoamClass.swift; sourceTree = "<group>"; };
		10EAC47B237F251400FD7C98 /* foam_cross_platform_AbstractFObject.swift */ = {isa = PBXFileReference; fileEncoding = 4; lastKnownFileType = sourcecode.swift; path = foam_cross_platform_AbstractFObject.swift; sourceTree = "<group>"; };
		10EAC47C237F251400FD7C98 /* foam_core_SlotInterfaceClass.swift */ = {isa = PBXFileReference; fileEncoding = 4; lastKnownFileType = sourcecode.swift; path = foam_core_SlotInterfaceClass.swift; sourceTree = "<group>"; };
		10EAC47D237F251400FD7C98 /* foam_core_Proxy.swift */ = {isa = PBXFileReference; fileEncoding = 4; lastKnownFileType = sourcecode.swift; path = foam_core_Proxy.swift; sourceTree = "<group>"; };
		10EAC47E237F251400FD7C98 /* demo_Tests.swift */ = {isa = PBXFileReference; fileEncoding = 4; lastKnownFileType = sourcecode.swift; path = demo_Tests.swift; sourceTree = "<group>"; };
		10EAC47F237F251400FD7C98 /* foam_core_IntProperty.swift */ = {isa = PBXFileReference; fileEncoding = 4; lastKnownFileType = sourcecode.swift; path = foam_core_IntProperty.swift; sourceTree = "<group>"; };
		10EAC480237F251400FD7C98 /* foam_swift_AnonymousListener.swift */ = {isa = PBXFileReference; fileEncoding = 4; lastKnownFileType = sourcecode.swift; path = foam_swift_AnonymousListener.swift; sourceTree = "<group>"; };
		10EAC481237F251400FD7C98 /* foam_core_Property.swift */ = {isa = PBXFileReference; fileEncoding = 4; lastKnownFileType = sourcecode.swift; path = foam_core_Property.swift; sourceTree = "<group>"; };
		10EAC482237F251400FD7C98 /* foam_core_AnonymousDetachable.swift */ = {isa = PBXFileReference; fileEncoding = 4; lastKnownFileType = sourcecode.swift; path = foam_core_AnonymousDetachable.swift; sourceTree = "<group>"; };
		10EAC483237F251400FD7C98 /* foam_core_ArrayProperty.swift */ = {isa = PBXFileReference; fileEncoding = 4; lastKnownFileType = sourcecode.swift; path = foam_core_ArrayProperty.swift; sourceTree = "<group>"; };
		10EAC484237F251400FD7C98 /* foam_core_EventProxy.swift */ = {isa = PBXFileReference; fileEncoding = 4; lastKnownFileType = sourcecode.swift; path = foam_core_EventProxy.swift; sourceTree = "<group>"; };
		10EAC485237F251400FD7C98 /* foam_cross_platform_FObject.swift */ = {isa = PBXFileReference; fileEncoding = 4; lastKnownFileType = sourcecode.swift; path = foam_cross_platform_FObject.swift; sourceTree = "<group>"; };
		10EAC486237F251400FD7C98 /* foam_core_Simple.swift */ = {isa = PBXFileReference; fileEncoding = 4; lastKnownFileType = sourcecode.swift; path = foam_core_Simple.swift; sourceTree = "<group>"; };
		10EAC487237F251400FD7C98 /* foam_parse_ParserWithAction.swift */ = {isa = PBXFileReference; fileEncoding = 4; lastKnownFileType = sourcecode.swift; path = foam_parse_ParserWithAction.swift; sourceTree = "<group>"; };
		10EAC488237F251400FD7C98 /* foam_lib_csv_CSVOutputterClass.swift */ = {isa = PBXFileReference; fileEncoding = 4; lastKnownFileType = sourcecode.swift; path = foam_lib_csv_CSVOutputterClass.swift; sourceTree = "<group>"; };
		10EAC489237F251400FD7C98 /* foam_core_ProxiedMethod.swift */ = {isa = PBXFileReference; fileEncoding = 4; lastKnownFileType = sourcecode.swift; path = foam_core_ProxiedMethod.swift; sourceTree = "<group>"; };
		10EAC48A237F251400FD7C98 /* foam_cross_platform_Lib.swift */ = {isa = PBXFileReference; fileEncoding = 4; lastKnownFileType = sourcecode.swift; path = foam_cross_platform_Lib.swift; sourceTree = "<group>"; };
		10EAC48B237F251400FD7C98 /* foam_core_FObjectProperty.swift */ = {isa = PBXFileReference; fileEncoding = 4; lastKnownFileType = sourcecode.swift; path = foam_core_FObjectProperty.swift; sourceTree = "<group>"; };
		10EAC48C237F251400FD7C98 /* foam_core_Argument.swift */ = {isa = PBXFileReference; fileEncoding = 4; lastKnownFileType = sourcecode.swift; path = foam_core_Argument.swift; sourceTree = "<group>"; };
		10EAC48D237F251400FD7C98 /* foam_mlang_order_ComparatorClass.swift */ = {isa = PBXFileReference; fileEncoding = 4; lastKnownFileType = sourcecode.swift; path = foam_mlang_order_ComparatorClass.swift; sourceTree = "<group>"; };
		10EAC48E237F251400FD7C98 /* foam_cross_platform_Listener.swift */ = {isa = PBXFileReference; fileEncoding = 4; lastKnownFileType = sourcecode.swift; path = foam_cross_platform_Listener.swift; sourceTree = "<group>"; };
		10EAC48F237F251400FD7C98 /* foam_mlang_predicate_Predicate.swift */ = {isa = PBXFileReference; fileEncoding = 4; lastKnownFileType = sourcecode.swift; path = foam_mlang_predicate_Predicate.swift; sourceTree = "<group>"; };
		10EAC490237F251400FD7C98 /* foam_core_Constant.swift */ = {isa = PBXFileReference; fileEncoding = 4; lastKnownFileType = sourcecode.swift; path = foam_core_Constant.swift; sourceTree = "<group>"; };
		10EAC491237F251400FD7C98 /* foam_cross_platform_AsyncFunction.swift */ = {isa = PBXFileReference; fileEncoding = 4; lastKnownFileType = sourcecode.swift; path = foam_cross_platform_AsyncFunction.swift; sourceTree = "<group>"; };
		10EAC492237F251400FD7C98 /* foam_cross_platform_type_MapType.swift */ = {isa = PBXFileReference; fileEncoding = 4; lastKnownFileType = sourcecode.swift; path = foam_cross_platform_type_MapType.swift; sourceTree = "<group>"; };
		10EAC493237F251400FD7C98 /* foam_java_JavaImplements.swift */ = {isa = PBXFileReference; fileEncoding = 4; lastKnownFileType = sourcecode.swift; path = foam_java_JavaImplements.swift; sourceTree = "<group>"; };
		10EAC494237F251400FD7C98 /* foam_cross_platform_type_DateType.swift */ = {isa = PBXFileReference; fileEncoding = 4; lastKnownFileType = sourcecode.swift; path = foam_cross_platform_type_DateType.swift; sourceTree = "<group>"; };
		10EAC495237F251400FD7C98 /* foam_lib_csv_PrefixedCSVOutputter.swift */ = {isa = PBXFileReference; fileEncoding = 4; lastKnownFileType = sourcecode.swift; path = foam_lib_csv_PrefixedCSVOutputter.swift; sourceTree = "<group>"; };
		10EAC496237F251400FD7C98 /* foam_u2_TableColumns.swift */ = {isa = PBXFileReference; fileEncoding = 4; lastKnownFileType = sourcecode.swift; path = foam_u2_TableColumns.swift; sourceTree = "<group>"; };
		10EAC497237F251400FD7C98 /* foam_core_ExpressionSlot.swift */ = {isa = PBXFileReference; fileEncoding = 4; lastKnownFileType = sourcecode.swift; path = foam_core_ExpressionSlot.swift; sourceTree = "<group>"; };
		10EAC498237F251400FD7C98 /* foam_core_SimpleSlot.swift */ = {isa = PBXFileReference; fileEncoding = 4; lastKnownFileType = sourcecode.swift; path = foam_core_SimpleSlot.swift; sourceTree = "<group>"; };
		10EAC499237F251400FD7C98 /* foam_core_Implements.swift */ = {isa = PBXFileReference; fileEncoding = 4; lastKnownFileType = sourcecode.swift; path = foam_core_Implements.swift; sourceTree = "<group>"; };
		10EAC49A237F251400FD7C98 /* foam_core_FObjectArray.swift */ = {isa = PBXFileReference; fileEncoding = 4; lastKnownFileType = sourcecode.swift; path = foam_core_FObjectArray.swift; sourceTree = "<group>"; };
		10EAC49B237F251400FD7C98 /* foam_core_FunctionProperty.swift */ = {isa = PBXFileReference; fileEncoding = 4; lastKnownFileType = sourcecode.swift; path = foam_core_FunctionProperty.swift; sourceTree = "<group>"; };
		10EAC49C237F251400FD7C98 /* foam_cross_platform_type_StringType.swift */ = {isa = PBXFileReference; fileEncoding = 4; lastKnownFileType = sourcecode.swift; path = foam_cross_platform_type_StringType.swift; sourceTree = "<group>"; };
		10EAC49D237F251400FD7C98 /* foam_u2_Visibility.swift */ = {isa = PBXFileReference; fileEncoding = 4; lastKnownFileType = sourcecode.swift; path = foam_u2_Visibility.swift; sourceTree = "<group>"; };
		10EAC49E237F251400FD7C98 /* foam_parse_PSymbol.swift */ = {isa = PBXFileReference; fileEncoding = 4; lastKnownFileType = sourcecode.swift; path = foam_parse_PSymbol.swift; sourceTree = "<group>"; };
		10EAC49F237F251400FD7C98 /* foam_pattern_Faceted.swift */ = {isa = PBXFileReference; fileEncoding = 4; lastKnownFileType = sourcecode.swift; path = foam_pattern_Faceted.swift; sourceTree = "<group>"; };
		10EAC4A0237F251400FD7C98 /* foam_parse_ParserDecorator.swift */ = {isa = PBXFileReference; fileEncoding = 4; lastKnownFileType = sourcecode.swift; path = foam_parse_ParserDecorator.swift; sourceTree = "<group>"; };
		10EAC4A1237F251400FD7C98 /* foam_core_internal_InterfaceMethod.swift */ = {isa = PBXFileReference; fileEncoding = 4; lastKnownFileType = sourcecode.swift; path = foam_core_internal_InterfaceMethod.swift; sourceTree = "<group>"; };
		10EAC4A2237F251400FD7C98 /* foam_cross_platform_ProxyFunction.swift */ = {isa = PBXFileReference; fileEncoding = 4; lastKnownFileType = sourcecode.swift; path = foam_cross_platform_ProxyFunction.swift; sourceTree = "<group>"; };
		10EAC4A3237F251400FD7C98 /* foam_parse_ImperativeGrammar.swift */ = {isa = PBXFileReference; fileEncoding = 4; lastKnownFileType = sourcecode.swift; path = foam_parse_ImperativeGrammar.swift; sourceTree = "<group>"; };
		10EAC4A4237F251400FD7C98 /* foam_core_AbstractInterface.swift */ = {isa = PBXFileReference; fileEncoding = 4; lastKnownFileType = sourcecode.swift; path = foam_core_AbstractInterface.swift; sourceTree = "<group>"; };
		10EAC4A5237F251400FD7C98 /* foam_core_Detachable.swift */ = {isa = PBXFileReference; fileEncoding = 4; lastKnownFileType = sourcecode.swift; path = foam_core_Detachable.swift; sourceTree = "<group>"; };
		10EAC4A6237F251400FD7C98 /* foam_pattern_Multiton.swift */ = {isa = PBXFileReference; fileEncoding = 4; lastKnownFileType = sourcecode.swift; path = foam_pattern_Multiton.swift; sourceTree = "<group>"; };
		10EAC4A7237F251400FD7C98 /* foam_cross_platform_type_Util.swift */ = {isa = PBXFileReference; fileEncoding = 4; lastKnownFileType = sourcecode.swift; path = foam_cross_platform_type_Util.swift; sourceTree = "<group>"; };
		10EAC4A8237F251400FD7C98 /* foam_cross_platform_type_NumberType.swift */ = {isa = PBXFileReference; fileEncoding = 4; lastKnownFileType = sourcecode.swift; path = foam_cross_platform_type_NumberType.swift; sourceTree = "<group>"; };
/* End PBXFileReference section */

/* Begin PBXFrameworksBuildPhase section */
		108A0D65236FB42100D687D1 /* Frameworks */ = {
			isa = PBXFrameworksBuildPhase;
			buildActionMask = 2147483647;
			files = (
			);
			runOnlyForDeploymentPostprocessing = 0;
		};
		108A0D7B236FB42300D687D1 /* Frameworks */ = {
			isa = PBXFrameworksBuildPhase;
			buildActionMask = 2147483647;
			files = (
			);
			runOnlyForDeploymentPostprocessing = 0;
		};
		108A0D86236FB42400D687D1 /* Frameworks */ = {
			isa = PBXFrameworksBuildPhase;
			buildActionMask = 2147483647;
			files = (
			);
			runOnlyForDeploymentPostprocessing = 0;
		};
/* End PBXFrameworksBuildPhase section */

/* Begin PBXGroup section */
		108A0D5F236FB42100D687D1 = {
			isa = PBXGroup;
			children = (
				10EAC42D237F251400FD7C98 /* foam_gen */,
				10EAC41E237E6D4300FD7C98 /* foam_gen_test */,
				108A0D6A236FB42100D687D1 /* FOAM Demo App */,
				108A0D81236FB42300D687D1 /* FOAM Demo AppTests */,
				108A0D8C236FB42400D687D1 /* FOAM Demo AppUITests */,
				108A0D69236FB42100D687D1 /* Products */,
			);
			sourceTree = "<group>";
		};
		108A0D69236FB42100D687D1 /* Products */ = {
			isa = PBXGroup;
			children = (
				108A0D68236FB42100D687D1 /* FOAM Demo App.app */,
				108A0D7E236FB42300D687D1 /* FOAM Demo AppTests.xctest */,
				108A0D89236FB42400D687D1 /* FOAM Demo AppUITests.xctest */,
			);
			name = Products;
			sourceTree = "<group>";
		};
		108A0D6A236FB42100D687D1 /* FOAM Demo App */ = {
			isa = PBXGroup;
			children = (
				108A0D6B236FB42100D687D1 /* AppDelegate.swift */,
				108A0D6D236FB42100D687D1 /* SceneDelegate.swift */,
				108A0D6F236FB42100D687D1 /* ContentView.swift */,
				108A0D71236FB42300D687D1 /* Assets.xcassets */,
				108A0D76236FB42300D687D1 /* LaunchScreen.storyboard */,
				108A0D79236FB42300D687D1 /* Info.plist */,
				108A0D73236FB42300D687D1 /* Preview Content */,
			);
			path = "FOAM Demo App";
			sourceTree = "<group>";
		};
		108A0D73236FB42300D687D1 /* Preview Content */ = {
			isa = PBXGroup;
			children = (
				108A0D74236FB42300D687D1 /* Preview Assets.xcassets */,
			);
			path = "Preview Content";
			sourceTree = "<group>";
		};
		108A0D81236FB42300D687D1 /* FOAM Demo AppTests */ = {
			isa = PBXGroup;
			children = (
				108A0D82236FB42300D687D1 /* FOAM_Demo_AppTests.swift */,
				108A0D84236FB42400D687D1 /* Info.plist */,
			);
			path = "FOAM Demo AppTests";
			sourceTree = "<group>";
		};
		108A0D8C236FB42400D687D1 /* FOAM Demo AppUITests */ = {
			isa = PBXGroup;
			children = (
				108A0D8D236FB42400D687D1 /* FOAM_Demo_AppUITests.swift */,
				108A0D8F236FB42400D687D1 /* Info.plist */,
			);
			path = "FOAM Demo AppUITests";
			sourceTree = "<group>";
		};
		10EAC41E237E6D4300FD7C98 /* foam_gen_test */ = {
			isa = PBXGroup;
			children = (
				10EAC421237E708000FD7C98 /* test_demo_PersonTests.swift */,
				10EAC42B237F24A600FD7C98 /* test_demo_ReactionTests.swift */,
			);
			name = foam_gen_test;
			path = ../foam_gen_test;
			sourceTree = "<group>";
		};
		10EAC42D237F251400FD7C98 /* foam_gen */ = {
			isa = PBXGroup;
			children = (
				10EAC42E237F251400FD7C98 /* foam_core_AnonymousAxiom.swift */,
				10EAC42F237F251400FD7C98 /* foam_cross_platform_ContextClass.swift */,
				10EAC430237F251400FD7C98 /* foam_cross_platform_type_NullType.swift */,
				10EAC431237F251400FD7C98 /* foam_core_internal_SubSlot.swift */,
				10EAC432237F251400FD7C98 /* foam_cross_platform_type_BooleanType.swift */,
				10EAC433237F251400FD7C98 /* foam_u2_view_TableCellFormatter.swift */,
				10EAC434237F251400FD7C98 /* foam_layout_SectionAxiom.swift */,
				10EAC435237F251400FD7C98 /* foam_cross_platform_ListenerList.swift */,
				10EAC436237F251400FD7C98 /* foam_core_AbstractEnum.swift */,
				10EAC437237F251400FD7C98 /* foam_cross_platform_TopicClass.swift */,
				10EAC438237F251400FD7C98 /* foam_core_BooleanProperty.swift */,
				10EAC439237F251400FD7C98 /* foam_cross_platform_Topic.swift */,
				10EAC43A237F251400FD7C98 /* demo_Reaction.swift */,
				10EAC43B237F251400FD7C98 /* foam_core_MapProperty.swift */,
				10EAC43C237F251400FD7C98 /* foam_mlang_order_Comparator.swift */,
				10EAC43D237F251400FD7C98 /* foam_core_StringProperty.swift */,
				10EAC43E237F251400FD7C98 /* foam_cross_platform_code_generation_refines_TestAxiom.swift */,
				10EAC43F237F251400FD7C98 /* foam_cross_platform_GenericFunction.swift */,
				10EAC440237F251400FD7C98 /* foam_cross_platform_type_FObjectType.swift */,
				10EAC441237F251400FD7C98 /* foam_cross_platform_type_Type.swift */,
				10EAC442237F251400FD7C98 /* foam_parse_Grammar.swift */,
				10EAC443237F251400FD7C98 /* foam_u2_view_Formatter.swift */,
				10EAC444237F251400FD7C98 /* foam_swift_Argument.swift */,
				10EAC445237F251400FD7C98 /* foam_core_StringArrayProperty.swift */,
				10EAC446237F251400FD7C98 /* foam_core_PromiseProperty.swift */,
				10EAC447237F251400FD7C98 /* foam_cross_platform_FObjectClass.swift */,
				10EAC448237F251400FD7C98 /* foam_mlang_predicate_PredicateClass.swift */,
				10EAC449237F251400FD7C98 /* foam_core_Reaction.swift */,
				10EAC44A237F251400FD7C98 /* foam_core_Static.swift */,
				10EAC44B237F251400FD7C98 /* foam_dao_SQLStatement.swift */,
				10EAC44C237F251400FD7C98 /* foam_u2_view_FnFormatter.swift */,
				10EAC44D237F251400FD7C98 /* foam_core_AxiomArray.swift */,
				10EAC44E237F251400FD7C98 /* foam_core_DateProperty.swift */,
				10EAC44F237F251400FD7C98 /* foam_core_ValidationPredicate.swift */,
				10EAC450237F251400FD7C98 /* foam_core_AbstractInterfaceClass.swift */,
				10EAC451237F251400FD7C98 /* foam_cross_platform_SubTopic.swift */,
				10EAC452237F251400FD7C98 /* foam_cross_platform_ListenerClass.swift */,
				10EAC453237F251400FD7C98 /* foam_templates_TemplateOutput.swift */,
				10EAC454237F251400FD7C98 /* foam_core_internal_EnumValueAxiom.swift */,
				10EAC455237F251400FD7C98 /* foam_core_InnerClass.swift */,
				10EAC456237F251400FD7C98 /* foam_core_Listener.swift */,
				10EAC457237F251400FD7C98 /* foam_lib_csv_CSVOutputter.swift */,
				10EAC458237F251400FD7C98 /* foam_core_ProxySub.swift */,
				10EAC459237F251400FD7C98 /* foam_cross_platform_GenericFunctionClass.swift */,
				10EAC45A237F251400FD7C98 /* foam_core_internal_PropertySlot.swift */,
				10EAC45B237F251400FD7C98 /* foam_dao_SQLStatementClass.swift */,
				10EAC45C237F251400FD7C98 /* foam_lib_csv_ProxyCSVOutputter.swift */,
				10EAC45D237F251400FD7C98 /* foam_core_AbstractMethod.swift */,
				10EAC45E237F251400FD7C98 /* foam_parse_StringPStream.swift */,
				10EAC45F237F251400FD7C98 /* foam_cross_platform_type_UnknownType.swift */,
				10EAC460237F251400FD7C98 /* foam_core_Topic.swift */,
				10EAC461237F251400FD7C98 /* foam_core_internal_Errors.swift */,
				10EAC462237F251400FD7C98 /* foam_pattern_Singleton.swift */,
				10EAC463237F251400FD7C98 /* foam_core_Slot.swift */,
				10EAC464237F251400FD7C98 /* foam_cross_platform_Context.swift */,
				10EAC465237F251400FD7C98 /* demo_Person.swift */,
				10EAC466237F251400FD7C98 /* foam_core_Requires.swift */,
				10EAC467237F251400FD7C98 /* foam_core_PromiseSlot.swift */,
				10EAC468237F251400FD7C98 /* foam_core_DetachableClass.swift */,
				10EAC469237F251400FD7C98 /* foam_core_SlotInterface.swift */,
				10EAC46A237F251400FD7C98 /* foam_templates_TemplateAxiom.swift */,
				10EAC46B237F251400FD7C98 /* foam_templates_TemplateUtil.swift */,
				10EAC46C237F251400FD7C98 /* foam_core_ClassProperty.swift */,
				10EAC46D237F251400FD7C98 /* foam_cross_platform_type_ArrayType.swift */,
				10EAC46E237F251400FD7C98 /* foam_cross_platform_Promise.swift */,
				10EAC46F237F251400FD7C98 /* foam_u2_ViewSpec.swift */,
				10EAC470237F251400FD7C98 /* foam_cross_platform_NullFunction.swift */,
				10EAC471237F251400FD7C98 /* foam_cross_platform_type_TypeClass.swift */,
				10EAC472237F251400FD7C98 /* foam_swift_SwiftTypeProperty.swift */,
				10EAC473237F251400FD7C98 /* foam_core_Method.swift */,
				10EAC474237F251400FD7C98 /* foam_u2_view_FormatterClass.swift */,
				10EAC475237F251400FD7C98 /* foam_swift_AnonymousGenericFunction.swift */,
				10EAC476237F251400FD7C98 /* foam_core_Enum.swift */,
				10EAC477237F251400FD7C98 /* foam_core_LongProperty.swift */,
				10EAC478237F251400FD7C98 /* foam_parse_ParserProperty.swift */,
				10EAC479237F251400FD7C98 /* foam_core_Model.swift */,
				10EAC47A237F251400FD7C98 /* foam_cross_platform_FoamClass.swift */,
				10EAC47B237F251400FD7C98 /* foam_cross_platform_AbstractFObject.swift */,
				10EAC47C237F251400FD7C98 /* foam_core_SlotInterfaceClass.swift */,
				10EAC47D237F251400FD7C98 /* foam_core_Proxy.swift */,
				10EAC47E237F251400FD7C98 /* demo_Tests.swift */,
				10EAC47F237F251400FD7C98 /* foam_core_IntProperty.swift */,
				10EAC480237F251400FD7C98 /* foam_swift_AnonymousListener.swift */,
				10EAC481237F251400FD7C98 /* foam_core_Property.swift */,
				10EAC482237F251400FD7C98 /* foam_core_AnonymousDetachable.swift */,
				10EAC483237F251400FD7C98 /* foam_core_ArrayProperty.swift */,
				10EAC484237F251400FD7C98 /* foam_core_EventProxy.swift */,
				10EAC485237F251400FD7C98 /* foam_cross_platform_FObject.swift */,
				10EAC486237F251400FD7C98 /* foam_core_Simple.swift */,
				10EAC487237F251400FD7C98 /* foam_parse_ParserWithAction.swift */,
				10EAC488237F251400FD7C98 /* foam_lib_csv_CSVOutputterClass.swift */,
				10EAC489237F251400FD7C98 /* foam_core_ProxiedMethod.swift */,
				10EAC48A237F251400FD7C98 /* foam_cross_platform_Lib.swift */,
				10EAC48B237F251400FD7C98 /* foam_core_FObjectProperty.swift */,
				10EAC48C237F251400FD7C98 /* foam_core_Argument.swift */,
				10EAC48D237F251400FD7C98 /* foam_mlang_order_ComparatorClass.swift */,
				10EAC48E237F251400FD7C98 /* foam_cross_platform_Listener.swift */,
				10EAC48F237F251400FD7C98 /* foam_mlang_predicate_Predicate.swift */,
				10EAC490237F251400FD7C98 /* foam_core_Constant.swift */,
				10EAC491237F251400FD7C98 /* foam_cross_platform_AsyncFunction.swift */,
				10EAC492237F251400FD7C98 /* foam_cross_platform_type_MapType.swift */,
				10EAC493237F251400FD7C98 /* foam_java_JavaImplements.swift */,
				10EAC494237F251400FD7C98 /* foam_cross_platform_type_DateType.swift */,
				10EAC495237F251400FD7C98 /* foam_lib_csv_PrefixedCSVOutputter.swift */,
				10EAC496237F251400FD7C98 /* foam_u2_TableColumns.swift */,
				10EAC497237F251400FD7C98 /* foam_core_ExpressionSlot.swift */,
				10EAC498237F251400FD7C98 /* foam_core_SimpleSlot.swift */,
				10EAC499237F251400FD7C98 /* foam_core_Implements.swift */,
				10EAC49A237F251400FD7C98 /* foam_core_FObjectArray.swift */,
				10EAC49B237F251400FD7C98 /* foam_core_FunctionProperty.swift */,
				10EAC49C237F251400FD7C98 /* foam_cross_platform_type_StringType.swift */,
				10EAC49D237F251400FD7C98 /* foam_u2_Visibility.swift */,
				10EAC49E237F251400FD7C98 /* foam_parse_PSymbol.swift */,
				10EAC49F237F251400FD7C98 /* foam_pattern_Faceted.swift */,
				10EAC4A0237F251400FD7C98 /* foam_parse_ParserDecorator.swift */,
				10EAC4A1237F251400FD7C98 /* foam_core_internal_InterfaceMethod.swift */,
				10EAC4A2237F251400FD7C98 /* foam_cross_platform_ProxyFunction.swift */,
				10EAC4A3237F251400FD7C98 /* foam_parse_ImperativeGrammar.swift */,
				10EAC4A4237F251400FD7C98 /* foam_core_AbstractInterface.swift */,
				10EAC4A5237F251400FD7C98 /* foam_core_Detachable.swift */,
				10EAC4A6237F251400FD7C98 /* foam_pattern_Multiton.swift */,
				10EAC4A7237F251400FD7C98 /* foam_cross_platform_type_Util.swift */,
				10EAC4A8237F251400FD7C98 /* foam_cross_platform_type_NumberType.swift */,
			);
			name = foam_gen;
			path = ../foam_gen;
			sourceTree = "<group>";
		};
/* End PBXGroup section */

/* Begin PBXNativeTarget section */
		108A0D67236FB42100D687D1 /* FOAM Demo App */ = {
			isa = PBXNativeTarget;
			buildConfigurationList = 108A0D92236FB42400D687D1 /* Build configuration list for PBXNativeTarget "FOAM Demo App" */;
			buildPhases = (
				108A0D64236FB42100D687D1 /* Sources */,
				108A0D65236FB42100D687D1 /* Frameworks */,
				108A0D66236FB42100D687D1 /* Resources */,
			);
			buildRules = (
			);
			dependencies = (
			);
			name = "FOAM Demo App";
			productName = "FOAM Demo App";
			productReference = 108A0D68236FB42100D687D1 /* FOAM Demo App.app */;
			productType = "com.apple.product-type.application";
		};
		108A0D7D236FB42300D687D1 /* FOAM Demo AppTests */ = {
			isa = PBXNativeTarget;
			buildConfigurationList = 108A0D95236FB42400D687D1 /* Build configuration list for PBXNativeTarget "FOAM Demo AppTests" */;
			buildPhases = (
				108A0D7A236FB42300D687D1 /* Sources */,
				108A0D7B236FB42300D687D1 /* Frameworks */,
				108A0D7C236FB42300D687D1 /* Resources */,
			);
			buildRules = (
			);
			dependencies = (
				108A0D80236FB42300D687D1 /* PBXTargetDependency */,
			);
			name = "FOAM Demo AppTests";
			productName = "FOAM Demo AppTests";
			productReference = 108A0D7E236FB42300D687D1 /* FOAM Demo AppTests.xctest */;
			productType = "com.apple.product-type.bundle.unit-test";
		};
		108A0D88236FB42400D687D1 /* FOAM Demo AppUITests */ = {
			isa = PBXNativeTarget;
			buildConfigurationList = 108A0D98236FB42400D687D1 /* Build configuration list for PBXNativeTarget "FOAM Demo AppUITests" */;
			buildPhases = (
				108A0D85236FB42400D687D1 /* Sources */,
				108A0D86236FB42400D687D1 /* Frameworks */,
				108A0D87236FB42400D687D1 /* Resources */,
			);
			buildRules = (
			);
			dependencies = (
				108A0D8B236FB42400D687D1 /* PBXTargetDependency */,
			);
			name = "FOAM Demo AppUITests";
			productName = "FOAM Demo AppUITests";
			productReference = 108A0D89236FB42400D687D1 /* FOAM Demo AppUITests.xctest */;
			productType = "com.apple.product-type.bundle.ui-testing";
		};
/* End PBXNativeTarget section */

/* Begin PBXProject section */
		108A0D60236FB42100D687D1 /* Project object */ = {
			isa = PBXProject;
			attributes = {
				LastSwiftUpdateCheck = 1120;
				LastUpgradeCheck = 1120;
				TargetAttributes = {
					108A0D67236FB42100D687D1 = {
						CreatedOnToolsVersion = 11.2;
					};
					108A0D7D236FB42300D687D1 = {
						CreatedOnToolsVersion = 11.2;
						TestTargetID = 108A0D67236FB42100D687D1;
					};
					108A0D88236FB42400D687D1 = {
						CreatedOnToolsVersion = 11.2;
						TestTargetID = 108A0D67236FB42100D687D1;
					};
				};
			};
			buildConfigurationList = 108A0D63236FB42100D687D1 /* Build configuration list for PBXProject "FOAM Demo App" */;
			compatibilityVersion = "Xcode 9.3";
			developmentRegion = en;
			hasScannedForEncodings = 0;
			knownRegions = (
				en,
				Base,
			);
			mainGroup = 108A0D5F236FB42100D687D1;
			productRefGroup = 108A0D69236FB42100D687D1 /* Products */;
			projectDirPath = "";
			projectRoot = "";
			targets = (
				108A0D67236FB42100D687D1 /* FOAM Demo App */,
				108A0D7D236FB42300D687D1 /* FOAM Demo AppTests */,
				108A0D88236FB42400D687D1 /* FOAM Demo AppUITests */,
			);
		};
/* End PBXProject section */

/* Begin PBXResourcesBuildPhase section */
		108A0D66236FB42100D687D1 /* Resources */ = {
			isa = PBXResourcesBuildPhase;
			buildActionMask = 2147483647;
			files = (
				108A0D78236FB42300D687D1 /* LaunchScreen.storyboard in Resources */,
				108A0D75236FB42300D687D1 /* Preview Assets.xcassets in Resources */,
				108A0D72236FB42300D687D1 /* Assets.xcassets in Resources */,
			);
			runOnlyForDeploymentPostprocessing = 0;
		};
		108A0D7C236FB42300D687D1 /* Resources */ = {
			isa = PBXResourcesBuildPhase;
			buildActionMask = 2147483647;
			files = (
			);
			runOnlyForDeploymentPostprocessing = 0;
		};
		108A0D87236FB42400D687D1 /* Resources */ = {
			isa = PBXResourcesBuildPhase;
			buildActionMask = 2147483647;
			files = (
			);
			runOnlyForDeploymentPostprocessing = 0;
		};
/* End PBXResourcesBuildPhase section */

/* Begin PBXSourcesBuildPhase section */
		108A0D64236FB42100D687D1 /* Sources */ = {
			isa = PBXSourcesBuildPhase;
			buildActionMask = 2147483647;
			files = (
				108A0D6C236FB42100D687D1 /* AppDelegate.swift in Sources */,
				10EAC4DC237F251400FD7C98 /* foam_core_internal_Errors.swift in Sources */,
				10EAC4C8237F251400FD7C98 /* foam_core_AxiomArray.swift in Sources */,
				10EAC4E5237F251400FD7C98 /* foam_templates_TemplateAxiom.swift in Sources */,
				10EAC51A237F251400FD7C98 /* foam_pattern_Faceted.swift in Sources */,
				10EAC4D4237F251400FD7C98 /* foam_cross_platform_GenericFunctionClass.swift in Sources */,
				10EAC4AE237F251400FD7C98 /* foam_u2_view_TableCellFormatter.swift in Sources */,
				10EAC511237F251400FD7C98 /* foam_u2_TableColumns.swift in Sources */,
				10EAC509237F251400FD7C98 /* foam_cross_platform_Listener.swift in Sources */,
				10EAC51D237F251400FD7C98 /* foam_cross_platform_ProxyFunction.swift in Sources */,
				10EAC50B237F251400FD7C98 /* foam_core_Constant.swift in Sources */,
				10EAC4B4237F251400FD7C98 /* foam_cross_platform_Topic.swift in Sources */,
				10EAC518237F251400FD7C98 /* foam_u2_Visibility.swift in Sources */,
				10EAC514237F251400FD7C98 /* foam_core_Implements.swift in Sources */,
				10EAC4E8237F251400FD7C98 /* foam_cross_platform_type_ArrayType.swift in Sources */,
				10EAC4CE237F251400FD7C98 /* foam_templates_TemplateOutput.swift in Sources */,
				10EAC515237F251400FD7C98 /* foam_core_FObjectArray.swift in Sources */,
				10EAC50C237F251400FD7C98 /* foam_cross_platform_AsyncFunction.swift in Sources */,
				10EAC4C5237F251400FD7C98 /* foam_core_Static.swift in Sources */,
				10EAC4F7237F251400FD7C98 /* foam_core_SlotInterfaceClass.swift in Sources */,
				10EAC4BC237F251400FD7C98 /* foam_cross_platform_type_Type.swift in Sources */,
				10EAC502237F251400FD7C98 /* foam_parse_ParserWithAction.swift in Sources */,
				10EAC4FE237F251400FD7C98 /* foam_core_ArrayProperty.swift in Sources */,
				10EAC4ED237F251400FD7C98 /* foam_swift_SwiftTypeProperty.swift in Sources */,
				108A0D6E236FB42100D687D1 /* SceneDelegate.swift in Sources */,
				10EAC4BF237F251400FD7C98 /* foam_swift_Argument.swift in Sources */,
				10EAC500237F251400FD7C98 /* foam_cross_platform_FObject.swift in Sources */,
				10EAC519237F251400FD7C98 /* foam_parse_PSymbol.swift in Sources */,
				10EAC512237F251400FD7C98 /* foam_core_ExpressionSlot.swift in Sources */,
				10EAC4B8237F251400FD7C98 /* foam_core_StringProperty.swift in Sources */,
				10EAC4B6237F251400FD7C98 /* foam_core_MapProperty.swift in Sources */,
				10EAC50A237F251400FD7C98 /* foam_mlang_predicate_Predicate.swift in Sources */,
				10EAC506237F251400FD7C98 /* foam_core_FObjectProperty.swift in Sources */,
				10EAC4CA237F251400FD7C98 /* foam_core_ValidationPredicate.swift in Sources */,
				10EAC4FB237F251400FD7C98 /* foam_swift_AnonymousListener.swift in Sources */,
				10EAC522237F251400FD7C98 /* foam_cross_platform_type_Util.swift in Sources */,
				10EAC4D5237F251400FD7C98 /* foam_core_internal_PropertySlot.swift in Sources */,
				10EAC4BB237F251400FD7C98 /* foam_cross_platform_type_FObjectType.swift in Sources */,
				10EAC521237F251400FD7C98 /* foam_pattern_Multiton.swift in Sources */,
				10EAC4C3237F251400FD7C98 /* foam_mlang_predicate_PredicateClass.swift in Sources */,
				10EAC4E0237F251400FD7C98 /* demo_Person.swift in Sources */,
				10EAC4C7237F251400FD7C98 /* foam_u2_view_FnFormatter.swift in Sources */,
				10EAC4F2237F251400FD7C98 /* foam_core_LongProperty.swift in Sources */,
				10EAC50D237F251400FD7C98 /* foam_cross_platform_type_MapType.swift in Sources */,
				10EAC4BA237F251400FD7C98 /* foam_cross_platform_GenericFunction.swift in Sources */,
				10EAC4E9237F251400FD7C98 /* foam_cross_platform_Promise.swift in Sources */,
				10EAC4A9237F251400FD7C98 /* foam_core_AnonymousAxiom.swift in Sources */,
				10EAC513237F251400FD7C98 /* foam_core_SimpleSlot.swift in Sources */,
				10EAC4B9237F251400FD7C98 /* foam_cross_platform_code_generation_refines_TestAxiom.swift in Sources */,
				10EAC4C9237F251400FD7C98 /* foam_core_DateProperty.swift in Sources */,
				108A0D70236FB42100D687D1 /* ContentView.swift in Sources */,
				10EAC4CC237F251400FD7C98 /* foam_cross_platform_SubTopic.swift in Sources */,
				10EAC516237F251400FD7C98 /* foam_core_FunctionProperty.swift in Sources */,
				10EAC523237F251400FD7C98 /* foam_cross_platform_type_NumberType.swift in Sources */,
				10EAC4D6237F251400FD7C98 /* foam_dao_SQLStatementClass.swift in Sources */,
				10EAC520237F251400FD7C98 /* foam_core_Detachable.swift in Sources */,
				10EAC4DA237F251400FD7C98 /* foam_cross_platform_type_UnknownType.swift in Sources */,
				10EAC507237F251400FD7C98 /* foam_core_Argument.swift in Sources */,
				10EAC4AA237F251400FD7C98 /* foam_cross_platform_ContextClass.swift in Sources */,
				10EAC503237F251400FD7C98 /* foam_lib_csv_CSVOutputterClass.swift in Sources */,
				10EAC50F237F251400FD7C98 /* foam_cross_platform_type_DateType.swift in Sources */,
				10EAC4CD237F251400FD7C98 /* foam_cross_platform_ListenerClass.swift in Sources */,
				10EAC4FA237F251400FD7C98 /* foam_core_IntProperty.swift in Sources */,
				10EAC4BE237F251400FD7C98 /* foam_u2_view_Formatter.swift in Sources */,
				10EAC4FD237F251400FD7C98 /* foam_core_AnonymousDetachable.swift in Sources */,
				10EAC4B5237F251400FD7C98 /* demo_Reaction.swift in Sources */,
				10EAC4F8237F251400FD7C98 /* foam_core_Proxy.swift in Sources */,
				10EAC4E3237F251400FD7C98 /* foam_core_DetachableClass.swift in Sources */,
				10EAC51E237F251400FD7C98 /* foam_parse_ImperativeGrammar.swift in Sources */,
				10EAC51C237F251400FD7C98 /* foam_core_internal_InterfaceMethod.swift in Sources */,
				10EAC4CB237F251400FD7C98 /* foam_core_AbstractInterfaceClass.swift in Sources */,
				10EAC4F3237F251400FD7C98 /* foam_parse_ParserProperty.swift in Sources */,
				10EAC4B1237F251400FD7C98 /* foam_core_AbstractEnum.swift in Sources */,
				10EAC4F1237F251400FD7C98 /* foam_core_Enum.swift in Sources */,
				10EAC4FF237F251400FD7C98 /* foam_core_EventProxy.swift in Sources */,
				10EAC4E7237F251400FD7C98 /* foam_core_ClassProperty.swift in Sources */,
				10EAC4F6237F251400FD7C98 /* foam_cross_platform_AbstractFObject.swift in Sources */,
				10EAC4EA237F251400FD7C98 /* foam_u2_ViewSpec.swift in Sources */,
				10EAC4E4237F251400FD7C98 /* foam_core_SlotInterface.swift in Sources */,
				10EAC4AB237F251400FD7C98 /* foam_cross_platform_type_NullType.swift in Sources */,
				10EAC4B7237F251400FD7C98 /* foam_mlang_order_Comparator.swift in Sources */,
				10EAC4E6237F251400FD7C98 /* foam_templates_TemplateUtil.swift in Sources */,
				10EAC4DE237F251400FD7C98 /* foam_core_Slot.swift in Sources */,
				10EAC4F0237F251400FD7C98 /* foam_swift_AnonymousGenericFunction.swift in Sources */,
				10EAC4AC237F251400FD7C98 /* foam_core_internal_SubSlot.swift in Sources */,
				10EAC4E1237F251400FD7C98 /* foam_core_Requires.swift in Sources */,
				10EAC510237F251400FD7C98 /* foam_lib_csv_PrefixedCSVOutputter.swift in Sources */,
				10EAC508237F251400FD7C98 /* foam_mlang_order_ComparatorClass.swift in Sources */,
				10EAC505237F251400FD7C98 /* foam_cross_platform_Lib.swift in Sources */,
				10EAC51F237F251400FD7C98 /* foam_core_AbstractInterface.swift in Sources */,
				10EAC4C1237F251400FD7C98 /* foam_core_PromiseProperty.swift in Sources */,
				10EAC501237F251400FD7C98 /* foam_core_Simple.swift in Sources */,
				10EAC51B237F251400FD7C98 /* foam_parse_ParserDecorator.swift in Sources */,
				10EAC4B2237F251400FD7C98 /* foam_cross_platform_TopicClass.swift in Sources */,
				10EAC4CF237F251400FD7C98 /* foam_core_internal_EnumValueAxiom.swift in Sources */,
				10EAC4F5237F251400FD7C98 /* foam_cross_platform_FoamClass.swift in Sources */,
				10EAC4EF237F251400FD7C98 /* foam_u2_view_FormatterClass.swift in Sources */,
				10EAC4B0237F251400FD7C98 /* foam_cross_platform_ListenerList.swift in Sources */,
				10EAC4D2237F251400FD7C98 /* foam_lib_csv_CSVOutputter.swift in Sources */,
				10EAC4EB237F251400FD7C98 /* foam_cross_platform_NullFunction.swift in Sources */,
				10EAC4DB237F251400FD7C98 /* foam_core_Topic.swift in Sources */,
				10EAC4DD237F251400FD7C98 /* foam_pattern_Singleton.swift in Sources */,
				10EAC4D3237F251400FD7C98 /* foam_core_ProxySub.swift in Sources */,
				10EAC4C2237F251400FD7C98 /* foam_cross_platform_FObjectClass.swift in Sources */,
				10EAC4D9237F251400FD7C98 /* foam_parse_StringPStream.swift in Sources */,
				10EAC4E2237F251400FD7C98 /* foam_core_PromiseSlot.swift in Sources */,
				10EAC504237F251400FD7C98 /* foam_core_ProxiedMethod.swift in Sources */,
				10EAC4D1237F251400FD7C98 /* foam_core_Listener.swift in Sources */,
				10EAC4F4237F251400FD7C98 /* foam_core_Model.swift in Sources */,
				10EAC50E237F251400FD7C98 /* foam_java_JavaImplements.swift in Sources */,
				10EAC4B3237F251400FD7C98 /* foam_core_BooleanProperty.swift in Sources */,
				10EAC4DF237F251400FD7C98 /* foam_cross_platform_Context.swift in Sources */,
				10EAC4C0237F251400FD7C98 /* foam_core_StringArrayProperty.swift in Sources */,
				10EAC4FC237F251400FD7C98 /* foam_core_Property.swift in Sources */,
				10EAC4C6237F251400FD7C98 /* foam_dao_SQLStatement.swift in Sources */,
				10EAC517237F251400FD7C98 /* foam_cross_platform_type_StringType.swift in Sources */,
				10EAC4D7237F251400FD7C98 /* foam_lib_csv_ProxyCSVOutputter.swift in Sources */,
				10EAC4D8237F251400FD7C98 /* foam_core_AbstractMethod.swift in Sources */,
				10EAC4C4237F251400FD7C98 /* foam_core_Reaction.swift in Sources */,
				10EAC4EE237F251400FD7C98 /* foam_core_Method.swift in Sources */,
				10EAC4F9237F251400FD7C98 /* demo_Tests.swift in Sources */,
				10EAC4D0237F251400FD7C98 /* foam_core_InnerClass.swift in Sources */,
				10EAC4AD237F251400FD7C98 /* foam_cross_platform_type_BooleanType.swift in Sources */,
				10EAC4BD237F251400FD7C98 /* foam_parse_Grammar.swift in Sources */,
				10EAC4AF237F251400FD7C98 /* foam_layout_SectionAxiom.swift in Sources */,
				10EAC4EC237F251400FD7C98 /* foam_cross_platform_type_TypeClass.swift in Sources */,
			);
			runOnlyForDeploymentPostprocessing = 0;
		};
		108A0D7A236FB42300D687D1 /* Sources */ = {
			isa = PBXSourcesBuildPhase;
			buildActionMask = 2147483647;
			files = (
				108A0D83236FB42300D687D1 /* FOAM_Demo_AppTests.swift in Sources */,
				10EAC422237E708000FD7C98 /* test_demo_PersonTests.swift in Sources */,
				10EAC42C237F24A600FD7C98 /* test_demo_ReactionTests.swift in Sources */,
			);
			runOnlyForDeploymentPostprocessing = 0;
		};
		108A0D85236FB42400D687D1 /* Sources */ = {
			isa = PBXSourcesBuildPhase;
			buildActionMask = 2147483647;
			files = (
				108A0D8E236FB42400D687D1 /* FOAM_Demo_AppUITests.swift in Sources */,
			);
			runOnlyForDeploymentPostprocessing = 0;
		};
/* End PBXSourcesBuildPhase section */

/* Begin PBXTargetDependency section */
		108A0D80236FB42300D687D1 /* PBXTargetDependency */ = {
			isa = PBXTargetDependency;
			target = 108A0D67236FB42100D687D1 /* FOAM Demo App */;
			targetProxy = 108A0D7F236FB42300D687D1 /* PBXContainerItemProxy */;
		};
		108A0D8B236FB42400D687D1 /* PBXTargetDependency */ = {
			isa = PBXTargetDependency;
			target = 108A0D67236FB42100D687D1 /* FOAM Demo App */;
			targetProxy = 108A0D8A236FB42400D687D1 /* PBXContainerItemProxy */;
		};
/* End PBXTargetDependency section */

/* Begin PBXVariantGroup section */
		108A0D76236FB42300D687D1 /* LaunchScreen.storyboard */ = {
			isa = PBXVariantGroup;
			children = (
				108A0D77236FB42300D687D1 /* Base */,
			);
			name = LaunchScreen.storyboard;
			sourceTree = "<group>";
		};
/* End PBXVariantGroup section */

/* Begin XCBuildConfiguration section */
		108A0D90236FB42400D687D1 /* Debug */ = {
			isa = XCBuildConfiguration;
			buildSettings = {
				ALWAYS_SEARCH_USER_PATHS = NO;
				CLANG_ANALYZER_NONNULL = YES;
				CLANG_ANALYZER_NUMBER_OBJECT_CONVERSION = YES_AGGRESSIVE;
				CLANG_CXX_LANGUAGE_STANDARD = "gnu++14";
				CLANG_CXX_LIBRARY = "libc++";
				CLANG_ENABLE_MODULES = YES;
				CLANG_ENABLE_OBJC_ARC = YES;
				CLANG_ENABLE_OBJC_WEAK = YES;
				CLANG_WARN_BLOCK_CAPTURE_AUTORELEASING = YES;
				CLANG_WARN_BOOL_CONVERSION = YES;
				CLANG_WARN_COMMA = YES;
				CLANG_WARN_CONSTANT_CONVERSION = YES;
				CLANG_WARN_DEPRECATED_OBJC_IMPLEMENTATIONS = YES;
				CLANG_WARN_DIRECT_OBJC_ISA_USAGE = YES_ERROR;
				CLANG_WARN_DOCUMENTATION_COMMENTS = YES;
				CLANG_WARN_EMPTY_BODY = YES;
				CLANG_WARN_ENUM_CONVERSION = YES;
				CLANG_WARN_INFINITE_RECURSION = YES;
				CLANG_WARN_INT_CONVERSION = YES;
				CLANG_WARN_NON_LITERAL_NULL_CONVERSION = YES;
				CLANG_WARN_OBJC_IMPLICIT_RETAIN_SELF = YES;
				CLANG_WARN_OBJC_LITERAL_CONVERSION = YES;
				CLANG_WARN_OBJC_ROOT_CLASS = YES_ERROR;
				CLANG_WARN_RANGE_LOOP_ANALYSIS = YES;
				CLANG_WARN_STRICT_PROTOTYPES = YES;
				CLANG_WARN_SUSPICIOUS_MOVE = YES;
				CLANG_WARN_UNGUARDED_AVAILABILITY = YES_AGGRESSIVE;
				CLANG_WARN_UNREACHABLE_CODE = YES;
				CLANG_WARN__DUPLICATE_METHOD_MATCH = YES;
				COPY_PHASE_STRIP = NO;
				DEBUG_INFORMATION_FORMAT = dwarf;
				ENABLE_STRICT_OBJC_MSGSEND = YES;
				ENABLE_TESTABILITY = YES;
				GCC_C_LANGUAGE_STANDARD = gnu11;
				GCC_DYNAMIC_NO_PIC = NO;
				GCC_NO_COMMON_BLOCKS = YES;
				GCC_OPTIMIZATION_LEVEL = 0;
				GCC_PREPROCESSOR_DEFINITIONS = (
					"DEBUG=1",
					"$(inherited)",
				);
				GCC_WARN_64_TO_32_BIT_CONVERSION = YES;
				GCC_WARN_ABOUT_RETURN_TYPE = YES_ERROR;
				GCC_WARN_UNDECLARED_SELECTOR = YES;
				GCC_WARN_UNINITIALIZED_AUTOS = YES_AGGRESSIVE;
				GCC_WARN_UNUSED_FUNCTION = YES;
				GCC_WARN_UNUSED_VARIABLE = YES;
				IPHONEOS_DEPLOYMENT_TARGET = 13.2;
				MTL_ENABLE_DEBUG_INFO = INCLUDE_SOURCE;
				MTL_FAST_MATH = YES;
				ONLY_ACTIVE_ARCH = YES;
				SDKROOT = iphoneos;
				SWIFT_ACTIVE_COMPILATION_CONDITIONS = DEBUG;
				SWIFT_OPTIMIZATION_LEVEL = "-Onone";
			};
			name = Debug;
		};
		108A0D91236FB42400D687D1 /* Release */ = {
			isa = XCBuildConfiguration;
			buildSettings = {
				ALWAYS_SEARCH_USER_PATHS = NO;
				CLANG_ANALYZER_NONNULL = YES;
				CLANG_ANALYZER_NUMBER_OBJECT_CONVERSION = YES_AGGRESSIVE;
				CLANG_CXX_LANGUAGE_STANDARD = "gnu++14";
				CLANG_CXX_LIBRARY = "libc++";
				CLANG_ENABLE_MODULES = YES;
				CLANG_ENABLE_OBJC_ARC = YES;
				CLANG_ENABLE_OBJC_WEAK = YES;
				CLANG_WARN_BLOCK_CAPTURE_AUTORELEASING = YES;
				CLANG_WARN_BOOL_CONVERSION = YES;
				CLANG_WARN_COMMA = YES;
				CLANG_WARN_CONSTANT_CONVERSION = YES;
				CLANG_WARN_DEPRECATED_OBJC_IMPLEMENTATIONS = YES;
				CLANG_WARN_DIRECT_OBJC_ISA_USAGE = YES_ERROR;
				CLANG_WARN_DOCUMENTATION_COMMENTS = YES;
				CLANG_WARN_EMPTY_BODY = YES;
				CLANG_WARN_ENUM_CONVERSION = YES;
				CLANG_WARN_INFINITE_RECURSION = YES;
				CLANG_WARN_INT_CONVERSION = YES;
				CLANG_WARN_NON_LITERAL_NULL_CONVERSION = YES;
				CLANG_WARN_OBJC_IMPLICIT_RETAIN_SELF = YES;
				CLANG_WARN_OBJC_LITERAL_CONVERSION = YES;
				CLANG_WARN_OBJC_ROOT_CLASS = YES_ERROR;
				CLANG_WARN_RANGE_LOOP_ANALYSIS = YES;
				CLANG_WARN_STRICT_PROTOTYPES = YES;
				CLANG_WARN_SUSPICIOUS_MOVE = YES;
				CLANG_WARN_UNGUARDED_AVAILABILITY = YES_AGGRESSIVE;
				CLANG_WARN_UNREACHABLE_CODE = YES;
				CLANG_WARN__DUPLICATE_METHOD_MATCH = YES;
				COPY_PHASE_STRIP = NO;
				DEBUG_INFORMATION_FORMAT = "dwarf-with-dsym";
				ENABLE_NS_ASSERTIONS = NO;
				ENABLE_STRICT_OBJC_MSGSEND = YES;
				GCC_C_LANGUAGE_STANDARD = gnu11;
				GCC_NO_COMMON_BLOCKS = YES;
				GCC_WARN_64_TO_32_BIT_CONVERSION = YES;
				GCC_WARN_ABOUT_RETURN_TYPE = YES_ERROR;
				GCC_WARN_UNDECLARED_SELECTOR = YES;
				GCC_WARN_UNINITIALIZED_AUTOS = YES_AGGRESSIVE;
				GCC_WARN_UNUSED_FUNCTION = YES;
				GCC_WARN_UNUSED_VARIABLE = YES;
				IPHONEOS_DEPLOYMENT_TARGET = 13.2;
				MTL_ENABLE_DEBUG_INFO = NO;
				MTL_FAST_MATH = YES;
				SDKROOT = iphoneos;
				SWIFT_COMPILATION_MODE = wholemodule;
				SWIFT_OPTIMIZATION_LEVEL = "-O";
				VALIDATE_PRODUCT = YES;
			};
			name = Release;
		};
		108A0D93236FB42400D687D1 /* Debug */ = {
			isa = XCBuildConfiguration;
			buildSettings = {
				ASSETCATALOG_COMPILER_APPICON_NAME = AppIcon;
				CODE_SIGN_STYLE = Automatic;
				DEVELOPMENT_ASSET_PATHS = "\"FOAM Demo App/Preview Content\"";
				ENABLE_PREVIEWS = YES;
				INFOPLIST_FILE = "FOAM Demo App/Info.plist";
				LD_RUNPATH_SEARCH_PATHS = (
					"$(inherited)",
					"@executable_path/Frameworks",
				);
				PRODUCT_BUNDLE_IDENTIFIER = "demos.cross-platform.swift.FOAM-Demo-App";
				PRODUCT_NAME = "$(TARGET_NAME)";
				SWIFT_VERSION = 5.0;
				TARGETED_DEVICE_FAMILY = "1,2";
			};
			name = Debug;
		};
		108A0D94236FB42400D687D1 /* Release */ = {
			isa = XCBuildConfiguration;
			buildSettings = {
				ASSETCATALOG_COMPILER_APPICON_NAME = AppIcon;
				CODE_SIGN_STYLE = Automatic;
				DEVELOPMENT_ASSET_PATHS = "\"FOAM Demo App/Preview Content\"";
				ENABLE_PREVIEWS = YES;
				INFOPLIST_FILE = "FOAM Demo App/Info.plist";
				LD_RUNPATH_SEARCH_PATHS = (
					"$(inherited)",
					"@executable_path/Frameworks",
				);
				PRODUCT_BUNDLE_IDENTIFIER = "demos.cross-platform.swift.FOAM-Demo-App";
				PRODUCT_NAME = "$(TARGET_NAME)";
				SWIFT_VERSION = 5.0;
				TARGETED_DEVICE_FAMILY = "1,2";
			};
			name = Release;
		};
		108A0D96236FB42400D687D1 /* Debug */ = {
			isa = XCBuildConfiguration;
			buildSettings = {
				ALWAYS_EMBED_SWIFT_STANDARD_LIBRARIES = YES;
				BUNDLE_LOADER = "$(TEST_HOST)";
				CODE_SIGN_STYLE = Automatic;
				INFOPLIST_FILE = "FOAM Demo AppTests/Info.plist";
				IPHONEOS_DEPLOYMENT_TARGET = 13.2;
				LD_RUNPATH_SEARCH_PATHS = (
					"$(inherited)",
					"@executable_path/Frameworks",
					"@loader_path/Frameworks",
				);
				PRODUCT_BUNDLE_IDENTIFIER = "demos.cross-platform.swift.FOAM-Demo-AppTests";
				PRODUCT_NAME = "$(TARGET_NAME)";
				SWIFT_VERSION = 5.0;
				TARGETED_DEVICE_FAMILY = "1,2";
				TEST_HOST = "$(BUILT_PRODUCTS_DIR)/FOAM Demo App.app/FOAM Demo App";
			};
			name = Debug;
		};
		108A0D97236FB42400D687D1 /* Release */ = {
			isa = XCBuildConfiguration;
			buildSettings = {
				ALWAYS_EMBED_SWIFT_STANDARD_LIBRARIES = YES;
				BUNDLE_LOADER = "$(TEST_HOST)";
				CODE_SIGN_STYLE = Automatic;
				INFOPLIST_FILE = "FOAM Demo AppTests/Info.plist";
				IPHONEOS_DEPLOYMENT_TARGET = 13.2;
				LD_RUNPATH_SEARCH_PATHS = (
					"$(inherited)",
					"@executable_path/Frameworks",
					"@loader_path/Frameworks",
				);
				PRODUCT_BUNDLE_IDENTIFIER = "demos.cross-platform.swift.FOAM-Demo-AppTests";
				PRODUCT_NAME = "$(TARGET_NAME)";
				SWIFT_VERSION = 5.0;
				TARGETED_DEVICE_FAMILY = "1,2";
				TEST_HOST = "$(BUILT_PRODUCTS_DIR)/FOAM Demo App.app/FOAM Demo App";
			};
			name = Release;
		};
		108A0D99236FB42400D687D1 /* Debug */ = {
			isa = XCBuildConfiguration;
			buildSettings = {
				ALWAYS_EMBED_SWIFT_STANDARD_LIBRARIES = YES;
				CODE_SIGN_STYLE = Automatic;
				INFOPLIST_FILE = "FOAM Demo AppUITests/Info.plist";
				LD_RUNPATH_SEARCH_PATHS = (
					"$(inherited)",
					"@executable_path/Frameworks",
					"@loader_path/Frameworks",
				);
				PRODUCT_BUNDLE_IDENTIFIER = "demos.cross-platform.swift.FOAM-Demo-AppUITests";
				PRODUCT_NAME = "$(TARGET_NAME)";
				SWIFT_VERSION = 5.0;
				TARGETED_DEVICE_FAMILY = "1,2";
				TEST_TARGET_NAME = "FOAM Demo App";
			};
			name = Debug;
		};
		108A0D9A236FB42400D687D1 /* Release */ = {
			isa = XCBuildConfiguration;
			buildSettings = {
				ALWAYS_EMBED_SWIFT_STANDARD_LIBRARIES = YES;
				CODE_SIGN_STYLE = Automatic;
				INFOPLIST_FILE = "FOAM Demo AppUITests/Info.plist";
				LD_RUNPATH_SEARCH_PATHS = (
					"$(inherited)",
					"@executable_path/Frameworks",
					"@loader_path/Frameworks",
				);
				PRODUCT_BUNDLE_IDENTIFIER = "demos.cross-platform.swift.FOAM-Demo-AppUITests";
				PRODUCT_NAME = "$(TARGET_NAME)";
				SWIFT_VERSION = 5.0;
				TARGETED_DEVICE_FAMILY = "1,2";
				TEST_TARGET_NAME = "FOAM Demo App";
			};
			name = Release;
		};
/* End XCBuildConfiguration section */

/* Begin XCConfigurationList section */
		108A0D63236FB42100D687D1 /* Build configuration list for PBXProject "FOAM Demo App" */ = {
			isa = XCConfigurationList;
			buildConfigurations = (
				108A0D90236FB42400D687D1 /* Debug */,
				108A0D91236FB42400D687D1 /* Release */,
			);
			defaultConfigurationIsVisible = 0;
			defaultConfigurationName = Release;
		};
		108A0D92236FB42400D687D1 /* Build configuration list for PBXNativeTarget "FOAM Demo App" */ = {
			isa = XCConfigurationList;
			buildConfigurations = (
				108A0D93236FB42400D687D1 /* Debug */,
				108A0D94236FB42400D687D1 /* Release */,
			);
			defaultConfigurationIsVisible = 0;
			defaultConfigurationName = Release;
		};
		108A0D95236FB42400D687D1 /* Build configuration list for PBXNativeTarget "FOAM Demo AppTests" */ = {
			isa = XCConfigurationList;
			buildConfigurations = (
				108A0D96236FB42400D687D1 /* Debug */,
				108A0D97236FB42400D687D1 /* Release */,
			);
			defaultConfigurationIsVisible = 0;
			defaultConfigurationName = Release;
		};
		108A0D98236FB42400D687D1 /* Build configuration list for PBXNativeTarget "FOAM Demo AppUITests" */ = {
			isa = XCConfigurationList;
			buildConfigurations = (
				108A0D99236FB42400D687D1 /* Debug */,
				108A0D9A236FB42400D687D1 /* Release */,
			);
			defaultConfigurationIsVisible = 0;
			defaultConfigurationName = Release;
		};
/* End XCConfigurationList section */
	};
	rootObject = 108A0D60236FB42100D687D1 /* Project object */;
}
